// !$*UTF8*$!
{
	archiveVersion = 1;
	classes = {
	};
	objectVersion = 46;
	objects = {

/* Begin PBXFileReference section */
		C15C3CC11F2A77B900597452 /* Makefile */ = {isa = PBXFileReference; lastKnownFileType = sourcecode.make; path = Makefile; sourceTree = "<group>"; };
		C15C3CC21F2A77B900597452 /* test_boundaries.cpp */ = {isa = PBXFileReference; lastKnownFileType = sourcecode.cpp.cpp; path = test_boundaries.cpp; sourceTree = "<group>"; };
		C15C3CC31F2A77B900597452 /* test_compartments.cpp */ = {isa = PBXFileReference; lastKnownFileType = sourcecode.cpp.cpp; path = test_compartments.cpp; sourceTree = "<group>"; };
		C15C3CC41F2A77B900597452 /* test_composite.cpp */ = {isa = PBXFileReference; lastKnownFileType = sourcecode.cpp.cpp; path = test_composite.cpp; sourceTree = "<group>"; };
		C15C3CC51F2A77B900597452 /* test_geometry.cpp */ = {isa = PBXFileReference; lastKnownFileType = sourcecode.cpp.cpp; path = test_geometry.cpp; sourceTree = "<group>"; };
		C15C3CC61F2A77B900597452 /* test_gillespie.cpp */ = {isa = PBXFileReference; lastKnownFileType = sourcecode.cpp.cpp; path = test_gillespie.cpp; sourceTree = "<group>"; };
		C15C3CC71F2A77B900597452 /* test_gillespie_cross.cpp */ = {isa = PBXFileReference; lastKnownFileType = sourcecode.cpp.cpp; path = test_gillespie_cross.cpp; sourceTree = "<group>"; };
		C15C3CC81F2A77B900597452 /* test_nrm.cpp */ = {isa = PBXFileReference; lastKnownFileType = sourcecode.cpp.cpp; path = test_nrm.cpp; sourceTree = "<group>"; };
		C15C3CC91F2A77B900597452 /* test_reactions.cpp */ = {isa = PBXFileReference; lastKnownFileType = sourcecode.cpp.cpp; path = test_reactions.cpp; sourceTree = "<group>"; };
		C15C3CCA1F2A77B900597452 /* test_simple_gillespie.cpp */ = {isa = PBXFileReference; lastKnownFileType = sourcecode.cpp.cpp; path = test_simple_gillespie.cpp; sourceTree = "<group>"; };
		C15C3CCB1F2A77B900597452 /* test_species.cpp */ = {isa = PBXFileReference; lastKnownFileType = sourcecode.cpp.cpp; path = test_species.cpp; sourceTree = "<group>"; };
		C15C3CCC1F2A77B900597452 /* TESTS 2.xcodeproj */ = {isa = PBXFileReference; lastKnownFileType = "wrapper.pb-project"; path = "TESTS 2.xcodeproj"; sourceTree = "<group>"; };
		C15C3CCF1F2A77B900597452 /* TESTS.xcodeproj */ = {isa = PBXFileReference; lastKnownFileType = "wrapper.pb-project"; path = TESTS.xcodeproj; sourceTree = "<group>"; };
/* End PBXFileReference section */

/* Begin PBXGroup section */
		C15C3CBB1F2A77B900597452 = {
			isa = PBXGroup;
			children = (
				C15C3CC11F2A77B900597452 /* Makefile */,
				C15C3CC21F2A77B900597452 /* test_boundaries.cpp */,
				C15C3CC31F2A77B900597452 /* test_compartments.cpp */,
				C15C3CC41F2A77B900597452 /* test_composite.cpp */,
				C15C3CC51F2A77B900597452 /* test_geometry.cpp */,
				C15C3CC61F2A77B900597452 /* test_gillespie.cpp */,
				C15C3CC71F2A77B900597452 /* test_gillespie_cross.cpp */,
				C15C3CC81F2A77B900597452 /* test_nrm.cpp */,
				C15C3CC91F2A77B900597452 /* test_reactions.cpp */,
				C15C3CCA1F2A77B900597452 /* test_simple_gillespie.cpp */,
				C15C3CCB1F2A77B900597452 /* test_species.cpp */,
				C15C3CCC1F2A77B900597452 /* TESTS 2.xcodeproj */,
				C15C3CCF1F2A77B900597452 /* TESTS.xcodeproj */,
			);
			sourceTree = "<group>";
		};
		C15C3CCD1F2A77B900597452 /* Products */ = {
			isa = PBXGroup;
			children = (
			);
			name = Products;
			sourceTree = "<group>";
		};
		C15C3CD01F2A77B900597452 /* Products */ = {
			isa = PBXGroup;
			children = (
			);
			name = Products;
			sourceTree = "<group>";
		};
/* End PBXGroup section */

/* Begin PBXLegacyTarget section */
		C15C3CC01F2A77B900597452 /* TESTS */ = {
			isa = PBXLegacyTarget;
			buildArgumentsString = "$(ACTION)";
			buildConfigurationList = C15C3CD51F2A77B900597452 /* Build configuration list for PBXLegacyTarget "TESTS" */;
			buildPhases = (
			);
			buildToolPath = /usr/bin/make;
			buildWorkingDirectory = /Users/csfloyd/Desktop/MEDYANv3.1/src/TESTS;
			dependencies = (
			);
			name = TESTS;
			passBuildSettingsInEnvironment = 1;
			productName = TESTS;
		};
/* End PBXLegacyTarget section */

/* Begin PBXProject section */
		C15C3CBC1F2A77B900597452 /* Project object */ = {
			isa = PBXProject;
			attributes = {
			};
			buildConfigurationList = C15C3CBF1F2A77B900597452 /* Build configuration list for PBXProject "TESTS 3" */;
			compatibilityVersion = "Xcode 3.2";
			developmentRegion = English;
			hasScannedForEncodings = 0;
			knownRegions = (
				en,
			);
			mainGroup = C15C3CBB1F2A77B900597452;
			projectDirPath = "";
			projectReferences = (
				{
					ProductGroup = C15C3CCD1F2A77B900597452 /* Products */;
					ProjectRef = C15C3CCC1F2A77B900597452 /* TESTS 2.xcodeproj */;
				},
				{
					ProductGroup = C15C3CD01F2A77B900597452 /* Products */;
					ProjectRef = C15C3CCF1F2A77B900597452 /* TESTS.xcodeproj */;
				},
			);
			projectRoot = "";
			targets = (
				C15C3CC01F2A77B900597452 /* TESTS */,
			);
		};
/* End PBXProject section */

/* Begin XCBuildConfiguration section */
		C15C3CBD1F2A77B900597452 /* Debug */ = {
			isa = XCBuildConfiguration;
			buildSettings = {
				ARCHS = "$(ARCHS_STANDARD_32_BIT)";
				COPY_PHASE_STRIP = NO;
				GCC_WARN_ABOUT_RETURN_TYPE = YES;
				GCC_WARN_UNUSED_VARIABLE = YES;
				ONLY_ACTIVE_ARCH = YES;
				SDKROOT = macosx10.6;
			};
			name = Debug;
		};
		C15C3CBE1F2A77B900597452 /* Release */ = {
			isa = XCBuildConfiguration;
			buildSettings = {
				ARCHS = "$(ARCHS_STANDARD_32_BIT)";
				COPY_PHASE_STRIP = YES;
				GCC_WARN_ABOUT_RETURN_TYPE = YES;
				GCC_WARN_UNUSED_VARIABLE = YES;
				SDKROOT = macosx10.6;
			};
			name = Release;
		};
		C15C3CD61F2A77B900597452 /* Debug */ = {
			isa = XCBuildConfiguration;
			buildSettings = {
				COPY_PHASE_STRIP = NO;
				DEBUGGING_SYMBOLS = YES;
				GCC_DYNAMIC_NO_PIC = NO;
				GCC_ENABLE_FIX_AND_CONTINUE = YES;
				GCC_GENERATE_DEBUGGING_SYMBOLS = YES;
				GCC_OPTIMIZATION_LEVEL = 0;
				OTHER_CFLAGS = "";
				OTHER_LDFLAGS = "";
				PRODUCT_NAME = TESTS;
			};
			name = Debug;
		};
		C15C3CD71F2A77B900597452 /* Release */ = {
			isa = XCBuildConfiguration;
			buildSettings = {
				COPY_PHASE_STRIP = YES;
				DEBUG_INFORMATION_FORMAT = "dwarf-with-dsym";
				GCC_ENABLE_FIX_AND_CONTINUE = NO;
				OTHER_CFLAGS = "";
				OTHER_LDFLAGS = "";
				PRODUCT_NAME = TESTS;
			};
			name = Release;
		};
/* End XCBuildConfiguration section */

/* Begin XCConfigurationList section */
		C15C3CBF1F2A77B900597452 /* Build configuration list for PBXProject "TESTS 3" */ = {
			isa = XCConfigurationList;
			buildConfigurations = (
				C15C3CBD1F2A77B900597452 /* Debug */,
				C15C3CBE1F2A77B900597452 /* Release */,
			);
			defaultConfigurationIsVisible = 0;
			defaultConfigurationName = Release;
		};
		C15C3CD51F2A77B900597452 /* Build configuration list for PBXLegacyTarget "TESTS" */ = {
			isa = XCConfigurationList;
			buildConfigurations = (
				C15C3CD61F2A77B900597452 /* Debug */,
				C15C3CD71F2A77B900597452 /* Release */,
			);
			defaultConfigurationIsVisible = 0;
			defaultConfigurationName = Release;
		};
/* End XCConfigurationList section */
	};
	rootObject = C15C3CBC1F2A77B900597452 /* Project object */;
}
