// !$*UTF8*$!
{
	archiveVersion = 1;
	classes = {
	};
	objectVersion = 46;
	objects = {

/* Begin PBXBuildFile section */
		F763ED231548FFED0069DA61 /* Compartment.cpp in Sources */ = {isa = PBXBuildFile; fileRef = F763ED141548FFED0069DA61 /* Compartment.cpp */; };
		F763ED241548FFED0069DA61 /* main.cpp in Sources */ = {isa = PBXBuildFile; fileRef = F763ED161548FFED0069DA61 /* main.cpp */; };
		F763ED261548FFED0069DA61 /* ParseSystem.cpp in Sources */ = {isa = PBXBuildFile; fileRef = F763ED191548FFED0069DA61 /* ParseSystem.cpp */; };
		F763ED271548FFED0069DA61 /* Reaction.cpp in Sources */ = {isa = PBXBuildFile; fileRef = F763ED1B1548FFED0069DA61 /* Reaction.cpp */; };
		F763ED281548FFED0069DA61 /* Space.cpp in Sources */ = {isa = PBXBuildFile; fileRef = F763ED1D1548FFED0069DA61 /* Space.cpp */; };
		F763ED291548FFED0069DA61 /* Species.cpp in Sources */ = {isa = PBXBuildFile; fileRef = F763ED1F1548FFED0069DA61 /* Species.cpp */; };
		F763ED2A1548FFED0069DA61 /* System.cpp in Sources */ = {isa = PBXBuildFile; fileRef = F763ED211548FFED0069DA61 /* System.cpp */; };
/* End PBXBuildFile section */

/* Begin PBXCopyFilesBuildPhase section */
		F763ED041548FFC70069DA61 /* CopyFiles */ = {
			isa = PBXCopyFilesBuildPhase;
			buildActionMask = 2147483647;
			dstPath = /usr/share/man/man1/;
			dstSubfolderSpec = 0;
			files = (
			);
			runOnlyForDeploymentPostprocessing = 1;
		};
/* End PBXCopyFilesBuildPhase section */

/* Begin PBXFileReference section */
		F763ED061548FFC70069DA61 /* CytoSim */ = {isa = PBXFileReference; explicitFileType = "compiled.mach-o.executable"; includeInIndex = 0; path = CytoSim; sourceTree = BUILT_PRODUCTS_DIR; };
		F763ED131548FFED0069DA61 /* common.h */ = {isa = PBXFileReference; fileEncoding = 4; lastKnownFileType = sourcecode.c.h; path = common.h; sourceTree = "<group>"; };
		F763ED141548FFED0069DA61 /* Compartment.cpp */ = {isa = PBXFileReference; fileEncoding = 4; lastKnownFileType = sourcecode.cpp.cpp; path = Compartment.cpp; sourceTree = "<group>"; };
		F763ED151548FFED0069DA61 /* Compartment.h */ = {isa = PBXFileReference; fileEncoding = 4; lastKnownFileType = sourcecode.c.h; path = Compartment.h; sourceTree = "<group>"; };
		F763ED161548FFED0069DA61 /* main.cpp */ = {isa = PBXFileReference; fileEncoding = 4; lastKnownFileType = sourcecode.cpp.cpp; path = main.cpp; sourceTree = "<group>"; };
		F763ED181548FFED0069DA61 /* notes.txt */ = {isa = PBXFileReference; fileEncoding = 4; lastKnownFileType = text; path = notes.txt; sourceTree = "<group>"; };
		F763ED191548FFED0069DA61 /* ParseSystem.cpp */ = {isa = PBXFileReference; fileEncoding = 4; lastKnownFileType = sourcecode.cpp.cpp; path = ParseSystem.cpp; sourceTree = "<group>"; };
		F763ED1A1548FFED0069DA61 /* ParseSystem.h */ = {isa = PBXFileReference; fileEncoding = 4; lastKnownFileType = sourcecode.c.h; path = ParseSystem.h; sourceTree = "<group>"; };
		F763ED1B1548FFED0069DA61 /* Reaction.cpp */ = {isa = PBXFileReference; fileEncoding = 4; lastKnownFileType = sourcecode.cpp.cpp; path = Reaction.cpp; sourceTree = "<group>"; };
		F763ED1C1548FFED0069DA61 /* Reaction.h */ = {isa = PBXFileReference; fileEncoding = 4; lastKnownFileType = sourcecode.c.h; path = Reaction.h; sourceTree = "<group>"; };
		F763ED1D1548FFED0069DA61 /* Space.cpp */ = {isa = PBXFileReference; fileEncoding = 4; lastKnownFileType = sourcecode.cpp.cpp; path = Space.cpp; sourceTree = "<group>"; };
		F763ED1E1548FFED0069DA61 /* Space.h */ = {isa = PBXFileReference; fileEncoding = 4; lastKnownFileType = sourcecode.c.h; path = Space.h; sourceTree = "<group>"; };
		F763ED1F1548FFED0069DA61 /* Species.cpp */ = {isa = PBXFileReference; fileEncoding = 4; lastKnownFileType = sourcecode.cpp.cpp; path = Species.cpp; sourceTree = "<group>"; };
		F763ED201548FFED0069DA61 /* Species.h */ = {isa = PBXFileReference; fileEncoding = 4; lastKnownFileType = sourcecode.c.h; path = Species.h; sourceTree = "<group>"; };
		F763ED211548FFED0069DA61 /* System.cpp */ = {isa = PBXFileReference; fileEncoding = 4; lastKnownFileType = sourcecode.cpp.cpp; path = System.cpp; sourceTree = "<group>"; };
		F763ED221548FFED0069DA61 /* System.h */ = {isa = PBXFileReference; fileEncoding = 4; lastKnownFileType = sourcecode.c.h; path = System.h; sourceTree = "<group>"; };
/* End PBXFileReference section */

/* Begin PBXFrameworksBuildPhase section */
		F763ED031548FFC70069DA61 /* Frameworks */ = {
			isa = PBXFrameworksBuildPhase;
			buildActionMask = 2147483647;
			files = (
			);
			runOnlyForDeploymentPostprocessing = 0;
		};
/* End PBXFrameworksBuildPhase section */

/* Begin PBXGroup section */
		F763ECFB1548FFC70069DA61 = {
			isa = PBXGroup;
			children = (
				F763ED091548FFC70069DA61 /* CytoSim */,
				F763ED071548FFC70069DA61 /* Products */,
			);
			sourceTree = "<group>";
		};
		F763ED071548FFC70069DA61 /* Products */ = {
			isa = PBXGroup;
			children = (
				F763ED061548FFC70069DA61 /* CytoSim */,
			);
			name = Products;
			sourceTree = "<group>";
		};
		F763ED091548FFC70069DA61 /* CytoSim */ = {
			isa = PBXGroup;
			children = (
				F763ED131548FFED0069DA61 /* common.h */,
				F763ED141548FFED0069DA61 /* Compartment.cpp */,
				F763ED151548FFED0069DA61 /* Compartment.h */,
				F763ED161548FFED0069DA61 /* main.cpp */,
				F763ED181548FFED0069DA61 /* notes.txt */,
				F763ED191548FFED0069DA61 /* ParseSystem.cpp */,
				F763ED1A1548FFED0069DA61 /* ParseSystem.h */,
				F763ED1B1548FFED0069DA61 /* Reaction.cpp */,
				F763ED1C1548FFED0069DA61 /* Reaction.h */,
				F763ED1D1548FFED0069DA61 /* Space.cpp */,
				F763ED1E1548FFED0069DA61 /* Space.h */,
				F763ED1F1548FFED0069DA61 /* Species.cpp */,
				F763ED201548FFED0069DA61 /* Species.h */,
				F763ED211548FFED0069DA61 /* System.cpp */,
				F763ED221548FFED0069DA61 /* System.h */,
			);
			path = CytoSim;
			sourceTree = "<group>";
		};
/* End PBXGroup section */

/* Begin PBXNativeTarget section */
		F763ED051548FFC70069DA61 /* CytoSim */ = {
			isa = PBXNativeTarget;
			buildConfigurationList = F763ED101548FFC70069DA61 /* Build configuration list for PBXNativeTarget "CytoSim" */;
			buildPhases = (
				F763ED021548FFC70069DA61 /* Sources */,
				F763ED031548FFC70069DA61 /* Frameworks */,
				F763ED041548FFC70069DA61 /* CopyFiles */,
			);
			buildRules = (
			);
			dependencies = (
			);
			name = CytoSim;
			productName = CytoSim;
			productReference = F763ED061548FFC70069DA61 /* CytoSim */;
			productType = "com.apple.product-type.tool";
		};
/* End PBXNativeTarget section */

/* Begin PBXProject section */
		F763ECFD1548FFC70069DA61 /* Project object */ = {
			isa = PBXProject;
			attributes = {
				LastUpgradeCheck = 0430;
				ORGANIZATIONNAME = "University of Maryland";
			};
			buildConfigurationList = F763ED001548FFC70069DA61 /* Build configuration list for PBXProject "CytoSim" */;
			compatibilityVersion = "Xcode 3.2";
			developmentRegion = English;
			hasScannedForEncodings = 0;
			knownRegions = (
				en,
			);
			mainGroup = F763ECFB1548FFC70069DA61;
			productRefGroup = F763ED071548FFC70069DA61 /* Products */;
			projectDirPath = "";
			projectRoot = "";
			targets = (
				F763ED051548FFC70069DA61 /* CytoSim */,
			);
		};
/* End PBXProject section */

/* Begin PBXSourcesBuildPhase section */
		F763ED021548FFC70069DA61 /* Sources */ = {
			isa = PBXSourcesBuildPhase;
			buildActionMask = 2147483647;
			files = (
				F763ED231548FFED0069DA61 /* Compartment.cpp in Sources */,
				F763ED241548FFED0069DA61 /* main.cpp in Sources */,
				F763ED261548FFED0069DA61 /* ParseSystem.cpp in Sources */,
				F763ED271548FFED0069DA61 /* Reaction.cpp in Sources */,
				F763ED281548FFED0069DA61 /* Space.cpp in Sources */,
				F763ED291548FFED0069DA61 /* Species.cpp in Sources */,
				F763ED2A1548FFED0069DA61 /* System.cpp in Sources */,
			);
			runOnlyForDeploymentPostprocessing = 0;
		};
/* End PBXSourcesBuildPhase section */

/* Begin XCBuildConfiguration section */
		F763ED0E1548FFC70069DA61 /* Debug */ = {
			isa = XCBuildConfiguration;
			buildSettings = {
				ALWAYS_SEARCH_USER_PATHS = NO;
				ARCHS = "$(ARCHS_STANDARD_64_BIT)";
				COPY_PHASE_STRIP = NO;
				GCC_C_LANGUAGE_STANDARD = gnu99;
				GCC_DYNAMIC_NO_PIC = NO;
				GCC_ENABLE_OBJC_EXCEPTIONS = YES;
				GCC_OPTIMIZATION_LEVEL = 0;
				GCC_PREPROCESSOR_DEFINITIONS = (
					"DEBUG=1",
					"$(inherited)",
				);
				GCC_SYMBOLS_PRIVATE_EXTERN = NO;
				GCC_VERSION = com.apple.compilers.llvm.clang.1_0;
				GCC_WARN_64_TO_32_BIT_CONVERSION = YES;
				GCC_WARN_ABOUT_RETURN_TYPE = YES;
				GCC_WARN_UNINITIALIZED_AUTOS = YES;
				GCC_WARN_UNUSED_VARIABLE = YES;
				MACOSX_DEPLOYMENT_TARGET = 10.7;
				ONLY_ACTIVE_ARCH = YES;
				SDKROOT = macosx;
			};
			name = Debug;
		};
		F763ED0F1548FFC70069DA61 /* Release */ = {
			isa = XCBuildConfiguration;
			buildSettings = {
				ALWAYS_SEARCH_USER_PATHS = NO;
				ARCHS = "$(ARCHS_STANDARD_64_BIT)";
				COPY_PHASE_STRIP = YES;
				DEBUG_INFORMATION_FORMAT = "dwarf-with-dsym";
				GCC_C_LANGUAGE_STANDARD = gnu99;
				GCC_ENABLE_OBJC_EXCEPTIONS = YES;
				GCC_VERSION = com.apple.compilers.llvm.clang.1_0;
				GCC_WARN_64_TO_32_BIT_CONVERSION = YES;
				GCC_WARN_ABOUT_RETURN_TYPE = YES;
				GCC_WARN_UNINITIALIZED_AUTOS = YES;
				GCC_WARN_UNUSED_VARIABLE = YES;
				MACOSX_DEPLOYMENT_TARGET = 10.7;
				SDKROOT = macosx;
			};
			name = Release;
		};
		F763ED111548FFC70069DA61 /* Debug */ = {
			isa = XCBuildConfiguration;
			buildSettings = {
				GCC_VERSION = com.apple.compilers.llvm.gcc46;
				GCC_WARN_64_TO_32_BIT_CONVERSION = NO;
				HEADER_SEARCH_PATHS = /usr/local/include;
				OTHER_CFLAGS = "-std=c++11";
				PRODUCT_NAME = "$(TARGET_NAME)";
				USER_HEADER_SEARCH_PATHS = "";
			};
			name = Debug;
		};
		F763ED121548FFC70069DA61 /* Release */ = {
			isa = XCBuildConfiguration;
			buildSettings = {
				GCC_VERSION = com.apple.compilers.llvm.gcc46;
				GCC_WARN_64_TO_32_BIT_CONVERSION = NO;
				HEADER_SEARCH_PATHS = /usr/local/include;
				OTHER_CFLAGS = "-std=c++11";
				PRODUCT_NAME = "$(TARGET_NAME)";
				USER_HEADER_SEARCH_PATHS = "";
			};
			name = Release;
		};
/* End XCBuildConfiguration section */

/* Begin XCConfigurationList section */
		F763ED001548FFC70069DA61 /* Build configuration list for PBXProject "CytoSim" */ = {
			isa = XCConfigurationList;
			buildConfigurations = (
				F763ED0E1548FFC70069DA61 /* Debug */,
				F763ED0F1548FFC70069DA61 /* Release */,
			);
			defaultConfigurationIsVisible = 0;
			defaultConfigurationName = Release;
		};
		F763ED101548FFC70069DA61 /* Build configuration list for PBXNativeTarget "CytoSim" */ = {
			isa = XCConfigurationList;
			buildConfigurations = (
				F763ED111548FFC70069DA61 /* Debug */,
				F763ED121548FFC70069DA61 /* Release */,
			);
			defaultConfigurationIsVisible = 0;
			defaultConfigurationName = Release;
		};
/* End XCConfigurationList section */
	};
	rootObject = F763ECFD1548FFC70069DA61 /* Project object */;
}
