// !$*UTF8*$!
{
	archiveVersion = 1;
	classes = {
	};
	objectVersion = 46;
	objects = {

/* Begin PBXBuildFile section */
		F7013D8115D6C19D00A0428D /* ChemGillespieImpl.cpp in Sources */ = {isa = PBXBuildFile; fileRef = F7013D8015D6C19D00A0428D /* ChemGillespieImpl.cpp */; };
		F7013D8215D6C19D00A0428D /* ChemGillespieImpl.cpp in Sources */ = {isa = PBXBuildFile; fileRef = F7013D8015D6C19D00A0428D /* ChemGillespieImpl.cpp */; };
		F70174A015DD0C7C00AAA2AD /* ChemSimpleGillespieImpl.cpp in Sources */ = {isa = PBXBuildFile; fileRef = F701749F15DD0C7C00AAA2AD /* ChemSimpleGillespieImpl.cpp */; };
		F70174A115DD0C7C00AAA2AD /* ChemSimpleGillespieImpl.cpp in Sources */ = {isa = PBXBuildFile; fileRef = F701749F15DD0C7C00AAA2AD /* ChemSimpleGillespieImpl.cpp */; };
		F7123D8315752172008F64D1 /* example_misc.cpp in Sources */ = {isa = PBXBuildFile; fileRef = F7123D701575211E008F64D1 /* example_misc.cpp */; };
		F7123D841575217B008F64D1 /* libcyto.dylib in Frameworks */ = {isa = PBXBuildFile; fileRef = F771ADBB15655CD70010B123 /* libcyto.dylib */; };
		F71EAF1915B224210072EE4E /* common.cpp in Sources */ = {isa = PBXBuildFile; fileRef = F71EAF1815B224210072EE4E /* common.cpp */; };
		F71EAF1A15B224210072EE4E /* common.cpp in Sources */ = {isa = PBXBuildFile; fileRef = F71EAF1815B224210072EE4E /* common.cpp */; };
		F7346A8A1578206500326E09 /* Component.cpp in Sources */ = {isa = PBXBuildFile; fileRef = F7346A891578206500326E09 /* Component.cpp */; };
		F7346A8B1578206500326E09 /* Component.cpp in Sources */ = {isa = PBXBuildFile; fileRef = F7346A891578206500326E09 /* Component.cpp */; };
		F737B37F160961B1001722DD /* ReactionBase.cpp in Sources */ = {isa = PBXBuildFile; fileRef = F737B37D160961B1001722DD /* ReactionBase.cpp */; };
		F737B380160961B1001722DD /* ReactionBase.cpp in Sources */ = {isa = PBXBuildFile; fileRef = F737B37D160961B1001722DD /* ReactionBase.cpp */; };
		F737B381160961B1001722DD /* ReactionBase.h in Headers */ = {isa = PBXBuildFile; fileRef = F737B37E160961B1001722DD /* ReactionBase.h */; };
		F7382CD0156BE2F00022F97B /* RSpecies.cpp in Sources */ = {isa = PBXBuildFile; fileRef = F7382CCF156BE2F00022F97B /* RSpecies.cpp */; };
		F7382CD1156BE2F00022F97B /* RSpecies.cpp in Sources */ = {isa = PBXBuildFile; fileRef = F7382CCF156BE2F00022F97B /* RSpecies.cpp */; };
		F76148D115F79CE800587017 /* CompartmentContainer.cpp in Sources */ = {isa = PBXBuildFile; fileRef = F76148CF15F79CE800587017 /* CompartmentContainer.cpp */; };
		F76148D215F79CE800587017 /* CompartmentContainer.cpp in Sources */ = {isa = PBXBuildFile; fileRef = F76148CF15F79CE800587017 /* CompartmentContainer.cpp */; };
		F76148D315F79CE800587017 /* CompartmentContainer.h in Headers */ = {isa = PBXBuildFile; fileRef = F76148D015F79CE800587017 /* CompartmentContainer.h */; };
		F763ED231548FFED0069DA61 /* Compartment.cpp in Sources */ = {isa = PBXBuildFile; fileRef = F763ED141548FFED0069DA61 /* Compartment.cpp */; };
		F763ED241548FFED0069DA61 /* main.cpp in Sources */ = {isa = PBXBuildFile; fileRef = F763ED161548FFED0069DA61 /* main.cpp */; };
		F763ED271548FFED0069DA61 /* Reaction.cpp in Sources */ = {isa = PBXBuildFile; fileRef = F763ED1B1548FFED0069DA61 /* Reaction.cpp */; };
		F763ED291548FFED0069DA61 /* Species.cpp in Sources */ = {isa = PBXBuildFile; fileRef = F763ED1F1548FFED0069DA61 /* Species.cpp */; };
		F763ED2A1548FFED0069DA61 /* System.cpp in Sources */ = {isa = PBXBuildFile; fileRef = F763ED211548FFED0069DA61 /* System.cpp */; };
		F771ADBF15655DBA0010B123 /* ChemNRMImpl.cpp in Sources */ = {isa = PBXBuildFile; fileRef = F775C6B915576A8D008A9C87 /* ChemNRMImpl.cpp */; };
		F771ADC015655DBA0010B123 /* ChemSim.cpp in Sources */ = {isa = PBXBuildFile; fileRef = F7A924DA155BECD000AB05FA /* ChemSim.cpp */; };
		F771ADC115655DBA0010B123 /* Compartment.cpp in Sources */ = {isa = PBXBuildFile; fileRef = F763ED141548FFED0069DA61 /* Compartment.cpp */; };
		F771ADC415655DBA0010B123 /* Reaction.cpp in Sources */ = {isa = PBXBuildFile; fileRef = F763ED1B1548FFED0069DA61 /* Reaction.cpp */; };
		F771ADC615655DBA0010B123 /* Species.cpp in Sources */ = {isa = PBXBuildFile; fileRef = F763ED1F1548FFED0069DA61 /* Species.cpp */; };
		F771ADC715655DBA0010B123 /* System.cpp in Sources */ = {isa = PBXBuildFile; fileRef = F763ED211548FFED0069DA61 /* System.cpp */; };
		F775C6BA15576A8D008A9C87 /* ChemNRMImpl.cpp in Sources */ = {isa = PBXBuildFile; fileRef = F775C6B915576A8D008A9C87 /* ChemNRMImpl.cpp */; };
		F7A202D8194271C7005A9B5C /* gtest.framework in Frameworks */ = {isa = PBXBuildFile; fileRef = F7A202D7194271C7005A9B5C /* gtest.framework */; };
		F7A77DA715ACAC5700076046 /* libcyto.dylib in Frameworks */ = {isa = PBXBuildFile; fileRef = F771ADBB15655CD70010B123 /* libcyto.dylib */; };
		F7A77DAF15ACACA300076046 /* example_composite.cpp in Sources */ = {isa = PBXBuildFile; fileRef = F7A77DAE15ACACA300076046 /* example_composite.cpp */; };
		F7A8EEAD193F8C4900A52210 /* test_gillespie_cross.cpp in Sources */ = {isa = PBXBuildFile; fileRef = F7D98ED615E2613200CCD25E /* test_gillespie_cross.cpp */; };
		F7A8EEAF193F91A600A52210 /* test_visitor.cpp in Sources */ = {isa = PBXBuildFile; fileRef = F703AFD0160CAEA5006C1AC6 /* test_visitor.cpp */; };
		F7A8EEB0193F91A600A52210 /* test_composite.cpp in Sources */ = {isa = PBXBuildFile; fileRef = F703AFCD160C8E7A006C1AC6 /* test_composite.cpp */; };
		F7A8EEB1193F91A600A52210 /* test_species.cpp in Sources */ = {isa = PBXBuildFile; fileRef = F71E973D1565A79A002BDF16 /* test_species.cpp */; };
		F7A8EEB2193F91A600A52210 /* test_reactions.cpp in Sources */ = {isa = PBXBuildFile; fileRef = F71E97411565B01A002BDF16 /* test_reactions.cpp */; };
		F7A8EEB3193F91A600A52210 /* test_gillespie.cpp in Sources */ = {isa = PBXBuildFile; fileRef = F7672B5915B1B278000D412B /* test_gillespie.cpp */; };
		F7A8EEB4193F91A600A52210 /* test_nrm.cpp in Sources */ = {isa = PBXBuildFile; fileRef = F7DB0B2215D81A55009A8650 /* test_nrm.cpp */; };
		F7A8EEB5193F91A600A52210 /* test_simple_gillespie.cpp in Sources */ = {isa = PBXBuildFile; fileRef = F77A456A15DF78A2007BB95D /* test_simple_gillespie.cpp */; };
		F7A924DB155BECD000AB05FA /* ChemSim.cpp in Sources */ = {isa = PBXBuildFile; fileRef = F7A924DA155BECD000AB05FA /* ChemSim.cpp */; };
		F7B99A6E15EFBBE8004A245A /* SpeciesContainer.cpp in Sources */ = {isa = PBXBuildFile; fileRef = F7B99A6C15EFBBE7004A245A /* SpeciesContainer.cpp */; };
		F7B99A6F15EFBBE8004A245A /* SpeciesContainer.cpp in Sources */ = {isa = PBXBuildFile; fileRef = F7B99A6C15EFBBE7004A245A /* SpeciesContainer.cpp */; };
		F7B99A7015EFBBE8004A245A /* SpeciesContainer.h in Headers */ = {isa = PBXBuildFile; fileRef = F7B99A6D15EFBBE7004A245A /* SpeciesContainer.h */; };
		F7C7A0FB15FFBA9700DF9838 /* libcyto.dylib in Frameworks */ = {isa = PBXBuildFile; fileRef = F771ADBB15655CD70010B123 /* libcyto.dylib */; };
		F7E3DB5D1579A03C002EAF2C /* libcyto.dylib in Frameworks */ = {isa = PBXBuildFile; fileRef = F771ADBB15655CD70010B123 /* libcyto.dylib */; };
		F7E3DB641579A0F9002EAF2C /* example_kostya.cpp in Sources */ = {isa = PBXBuildFile; fileRef = F7E3DB5715799F85002EAF2C /* example_kostya.cpp */; };
		F7F3681E1575C743006727F7 /* Composite.cpp in Sources */ = {isa = PBXBuildFile; fileRef = F7F3681D1575C743006727F7 /* Composite.cpp */; };
		F7F3681F1575C743006727F7 /* Composite.cpp in Sources */ = {isa = PBXBuildFile; fileRef = F7F3681D1575C743006727F7 /* Composite.cpp */; };
/* End PBXBuildFile section */

/* Begin PBXCopyFilesBuildPhase section */
		F7123D7D15752161008F64D1 /* CopyFiles */ = {
			isa = PBXCopyFilesBuildPhase;
			buildActionMask = 2147483647;
			dstPath = /usr/share/man/man1/;
			dstSubfolderSpec = 0;
			files = (
			);
			runOnlyForDeploymentPostprocessing = 1;
		};
		F763ED041548FFC70069DA61 /* CopyFiles */ = {
			isa = PBXCopyFilesBuildPhase;
			buildActionMask = 2147483647;
			dstPath = /usr/share/man/man1/;
			dstSubfolderSpec = 0;
			files = (
			);
			runOnlyForDeploymentPostprocessing = 1;
		};
		F7A77DA815ACAC5700076046 /* CopyFiles */ = {
			isa = PBXCopyFilesBuildPhase;
			buildActionMask = 2147483647;
			dstPath = /usr/share/man/man1/;
			dstSubfolderSpec = 0;
			files = (
			);
			runOnlyForDeploymentPostprocessing = 1;
		};
		F7C7A0EF15FFBA3D00DF9838 /* CopyFiles */ = {
			isa = PBXCopyFilesBuildPhase;
			buildActionMask = 2147483647;
			dstPath = /usr/share/man/man1/;
			dstSubfolderSpec = 0;
			files = (
			);
			runOnlyForDeploymentPostprocessing = 1;
		};
		F7E3DB5E1579A03C002EAF2C /* CopyFiles */ = {
			isa = PBXCopyFilesBuildPhase;
			buildActionMask = 2147483647;
			dstPath = /usr/share/man/man1/;
			dstSubfolderSpec = 0;
			files = (
			);
			runOnlyForDeploymentPostprocessing = 1;
		};
/* End PBXCopyFilesBuildPhase section */

/* Begin PBXFileReference section */
		F7013D7E15D6C18800A0428D /* ChemGillespieImpl.h */ = {isa = PBXFileReference; lastKnownFileType = sourcecode.c.h; path = ChemGillespieImpl.h; sourceTree = "<group>"; };
		F7013D8015D6C19D00A0428D /* ChemGillespieImpl.cpp */ = {isa = PBXFileReference; fileEncoding = 4; lastKnownFileType = sourcecode.cpp.cpp; path = ChemGillespieImpl.cpp; sourceTree = "<group>"; };
		F701749D15DD0C5900AAA2AD /* ChemSimpleGillespieImpl.h */ = {isa = PBXFileReference; lastKnownFileType = sourcecode.c.h; path = ChemSimpleGillespieImpl.h; sourceTree = "<group>"; };
		F701749F15DD0C7C00AAA2AD /* ChemSimpleGillespieImpl.cpp */ = {isa = PBXFileReference; fileEncoding = 4; lastKnownFileType = sourcecode.cpp.cpp; path = ChemSimpleGillespieImpl.cpp; sourceTree = "<group>"; };
		F702A4581575237F00FF21FC /* Composite.h */ = {isa = PBXFileReference; lastKnownFileType = sourcecode.c.h; path = Composite.h; sourceTree = "<group>"; };
		F703AFCD160C8E7A006C1AC6 /* test_composite.cpp */ = {isa = PBXFileReference; fileEncoding = 4; lastKnownFileType = sourcecode.cpp.cpp; path = test_composite.cpp; sourceTree = "<group>"; };
		F703AFD0160CAEA5006C1AC6 /* test_visitor.cpp */ = {isa = PBXFileReference; fileEncoding = 4; lastKnownFileType = sourcecode.cpp.cpp; path = test_visitor.cpp; sourceTree = "<group>"; };
		F7123D701575211E008F64D1 /* example_misc.cpp */ = {isa = PBXFileReference; lastKnownFileType = sourcecode.cpp.cpp; path = example_misc.cpp; sourceTree = "<group>"; };
		F7123D8115752161008F64D1 /* example_misc */ = {isa = PBXFileReference; explicitFileType = "compiled.mach-o.executable"; includeInIndex = 0; path = example_misc; sourceTree = BUILT_PRODUCTS_DIR; };
		F71E973D1565A79A002BDF16 /* test_species.cpp */ = {isa = PBXFileReference; fileEncoding = 4; lastKnownFileType = sourcecode.cpp.cpp; path = test_species.cpp; sourceTree = "<group>"; };
		F71E97411565B01A002BDF16 /* test_reactions.cpp */ = {isa = PBXFileReference; fileEncoding = 4; lastKnownFileType = sourcecode.cpp.cpp; path = test_reactions.cpp; sourceTree = "<group>"; };
		F71EAF1815B224210072EE4E /* common.cpp */ = {isa = PBXFileReference; fileEncoding = 4; lastKnownFileType = sourcecode.cpp.cpp; path = common.cpp; sourceTree = "<group>"; };
		F7346A871578202600326E09 /* Component.h */ = {isa = PBXFileReference; lastKnownFileType = sourcecode.c.h; path = Component.h; sourceTree = "<group>"; };
		F7346A891578206500326E09 /* Component.cpp */ = {isa = PBXFileReference; fileEncoding = 4; lastKnownFileType = sourcecode.cpp.cpp; path = Component.cpp; sourceTree = "<group>"; };
		F737B37D160961B1001722DD /* ReactionBase.cpp */ = {isa = PBXFileReference; fileEncoding = 4; lastKnownFileType = sourcecode.cpp.cpp; path = ReactionBase.cpp; sourceTree = "<group>"; };
		F737B37E160961B1001722DD /* ReactionBase.h */ = {isa = PBXFileReference; fileEncoding = 4; lastKnownFileType = sourcecode.c.h; path = ReactionBase.h; sourceTree = "<group>"; };
		F7382CCD156BE2DA0022F97B /* RSpecies.h */ = {isa = PBXFileReference; lastKnownFileType = sourcecode.c.h; path = RSpecies.h; sourceTree = "<group>"; };
		F7382CCF156BE2F00022F97B /* RSpecies.cpp */ = {isa = PBXFileReference; fileEncoding = 4; lastKnownFileType = sourcecode.cpp.cpp; path = RSpecies.cpp; sourceTree = "<group>"; };
		F76148CF15F79CE800587017 /* CompartmentContainer.cpp */ = {isa = PBXFileReference; fileEncoding = 4; lastKnownFileType = sourcecode.cpp.cpp; path = CompartmentContainer.cpp; sourceTree = "<group>"; };
		F76148D015F79CE800587017 /* CompartmentContainer.h */ = {isa = PBXFileReference; fileEncoding = 4; lastKnownFileType = sourcecode.c.h; path = CompartmentContainer.h; sourceTree = "<group>"; };
		F763ED061548FFC70069DA61 /* CytoSim */ = {isa = PBXFileReference; explicitFileType = "compiled.mach-o.executable"; includeInIndex = 0; path = CytoSim; sourceTree = BUILT_PRODUCTS_DIR; };
		F763ED131548FFED0069DA61 /* common.h */ = {isa = PBXFileReference; fileEncoding = 4; lastKnownFileType = sourcecode.c.h; path = common.h; sourceTree = "<group>"; };
		F763ED141548FFED0069DA61 /* Compartment.cpp */ = {isa = PBXFileReference; fileEncoding = 4; lastKnownFileType = sourcecode.cpp.cpp; path = Compartment.cpp; sourceTree = "<group>"; };
		F763ED151548FFED0069DA61 /* Compartment.h */ = {isa = PBXFileReference; fileEncoding = 4; lastKnownFileType = sourcecode.c.h; path = Compartment.h; sourceTree = "<group>"; };
		F763ED161548FFED0069DA61 /* main.cpp */ = {isa = PBXFileReference; fileEncoding = 4; lastKnownFileType = sourcecode.cpp.cpp; path = main.cpp; sourceTree = "<group>"; };
		F763ED181548FFED0069DA61 /* notes.txt */ = {isa = PBXFileReference; fileEncoding = 4; lastKnownFileType = text; path = notes.txt; sourceTree = "<group>"; };
		F763ED1B1548FFED0069DA61 /* Reaction.cpp */ = {isa = PBXFileReference; fileEncoding = 4; lastKnownFileType = sourcecode.cpp.cpp; path = Reaction.cpp; sourceTree = "<group>"; };
		F763ED1C1548FFED0069DA61 /* Reaction.h */ = {isa = PBXFileReference; fileEncoding = 4; lastKnownFileType = sourcecode.c.h; path = Reaction.h; sourceTree = "<group>"; };
		F763ED1F1548FFED0069DA61 /* Species.cpp */ = {isa = PBXFileReference; fileEncoding = 4; lastKnownFileType = sourcecode.cpp.cpp; path = Species.cpp; sourceTree = "<group>"; };
		F763ED201548FFED0069DA61 /* Species.h */ = {isa = PBXFileReference; fileEncoding = 4; lastKnownFileType = sourcecode.c.h; path = Species.h; sourceTree = "<group>"; };
		F763ED211548FFED0069DA61 /* System.cpp */ = {isa = PBXFileReference; fileEncoding = 4; lastKnownFileType = sourcecode.cpp.cpp; path = System.cpp; sourceTree = "<group>"; };
		F763ED221548FFED0069DA61 /* System.h */ = {isa = PBXFileReference; fileEncoding = 4; lastKnownFileType = sourcecode.c.h; path = System.h; sourceTree = "<group>"; };
		F7672B5915B1B278000D412B /* test_gillespie.cpp */ = {isa = PBXFileReference; fileEncoding = 4; lastKnownFileType = sourcecode.cpp.cpp; path = test_gillespie.cpp; sourceTree = "<group>"; };
		F7672B5C15B1B4F1000D412B /* ChemSimImpl.h */ = {isa = PBXFileReference; lastKnownFileType = sourcecode.c.h; path = ChemSimImpl.h; sourceTree = "<group>"; };
		F7672B5D15B1CE9A000D412B /* ChemRNode.h */ = {isa = PBXFileReference; lastKnownFileType = sourcecode.c.h; path = ChemRNode.h; sourceTree = "<group>"; };
		F771ADBB15655CD70010B123 /* libcyto.dylib */ = {isa = PBXFileReference; explicitFileType = "compiled.mach-o.dylib"; includeInIndex = 0; path = libcyto.dylib; sourceTree = BUILT_PRODUCTS_DIR; };
		F775C6B715576A66008A9C87 /* ChemNRMImpl.h */ = {isa = PBXFileReference; fileEncoding = 4; lastKnownFileType = sourcecode.c.h; path = ChemNRMImpl.h; sourceTree = "<group>"; };
		F775C6B915576A8D008A9C87 /* ChemNRMImpl.cpp */ = {isa = PBXFileReference; fileEncoding = 4; lastKnownFileType = sourcecode.cpp.cpp; path = ChemNRMImpl.cpp; sourceTree = "<group>"; };
		F77A456A15DF78A2007BB95D /* test_simple_gillespie.cpp */ = {isa = PBXFileReference; fileEncoding = 4; lastKnownFileType = sourcecode.cpp.cpp; path = test_simple_gillespie.cpp; sourceTree = "<group>"; };
		F7A1DC0D157AD36A004C738D /* Visitor.h */ = {isa = PBXFileReference; lastKnownFileType = sourcecode.c.h; path = Visitor.h; sourceTree = "<group>"; };
		F7A202D7194271C7005A9B5C /* gtest.framework */ = {isa = PBXFileReference; lastKnownFileType = wrapper.framework; name = gtest.framework; path = ../googletest/gtest.framework; sourceTree = "<group>"; };
		F7A77DAC15ACAC5700076046 /* example_composite */ = {isa = PBXFileReference; explicitFileType = "compiled.mach-o.executable"; includeInIndex = 0; path = example_composite; sourceTree = BUILT_PRODUCTS_DIR; };
		F7A77DAE15ACACA300076046 /* example_composite.cpp */ = {isa = PBXFileReference; fileEncoding = 4; lastKnownFileType = sourcecode.cpp.cpp; path = example_composite.cpp; sourceTree = "<group>"; };
		F7A924DA155BECD000AB05FA /* ChemSim.cpp */ = {isa = PBXFileReference; fileEncoding = 4; lastKnownFileType = sourcecode.cpp.cpp; path = ChemSim.cpp; sourceTree = "<group>"; };
		F7AA4EFD1554B38B0069F7A1 /* utility.h */ = {isa = PBXFileReference; fileEncoding = 4; lastKnownFileType = sourcecode.c.h; path = utility.h; sourceTree = "<group>"; };
		F7B99A6C15EFBBE7004A245A /* SpeciesContainer.cpp */ = {isa = PBXFileReference; fileEncoding = 4; lastKnownFileType = sourcecode.cpp.cpp; path = SpeciesContainer.cpp; sourceTree = "<group>"; };
		F7B99A6D15EFBBE7004A245A /* SpeciesContainer.h */ = {isa = PBXFileReference; fileEncoding = 4; lastKnownFileType = sourcecode.c.h; path = SpeciesContainer.h; sourceTree = "<group>"; };
		F7BC9F59158E551400D75EA8 /* ToDo */ = {isa = PBXFileReference; lastKnownFileType = text; name = ToDo; path = ../ToDo; sourceTree = "<group>"; };
		F7BCA5B615F17EC800D690E4 /* ReactionContainer.h */ = {isa = PBXFileReference; lastKnownFileType = sourcecode.c.h; path = ReactionContainer.h; sourceTree = "<group>"; };
		F7BDDE83155231CE0053817E /* ChemSim.h */ = {isa = PBXFileReference; fileEncoding = 4; lastKnownFileType = sourcecode.c.h; path = ChemSim.h; sourceTree = "<group>"; };
		F7C7A0F315FFBA3D00DF9838 /* TestSuite */ = {isa = PBXFileReference; explicitFileType = "compiled.mach-o.executable"; includeInIndex = 0; path = TestSuite; sourceTree = BUILT_PRODUCTS_DIR; };
		F7D98ED615E2613200CCD25E /* test_gillespie_cross.cpp */ = {isa = PBXFileReference; fileEncoding = 4; lastKnownFileType = sourcecode.cpp.cpp; path = test_gillespie_cross.cpp; sourceTree = "<group>"; };
		F7DB0B2215D81A55009A8650 /* test_nrm.cpp */ = {isa = PBXFileReference; fileEncoding = 4; lastKnownFileType = sourcecode.cpp.cpp; path = test_nrm.cpp; sourceTree = "<group>"; };
		F7E3DB5715799F85002EAF2C /* example_kostya.cpp */ = {isa = PBXFileReference; lastKnownFileType = sourcecode.cpp.cpp; path = example_kostya.cpp; sourceTree = "<group>"; };
		F7E3DB621579A03C002EAF2C /* example_kostya */ = {isa = PBXFileReference; explicitFileType = "compiled.mach-o.executable"; includeInIndex = 0; path = example_kostya; sourceTree = BUILT_PRODUCTS_DIR; };
		F7E432D015FEDD3200C8EA50 /* Signaling.h */ = {isa = PBXFileReference; lastKnownFileType = sourcecode.c.h; name = Signaling.h; path = CytoSim/Signaling.h; sourceTree = SOURCE_ROOT; };
		F7F3681D1575C743006727F7 /* Composite.cpp */ = {isa = PBXFileReference; fileEncoding = 4; lastKnownFileType = sourcecode.cpp.cpp; path = Composite.cpp; sourceTree = "<group>"; };
/* End PBXFileReference section */

/* Begin PBXFrameworksBuildPhase section */
		F7123D7C15752161008F64D1 /* Frameworks */ = {
			isa = PBXFrameworksBuildPhase;
			buildActionMask = 2147483647;
			files = (
				F7123D841575217B008F64D1 /* libcyto.dylib in Frameworks */,
			);
			runOnlyForDeploymentPostprocessing = 0;
		};
		F763ED031548FFC70069DA61 /* Frameworks */ = {
			isa = PBXFrameworksBuildPhase;
			buildActionMask = 2147483647;
			files = (
			);
			runOnlyForDeploymentPostprocessing = 0;
		};
		F771ADB815655CD70010B123 /* Frameworks */ = {
			isa = PBXFrameworksBuildPhase;
			buildActionMask = 2147483647;
			files = (
			);
			runOnlyForDeploymentPostprocessing = 0;
		};
		F7A77DA615ACAC5700076046 /* Frameworks */ = {
			isa = PBXFrameworksBuildPhase;
			buildActionMask = 2147483647;
			files = (
				F7A77DA715ACAC5700076046 /* libcyto.dylib in Frameworks */,
			);
			runOnlyForDeploymentPostprocessing = 0;
		};
		F7C7A0EE15FFBA3D00DF9838 /* Frameworks */ = {
			isa = PBXFrameworksBuildPhase;
			buildActionMask = 2147483647;
			files = (
				F7A202D8194271C7005A9B5C /* gtest.framework in Frameworks */,
				F7C7A0FB15FFBA9700DF9838 /* libcyto.dylib in Frameworks */,
			);
			runOnlyForDeploymentPostprocessing = 0;
		};
		F7E3DB5C1579A03C002EAF2C /* Frameworks */ = {
			isa = PBXFrameworksBuildPhase;
			buildActionMask = 2147483647;
			files = (
				F7E3DB5D1579A03C002EAF2C /* libcyto.dylib in Frameworks */,
			);
			runOnlyForDeploymentPostprocessing = 0;
		};
/* End PBXFrameworksBuildPhase section */

/* Begin PBXGroup section */
		F71E973C1565A783002BDF16 /* TESTS */ = {
			isa = PBXGroup;
			children = (
				F703AFD0160CAEA5006C1AC6 /* test_visitor.cpp */,
				F703AFCD160C8E7A006C1AC6 /* test_composite.cpp */,
				F71E973D1565A79A002BDF16 /* test_species.cpp */,
				F71E97411565B01A002BDF16 /* test_reactions.cpp */,
				F7672B5915B1B278000D412B /* test_gillespie.cpp */,
				F7DB0B2215D81A55009A8650 /* test_nrm.cpp */,
				F77A456A15DF78A2007BB95D /* test_simple_gillespie.cpp */,
				F7D98ED615E2613200CCD25E /* test_gillespie_cross.cpp */,
			);
			path = TESTS;
			sourceTree = "<group>";
		};
		F763ECFB1548FFC70069DA61 = {
			isa = PBXGroup;
			children = (
				F7A202D7194271C7005A9B5C /* gtest.framework */,
				F763ED091548FFC70069DA61 /* CytoSim */,
				F763ED071548FFC70069DA61 /* Products */,
			);
			sourceTree = "<group>";
		};
		F763ED071548FFC70069DA61 /* Products */ = {
			isa = PBXGroup;
			children = (
				F763ED061548FFC70069DA61 /* CytoSim */,
				F771ADBB15655CD70010B123 /* libcyto.dylib */,
				F7123D8115752161008F64D1 /* example_misc */,
				F7E3DB621579A03C002EAF2C /* example_kostya */,
				F7A77DAC15ACAC5700076046 /* example_composite */,
				F7C7A0F315FFBA3D00DF9838 /* TestSuite */,
			);
			name = Products;
			sourceTree = "<group>";
		};
		F763ED091548FFC70069DA61 /* CytoSim */ = {
			isa = PBXGroup;
			children = (
				F7013D8015D6C19D00A0428D /* ChemGillespieImpl.cpp */,
				F7013D7E15D6C18800A0428D /* ChemGillespieImpl.h */,
				F775C6B915576A8D008A9C87 /* ChemNRMImpl.cpp */,
				F775C6B715576A66008A9C87 /* ChemNRMImpl.h */,
				F7672B5D15B1CE9A000D412B /* ChemRNode.h */,
				F7A924DA155BECD000AB05FA /* ChemSim.cpp */,
				F7BDDE83155231CE0053817E /* ChemSim.h */,
				F7672B5C15B1B4F1000D412B /* ChemSimImpl.h */,
				F701749F15DD0C7C00AAA2AD /* ChemSimpleGillespieImpl.cpp */,
				F701749D15DD0C5900AAA2AD /* ChemSimpleGillespieImpl.h */,
				F71EAF1815B224210072EE4E /* common.cpp */,
				F763ED131548FFED0069DA61 /* common.h */,
				F763ED141548FFED0069DA61 /* Compartment.cpp */,
				F763ED151548FFED0069DA61 /* Compartment.h */,
				F76148CF15F79CE800587017 /* CompartmentContainer.cpp */,
				F76148D015F79CE800587017 /* CompartmentContainer.h */,
				F7346A891578206500326E09 /* Component.cpp */,
				F7346A871578202600326E09 /* Component.h */,
				F7F3681D1575C743006727F7 /* Composite.cpp */,
				F702A4581575237F00FF21FC /* Composite.h */,
				F7A20C8F1566023100113920 /* EXAMPLES */,
				F763ED161548FFED0069DA61 /* main.cpp */,
				F763ED181548FFED0069DA61 /* notes.txt */,
				F763ED1B1548FFED0069DA61 /* Reaction.cpp */,
				F763ED1C1548FFED0069DA61 /* Reaction.h */,
				F737B37D160961B1001722DD /* ReactionBase.cpp */,
				F737B37E160961B1001722DD /* ReactionBase.h */,
				F7BCA5B615F17EC800D690E4 /* ReactionContainer.h */,
				F7382CCF156BE2F00022F97B /* RSpecies.cpp */,
				F7382CCD156BE2DA0022F97B /* RSpecies.h */,
				F763ED1F1548FFED0069DA61 /* Species.cpp */,
				F763ED201548FFED0069DA61 /* Species.h */,
				F7B99A6C15EFBBE7004A245A /* SpeciesContainer.cpp */,
				F7B99A6D15EFBBE7004A245A /* SpeciesContainer.h */,
				F763ED211548FFED0069DA61 /* System.cpp */,
				F7E432D015FEDD3200C8EA50 /* Signaling.h */,
				F763ED221548FFED0069DA61 /* System.h */,
				F71E973C1565A783002BDF16 /* TESTS */,
				F7BC9F59158E551400D75EA8 /* ToDo */,
				F7AA4EFD1554B38B0069F7A1 /* utility.h */,
				F7A1DC0D157AD36A004C738D /* Visitor.h */,
			);
			path = CytoSim;
			sourceTree = "<group>";
		};
		F7A20C8F1566023100113920 /* EXAMPLES */ = {
			isa = PBXGroup;
			children = (
				F7123D701575211E008F64D1 /* example_misc.cpp */,
				F7E3DB5715799F85002EAF2C /* example_kostya.cpp */,
				F7A77DAE15ACACA300076046 /* example_composite.cpp */,
			);
			path = EXAMPLES;
			sourceTree = "<group>";
		};
/* End PBXGroup section */

/* Begin PBXHeadersBuildPhase section */
		F771ADB915655CD70010B123 /* Headers */ = {
			isa = PBXHeadersBuildPhase;
			buildActionMask = 2147483647;
			files = (
				F7B99A7015EFBBE8004A245A /* SpeciesContainer.h in Headers */,
				F76148D315F79CE800587017 /* CompartmentContainer.h in Headers */,
				F737B381160961B1001722DD /* ReactionBase.h in Headers */,
			);
			runOnlyForDeploymentPostprocessing = 0;
		};
/* End PBXHeadersBuildPhase section */

/* Begin PBXNativeTarget section */
		F7123D7215752161008F64D1 /* example_misc */ = {
			isa = PBXNativeTarget;
			buildConfigurationList = F7123D7E15752161008F64D1 /* Build configuration list for PBXNativeTarget "example_misc" */;
			buildPhases = (
				F7123D7315752161008F64D1 /* Sources */,
				F7123D7C15752161008F64D1 /* Frameworks */,
				F7123D7D15752161008F64D1 /* CopyFiles */,
			);
			buildRules = (
			);
			dependencies = (
			);
			name = example_misc;
			productName = CytoSim;
			productReference = F7123D8115752161008F64D1 /* example_misc */;
			productType = "com.apple.product-type.tool";
		};
		F763ED051548FFC70069DA61 /* CytoSim */ = {
			isa = PBXNativeTarget;
			buildConfigurationList = F763ED101548FFC70069DA61 /* Build configuration list for PBXNativeTarget "CytoSim" */;
			buildPhases = (
				F763ED021548FFC70069DA61 /* Sources */,
				F763ED031548FFC70069DA61 /* Frameworks */,
				F763ED041548FFC70069DA61 /* CopyFiles */,
			);
			buildRules = (
			);
			dependencies = (
			);
			name = CytoSim;
			productName = CytoSim;
			productReference = F763ED061548FFC70069DA61 /* CytoSim */;
			productType = "com.apple.product-type.tool";
		};
		F771ADBA15655CD70010B123 /* cyto */ = {
			isa = PBXNativeTarget;
			buildConfigurationList = F771ADBC15655CD70010B123 /* Build configuration list for PBXNativeTarget "cyto" */;
			buildPhases = (
				F771ADB715655CD70010B123 /* Sources */,
				F771ADB815655CD70010B123 /* Frameworks */,
				F771ADB915655CD70010B123 /* Headers */,
			);
			buildRules = (
			);
			dependencies = (
			);
			name = cyto;
			productName = cyto;
			productReference = F771ADBB15655CD70010B123 /* libcyto.dylib */;
			productType = "com.apple.product-type.library.dynamic";
		};
		F7A77DA315ACAC5700076046 /* example_composite */ = {
			isa = PBXNativeTarget;
			buildConfigurationList = F7A77DA915ACAC5700076046 /* Build configuration list for PBXNativeTarget "example_composite" */;
			buildPhases = (
				F7A77DA415ACAC5700076046 /* Sources */,
				F7A77DA615ACAC5700076046 /* Frameworks */,
				F7A77DA815ACAC5700076046 /* CopyFiles */,
			);
			buildRules = (
			);
			dependencies = (
			);
			name = example_composite;
			productName = CytoSim;
			productReference = F7A77DAC15ACAC5700076046 /* example_composite */;
			productType = "com.apple.product-type.tool";
		};
		F7C7A0DD15FFBA3D00DF9838 /* TestSuite */ = {
			isa = PBXNativeTarget;
			buildConfigurationList = F7C7A0F015FFBA3D00DF9838 /* Build configuration list for PBXNativeTarget "TestSuite" */;
			buildPhases = (
				F7C7A0DE15FFBA3D00DF9838 /* Sources */,
				F7C7A0EE15FFBA3D00DF9838 /* Frameworks */,
				F7C7A0EF15FFBA3D00DF9838 /* CopyFiles */,
			);
			buildRules = (
			);
			dependencies = (
			);
			name = TestSuite;
			productName = CytoSim;
			productReference = F7C7A0F315FFBA3D00DF9838 /* TestSuite */;
			productType = "com.apple.product-type.tool";
		};
		F7E3DB591579A03C002EAF2C /* example_kostya */ = {
			isa = PBXNativeTarget;
			buildConfigurationList = F7E3DB5F1579A03C002EAF2C /* Build configuration list for PBXNativeTarget "example_kostya" */;
			buildPhases = (
				F7E3DB5A1579A03C002EAF2C /* Sources */,
				F7E3DB5C1579A03C002EAF2C /* Frameworks */,
				F7E3DB5E1579A03C002EAF2C /* CopyFiles */,
			);
			buildRules = (
			);
			dependencies = (
			);
			name = example_kostya;
			productName = CytoSim;
			productReference = F7E3DB621579A03C002EAF2C /* example_kostya */;
			productType = "com.apple.product-type.tool";
		};
/* End PBXNativeTarget section */

/* Begin PBXProject section */
		F763ECFD1548FFC70069DA61 /* Project object */ = {
			isa = PBXProject;
			attributes = {
				LastUpgradeCheck = 0430;
				ORGANIZATIONNAME = "University of Maryland";
			};
			buildConfigurationList = F763ED001548FFC70069DA61 /* Build configuration list for PBXProject "CytoSim" */;
			compatibilityVersion = "Xcode 3.2";
			developmentRegion = English;
			hasScannedForEncodings = 0;
			knownRegions = (
				en,
			);
			mainGroup = F763ECFB1548FFC70069DA61;
			productRefGroup = F763ED071548FFC70069DA61 /* Products */;
			projectDirPath = "";
			projectRoot = "";
			targets = (
				F763ED051548FFC70069DA61 /* CytoSim */,
				F7C7A0DD15FFBA3D00DF9838 /* TestSuite */,
				F771ADBA15655CD70010B123 /* cyto */,
				F7123D7215752161008F64D1 /* example_misc */,
				F7E3DB591579A03C002EAF2C /* example_kostya */,
				F7A77DA315ACAC5700076046 /* example_composite */,
			);
		};
/* End PBXProject section */

/* Begin PBXSourcesBuildPhase section */
		F7123D7315752161008F64D1 /* Sources */ = {
			isa = PBXSourcesBuildPhase;
			buildActionMask = 2147483647;
			files = (
				F7123D8315752172008F64D1 /* example_misc.cpp in Sources */,
			);
			runOnlyForDeploymentPostprocessing = 0;
		};
		F763ED021548FFC70069DA61 /* Sources */ = {
			isa = PBXSourcesBuildPhase;
			buildActionMask = 2147483647;
			files = (
				F763ED231548FFED0069DA61 /* Compartment.cpp in Sources */,
				F763ED241548FFED0069DA61 /* main.cpp in Sources */,
				F763ED271548FFED0069DA61 /* Reaction.cpp in Sources */,
				F763ED291548FFED0069DA61 /* Species.cpp in Sources */,
				F763ED2A1548FFED0069DA61 /* System.cpp in Sources */,
				F775C6BA15576A8D008A9C87 /* ChemNRMImpl.cpp in Sources */,
				F7A924DB155BECD000AB05FA /* ChemSim.cpp in Sources */,
				F7382CD0156BE2F00022F97B /* RSpecies.cpp in Sources */,
				F7F3681E1575C743006727F7 /* Composite.cpp in Sources */,
				F7346A8A1578206500326E09 /* Component.cpp in Sources */,
				F71EAF1915B224210072EE4E /* common.cpp in Sources */,
				F7013D8115D6C19D00A0428D /* ChemGillespieImpl.cpp in Sources */,
				F70174A015DD0C7C00AAA2AD /* ChemSimpleGillespieImpl.cpp in Sources */,
				F7B99A6E15EFBBE8004A245A /* SpeciesContainer.cpp in Sources */,
				F76148D115F79CE800587017 /* CompartmentContainer.cpp in Sources */,
				F737B37F160961B1001722DD /* ReactionBase.cpp in Sources */,
			);
			runOnlyForDeploymentPostprocessing = 0;
		};
		F771ADB715655CD70010B123 /* Sources */ = {
			isa = PBXSourcesBuildPhase;
			buildActionMask = 2147483647;
			files = (
				F771ADBF15655DBA0010B123 /* ChemNRMImpl.cpp in Sources */,
				F771ADC015655DBA0010B123 /* ChemSim.cpp in Sources */,
				F771ADC115655DBA0010B123 /* Compartment.cpp in Sources */,
				F771ADC415655DBA0010B123 /* Reaction.cpp in Sources */,
				F771ADC615655DBA0010B123 /* Species.cpp in Sources */,
				F771ADC715655DBA0010B123 /* System.cpp in Sources */,
				F7382CD1156BE2F00022F97B /* RSpecies.cpp in Sources */,
				F7F3681F1575C743006727F7 /* Composite.cpp in Sources */,
				F7346A8B1578206500326E09 /* Component.cpp in Sources */,
				F71EAF1A15B224210072EE4E /* common.cpp in Sources */,
				F7013D8215D6C19D00A0428D /* ChemGillespieImpl.cpp in Sources */,
				F70174A115DD0C7C00AAA2AD /* ChemSimpleGillespieImpl.cpp in Sources */,
				F7B99A6F15EFBBE8004A245A /* SpeciesContainer.cpp in Sources */,
				F76148D215F79CE800587017 /* CompartmentContainer.cpp in Sources */,
				F737B380160961B1001722DD /* ReactionBase.cpp in Sources */,
			);
			runOnlyForDeploymentPostprocessing = 0;
		};
		F7A77DA415ACAC5700076046 /* Sources */ = {
			isa = PBXSourcesBuildPhase;
			buildActionMask = 2147483647;
			files = (
				F7A77DAF15ACACA300076046 /* example_composite.cpp in Sources */,
			);
			runOnlyForDeploymentPostprocessing = 0;
		};
		F7C7A0DE15FFBA3D00DF9838 /* Sources */ = {
			isa = PBXSourcesBuildPhase;
			buildActionMask = 2147483647;
			files = (
				F7A8EEAF193F91A600A52210 /* test_visitor.cpp in Sources */,
				F7A8EEB0193F91A600A52210 /* test_composite.cpp in Sources */,
				F7A8EEB1193F91A600A52210 /* test_species.cpp in Sources */,
				F7A8EEB2193F91A600A52210 /* test_reactions.cpp in Sources */,
				F7A8EEB3193F91A600A52210 /* test_gillespie.cpp in Sources */,
				F7A8EEB4193F91A600A52210 /* test_nrm.cpp in Sources */,
				F7A8EEB5193F91A600A52210 /* test_simple_gillespie.cpp in Sources */,
				F7A8EEAD193F8C4900A52210 /* test_gillespie_cross.cpp in Sources */,
			);
			runOnlyForDeploymentPostprocessing = 0;
		};
		F7E3DB5A1579A03C002EAF2C /* Sources */ = {
			isa = PBXSourcesBuildPhase;
			buildActionMask = 2147483647;
			files = (
				F7E3DB641579A0F9002EAF2C /* example_kostya.cpp in Sources */,
			);
			runOnlyForDeploymentPostprocessing = 0;
		};
/* End PBXSourcesBuildPhase section */

/* Begin XCBuildConfiguration section */
		F7123D7F15752161008F64D1 /* Debug */ = {
			isa = XCBuildConfiguration;
			buildSettings = {
				GCC_VERSION = com.apple.compilers.llvm.gcc47;
				GCC_WARN_64_TO_32_BIT_CONVERSION = NO;
				GCC_WARN_SIGN_COMPARE = NO;
				HEADER_SEARCH_PATHS = /usr/local/include;
				LIBRARY_SEARCH_PATHS = /usr/local/lib;
				OTHER_CFLAGS = "-std=c++11";
				OTHER_LDFLAGS = "";
				PRODUCT_NAME = example_misc;
				USER_HEADER_SEARCH_PATHS = "~/Dropbox/Codes/CytoSim/CytoSim";
			};
			name = Debug;
		};
		F7123D8015752161008F64D1 /* Release */ = {
			isa = XCBuildConfiguration;
			buildSettings = {
				GCC_VERSION = com.apple.compilers.llvm.gcc47;
				GCC_WARN_64_TO_32_BIT_CONVERSION = NO;
				GCC_WARN_SIGN_COMPARE = NO;
				HEADER_SEARCH_PATHS = /usr/local/include;
				LIBRARY_SEARCH_PATHS = /usr/local/lib;
				OTHER_CFLAGS = "-std=c++11";
				OTHER_LDFLAGS = "";
				PRODUCT_NAME = example_misc;
				USER_HEADER_SEARCH_PATHS = "~/Dropbox/Codes/CytoSim/CytoSim";
			};
			name = Release;
		};
		F763ED0E1548FFC70069DA61 /* Debug */ = {
			isa = XCBuildConfiguration;
			buildSettings = {
				ALWAYS_SEARCH_USER_PATHS = NO;
				ARCHS = "$(ARCHS_STANDARD_64_BIT)";
				COPY_PHASE_STRIP = NO;
				GCC_C_LANGUAGE_STANDARD = gnu99;
				GCC_DYNAMIC_NO_PIC = NO;
				GCC_ENABLE_OBJC_EXCEPTIONS = YES;
				GCC_OPTIMIZATION_LEVEL = 0;
				GCC_PREPROCESSOR_DEFINITIONS = (
					"DEBUG=1",
					"$(inherited)",
				);
				GCC_SYMBOLS_PRIVATE_EXTERN = NO;
				GCC_VERSION = com.apple.compilers.llvm.gcc47;
				GCC_WARN_64_TO_32_BIT_CONVERSION = NO;
				GCC_WARN_ABOUT_RETURN_TYPE = YES;
				GCC_WARN_UNINITIALIZED_AUTOS = YES;
				GCC_WARN_UNUSED_VARIABLE = YES;
				MACOSX_DEPLOYMENT_TARGET = 10.9;
				ONLY_ACTIVE_ARCH = YES;
				SDKROOT = macosx;
			};
			name = Debug;
		};
		F763ED0F1548FFC70069DA61 /* Release */ = {
			isa = XCBuildConfiguration;
			buildSettings = {
				ALWAYS_SEARCH_USER_PATHS = NO;
				ARCHS = "$(ARCHS_STANDARD_64_BIT)";
				COPY_PHASE_STRIP = YES;
				DEBUG_INFORMATION_FORMAT = "dwarf-with-dsym";
				GCC_C_LANGUAGE_STANDARD = gnu99;
				GCC_ENABLE_OBJC_EXCEPTIONS = YES;
				GCC_VERSION = com.apple.compilers.llvm.gcc47;
				GCC_WARN_64_TO_32_BIT_CONVERSION = NO;
				GCC_WARN_ABOUT_RETURN_TYPE = YES;
				GCC_WARN_UNINITIALIZED_AUTOS = YES;
				GCC_WARN_UNUSED_VARIABLE = YES;
				MACOSX_DEPLOYMENT_TARGET = 10.9;
				SDKROOT = macosx;
			};
			name = Release;
		};
		F763ED111548FFC70069DA61 /* Debug */ = {
			isa = XCBuildConfiguration;
			buildSettings = {
				CLANG_CXX_LANGUAGE_STANDARD = "c++0x";
				CLANG_CXX_LIBRARY = "libc++";
				GCC_VERSION = "";
				GCC_WARN_64_TO_32_BIT_CONVERSION = NO;
				GCC_WARN_SIGN_COMPARE = NO;
				HEADER_SEARCH_PATHS = /usr/local/include;
				LIBRARY_SEARCH_PATHS = /usr/local/lib;
				OTHER_CFLAGS = (
					"-std=c++11",
					"-stdlib=libc++",
				);
				OTHER_CPLUSPLUSFLAGS = "";
				OTHER_LDFLAGS = "-lboost_system";
				PRODUCT_NAME = "$(TARGET_NAME)";
				USER_HEADER_SEARCH_PATHS = "";
			};
			name = Debug;
		};
		F763ED121548FFC70069DA61 /* Release */ = {
			isa = XCBuildConfiguration;
			buildSettings = {
				CLANG_CXX_LANGUAGE_STANDARD = "c++0x";
				CLANG_CXX_LIBRARY = "libc++";
				GCC_OPTIMIZATION_LEVEL = 3;
				GCC_VERSION = "";
				GCC_WARN_64_TO_32_BIT_CONVERSION = NO;
				GCC_WARN_SIGN_COMPARE = NO;
				HEADER_SEARCH_PATHS = /usr/local/include;
				LIBRARY_SEARCH_PATHS = /usr/local/lib;
				OTHER_CFLAGS = (
					"-std=c++11",
					"-stdlib=libc++",
				);
				OTHER_CPLUSPLUSFLAGS = "";
				OTHER_LDFLAGS = "-lboost_system";
				PRODUCT_NAME = "$(TARGET_NAME)";
				USER_HEADER_SEARCH_PATHS = "";
			};
			name = Release;
		};
		F771ADBD15655CD70010B123 /* Debug */ = {
			isa = XCBuildConfiguration;
			buildSettings = {
				CLANG_CXX_LANGUAGE_STANDARD = "c++0x";
				CLANG_CXX_LIBRARY = "libc++";
				EXECUTABLE_PREFIX = lib;
				GCC_VERSION = "";
				GCC_WARN_64_TO_32_BIT_CONVERSION = NO;
				HEADER_SEARCH_PATHS = /usr/local/include;
				OTHER_CFLAGS = "-std=c++11";
				PRODUCT_NAME = "$(TARGET_NAME)";
			};
			name = Debug;
		};
		F771ADBE15655CD70010B123 /* Release */ = {
			isa = XCBuildConfiguration;
			buildSettings = {
				CLANG_CXX_LANGUAGE_STANDARD = "c++0x";
				CLANG_CXX_LIBRARY = "libc++";
				EXECUTABLE_PREFIX = lib;
				GCC_VERSION = "";
				GCC_WARN_64_TO_32_BIT_CONVERSION = NO;
				HEADER_SEARCH_PATHS = /usr/local/include;
				OTHER_CFLAGS = "-std=c++11";
				PRODUCT_NAME = "$(TARGET_NAME)";
			};
			name = Release;
		};
		F7A77DAA15ACAC5700076046 /* Debug */ = {
			isa = XCBuildConfiguration;
			buildSettings = {
				GCC_VERSION = com.apple.compilers.llvm.gcc47;
				GCC_WARN_64_TO_32_BIT_CONVERSION = NO;
				GCC_WARN_SIGN_COMPARE = NO;
				HEADER_SEARCH_PATHS = /usr/local/include;
				LIBRARY_SEARCH_PATHS = /usr/local/lib;
				OTHER_CFLAGS = "-std=c++11";
				OTHER_LDFLAGS = "";
				PRODUCT_NAME = example_composite;
				USER_HEADER_SEARCH_PATHS = "~/Dropbox/Codes/CytoSim/CytoSim";
			};
			name = Debug;
		};
		F7A77DAB15ACAC5700076046 /* Release */ = {
			isa = XCBuildConfiguration;
			buildSettings = {
				GCC_VERSION = com.apple.compilers.llvm.gcc47;
				GCC_WARN_64_TO_32_BIT_CONVERSION = NO;
				GCC_WARN_SIGN_COMPARE = NO;
				HEADER_SEARCH_PATHS = /usr/local/include;
				LIBRARY_SEARCH_PATHS = /usr/local/lib;
				OTHER_CFLAGS = "-std=c++11";
				OTHER_LDFLAGS = "";
				PRODUCT_NAME = example_composite;
				USER_HEADER_SEARCH_PATHS = "~/Dropbox/Codes/CytoSim/CytoSim";
			};
			name = Release;
		};
		F7C7A0F115FFBA3D00DF9838 /* Debug */ = {
			isa = XCBuildConfiguration;
			buildSettings = {
				CLANG_CXX_LANGUAGE_STANDARD = "c++0x";
				CLANG_CXX_LIBRARY = "libc++";
				FRAMEWORK_SEARCH_PATHS = (
					"$(inherited)",
					/Users/jameskomianos/Code/googletest,
				);
				GCC_VERSION = "";
				GCC_WARN_64_TO_32_BIT_CONVERSION = NO;
				GCC_WARN_SIGN_COMPARE = NO;
				HEADER_SEARCH_PATHS = (
					/Users/jameskomianos/Code/googletest,
					/usr/local/include,
				);
				LIBRARY_SEARCH_PATHS = (
					/Users/jameskomianos/Code/googletest,
					"/usr/local/lib/**",
				);
				OTHER_CFLAGS = "-std=c++11";
				OTHER_LDFLAGS = (
					"-lboost_system",
					"-lgtest",
					"-lgtest_main",
				);
				PRODUCT_NAME = TestSuite;
				USER_HEADER_SEARCH_PATHS = "";
			};
			name = Debug;
		};
		F7C7A0F215FFBA3D00DF9838 /* Release */ = {
			isa = XCBuildConfiguration;
			buildSettings = {
				CLANG_CXX_LANGUAGE_STANDARD = "c++0x";
				CLANG_CXX_LIBRARY = "libc++";
				FRAMEWORK_SEARCH_PATHS = (
					"$(inherited)",
					/Users/jameskomianos/Code/googletest,
				);
				GCC_OPTIMIZATION_LEVEL = 3;
				GCC_VERSION = "";
				GCC_WARN_64_TO_32_BIT_CONVERSION = NO;
				GCC_WARN_SIGN_COMPARE = NO;
				HEADER_SEARCH_PATHS = (
					/Users/jameskomianos/Code/googletest,
					/usr/local/include,
				);
				LIBRARY_SEARCH_PATHS = (
					/Users/jameskomianos/Code/googletest,
					"/usr/local/lib/**",
				);
				OTHER_CFLAGS = "-std=c++11";
				OTHER_LDFLAGS = (
					"-lboost_system",
					"-lgtest",
					"-lgtest_main",
				);
				PRODUCT_NAME = TestSuite;
				USER_HEADER_SEARCH_PATHS = "";
			};
			name = Release;
		};
		F7E3DB601579A03C002EAF2C /* Debug */ = {
			isa = XCBuildConfiguration;
			buildSettings = {
				GCC_VERSION = com.apple.compilers.llvm.gcc47;
				GCC_WARN_64_TO_32_BIT_CONVERSION = NO;
				GCC_WARN_SIGN_COMPARE = NO;
				HEADER_SEARCH_PATHS = /usr/local/include;
				LIBRARY_SEARCH_PATHS = /usr/local/lib;
				OTHER_CFLAGS = "-std=c++11";
				OTHER_LDFLAGS = "";
				PRODUCT_NAME = example_kostya;
				USER_HEADER_SEARCH_PATHS = "~/Dropbox/Codes/CytoSim/CytoSim";
			};
			name = Debug;
		};
		F7E3DB611579A03C002EAF2C /* Release */ = {
			isa = XCBuildConfiguration;
			buildSettings = {
				GCC_VERSION = com.apple.compilers.llvm.gcc47;
				GCC_WARN_64_TO_32_BIT_CONVERSION = NO;
				GCC_WARN_SIGN_COMPARE = NO;
				HEADER_SEARCH_PATHS = /usr/local/include;
				LIBRARY_SEARCH_PATHS = /usr/local/lib;
				OTHER_CFLAGS = "-std=c++11";
				OTHER_LDFLAGS = "";
				PRODUCT_NAME = example_kostya;
				USER_HEADER_SEARCH_PATHS = "~/Dropbox/Codes/CytoSim/CytoSim";
			};
			name = Release;
		};
/* End XCBuildConfiguration section */

/* Begin XCConfigurationList section */
		F7123D7E15752161008F64D1 /* Build configuration list for PBXNativeTarget "example_misc" */ = {
			isa = XCConfigurationList;
			buildConfigurations = (
				F7123D7F15752161008F64D1 /* Debug */,
				F7123D8015752161008F64D1 /* Release */,
			);
			defaultConfigurationIsVisible = 0;
			defaultConfigurationName = Release;
		};
		F763ED001548FFC70069DA61 /* Build configuration list for PBXProject "CytoSim" */ = {
			isa = XCConfigurationList;
			buildConfigurations = (
				F763ED0E1548FFC70069DA61 /* Debug */,
				F763ED0F1548FFC70069DA61 /* Release */,
			);
			defaultConfigurationIsVisible = 0;
			defaultConfigurationName = Release;
		};
		F763ED101548FFC70069DA61 /* Build configuration list for PBXNativeTarget "CytoSim" */ = {
			isa = XCConfigurationList;
			buildConfigurations = (
				F763ED111548FFC70069DA61 /* Debug */,
				F763ED121548FFC70069DA61 /* Release */,
			);
			defaultConfigurationIsVisible = 0;
			defaultConfigurationName = Release;
		};
		F771ADBC15655CD70010B123 /* Build configuration list for PBXNativeTarget "cyto" */ = {
			isa = XCConfigurationList;
			buildConfigurations = (
				F771ADBD15655CD70010B123 /* Debug */,
				F771ADBE15655CD70010B123 /* Release */,
			);
			defaultConfigurationIsVisible = 0;
			defaultConfigurationName = Release;
		};
		F7A77DA915ACAC5700076046 /* Build configuration list for PBXNativeTarget "example_composite" */ = {
			isa = XCConfigurationList;
			buildConfigurations = (
				F7A77DAA15ACAC5700076046 /* Debug */,
				F7A77DAB15ACAC5700076046 /* Release */,
			);
			defaultConfigurationIsVisible = 0;
			defaultConfigurationName = Release;
		};
		F7C7A0F015FFBA3D00DF9838 /* Build configuration list for PBXNativeTarget "TestSuite" */ = {
			isa = XCConfigurationList;
			buildConfigurations = (
				F7C7A0F115FFBA3D00DF9838 /* Debug */,
				F7C7A0F215FFBA3D00DF9838 /* Release */,
			);
			defaultConfigurationIsVisible = 0;
			defaultConfigurationName = Release;
		};
		F7E3DB5F1579A03C002EAF2C /* Build configuration list for PBXNativeTarget "example_kostya" */ = {
			isa = XCConfigurationList;
			buildConfigurations = (
				F7E3DB601579A03C002EAF2C /* Debug */,
				F7E3DB611579A03C002EAF2C /* Release */,
			);
			defaultConfigurationIsVisible = 0;
			defaultConfigurationName = Release;
		};
/* End XCConfigurationList section */
	};
	rootObject = F763ECFD1548FFC70069DA61 /* Project object */;
}
