// !$*UTF8*$!
{
	archiveVersion = 1;
	classes = {
	};
	objectVersion = 46;
	objects = {

/* Begin PBXBuildFile section */
		F7013D8115D6C19D00A0428D /* ChemGillespieImpl.cpp in Sources */ = {isa = PBXBuildFile; fileRef = F7013D8015D6C19D00A0428D /* ChemGillespieImpl.cpp */; };
		F7013D8215D6C19D00A0428D /* ChemGillespieImpl.cpp in Sources */ = {isa = PBXBuildFile; fileRef = F7013D8015D6C19D00A0428D /* ChemGillespieImpl.cpp */; };
		F70174A015DD0C7C00AAA2AD /* ChemSimpleGillespieImpl.cpp in Sources */ = {isa = PBXBuildFile; fileRef = F701749F15DD0C7C00AAA2AD /* ChemSimpleGillespieImpl.cpp */; };
		F70174A115DD0C7C00AAA2AD /* ChemSimpleGillespieImpl.cpp in Sources */ = {isa = PBXBuildFile; fileRef = F701749F15DD0C7C00AAA2AD /* ChemSimpleGillespieImpl.cpp */; };
		F7123D8315752172008F64D1 /* example_misc.cpp in Sources */ = {isa = PBXBuildFile; fileRef = F7123D701575211E008F64D1 /* example_misc.cpp */; };
		F7123D841575217B008F64D1 /* libcyto.dylib in Frameworks */ = {isa = PBXBuildFile; fileRef = F771ADBB15655CD70010B123 /* libcyto.dylib */; };
		F71EAF1915B224210072EE4E /* common.cpp in Sources */ = {isa = PBXBuildFile; fileRef = F71EAF1815B224210072EE4E /* common.cpp */; };
		F71EAF1A15B224210072EE4E /* common.cpp in Sources */ = {isa = PBXBuildFile; fileRef = F71EAF1815B224210072EE4E /* common.cpp */; };
		F72EC63319782604007DA75F /* CFilamentElement.h in Headers */ = {isa = PBXBuildFile; fileRef = F72EC62F19782604007DA75F /* CFilamentElement.h */; };
		F7346A8A1578206500326E09 /* Component.cpp in Sources */ = {isa = PBXBuildFile; fileRef = F7346A891578206500326E09 /* Component.cpp */; };
		F7346A8B1578206500326E09 /* Component.cpp in Sources */ = {isa = PBXBuildFile; fileRef = F7346A891578206500326E09 /* Component.cpp */; };
		F73584721989435F0026E1B6 /* ChemInitializer.cpp in Sources */ = {isa = PBXBuildFile; fileRef = F73584701989435F0026E1B6 /* ChemInitializer.cpp */; };
		F73584731989435F0026E1B6 /* ChemInitializer.cpp in Sources */ = {isa = PBXBuildFile; fileRef = F73584701989435F0026E1B6 /* ChemInitializer.cpp */; };
		F73584741989435F0026E1B6 /* ChemInitializer.cpp in Sources */ = {isa = PBXBuildFile; fileRef = F73584701989435F0026E1B6 /* ChemInitializer.cpp */; };
		F73584751989435F0026E1B6 /* ChemInitializer.h in Headers */ = {isa = PBXBuildFile; fileRef = F73584711989435F0026E1B6 /* ChemInitializer.h */; };
		F735847B19894BB40026E1B6 /* ChemInitializerImpl.h in Headers */ = {isa = PBXBuildFile; fileRef = F735847719894BB40026E1B6 /* ChemInitializerImpl.h */; };
		F7358482198967230026E1B6 /* SimpleInitializerImpl.cpp in Sources */ = {isa = PBXBuildFile; fileRef = F7358480198967230026E1B6 /* SimpleInitializerImpl.cpp */; };
		F7358483198967230026E1B6 /* SimpleInitializerImpl.cpp in Sources */ = {isa = PBXBuildFile; fileRef = F7358480198967230026E1B6 /* SimpleInitializerImpl.cpp */; };
		F7358484198967230026E1B6 /* SimpleInitializerImpl.cpp in Sources */ = {isa = PBXBuildFile; fileRef = F7358480198967230026E1B6 /* SimpleInitializerImpl.cpp */; };
		F7358485198967230026E1B6 /* SimpleInitializerImpl.h in Headers */ = {isa = PBXBuildFile; fileRef = F7358481198967230026E1B6 /* SimpleInitializerImpl.h */; };
		F7358487198980DC0026E1B6 /* MBeadDB.cpp in Sources */ = {isa = PBXBuildFile; fileRef = F7358486198980DC0026E1B6 /* MBeadDB.cpp */; };
		F7358488198980DC0026E1B6 /* MBeadDB.cpp in Sources */ = {isa = PBXBuildFile; fileRef = F7358486198980DC0026E1B6 /* MBeadDB.cpp */; };
		F735848A198982AB0026E1B6 /* MCylinderDB.cpp in Sources */ = {isa = PBXBuildFile; fileRef = F7358489198982AB0026E1B6 /* MCylinderDB.cpp */; };
		F735848B198982AB0026E1B6 /* MCylinderDB.cpp in Sources */ = {isa = PBXBuildFile; fileRef = F7358489198982AB0026E1B6 /* MCylinderDB.cpp */; };
		F735848D198986580026E1B6 /* MFilamentDB.cpp in Sources */ = {isa = PBXBuildFile; fileRef = F735848C198986580026E1B6 /* MFilamentDB.cpp */; };
		F735848E198986580026E1B6 /* MFilamentDB.cpp in Sources */ = {isa = PBXBuildFile; fileRef = F735848C198986580026E1B6 /* MFilamentDB.cpp */; };
		F7358490198987C60026E1B6 /* MLinkerDB.cpp in Sources */ = {isa = PBXBuildFile; fileRef = F735848F198987C60026E1B6 /* MLinkerDB.cpp */; };
		F7358491198987C60026E1B6 /* MLinkerDB.cpp in Sources */ = {isa = PBXBuildFile; fileRef = F735848F198987C60026E1B6 /* MLinkerDB.cpp */; };
		F7358493198988EF0026E1B6 /* MMotorGhostDB.cpp in Sources */ = {isa = PBXBuildFile; fileRef = F7358492198988EF0026E1B6 /* MMotorGhostDB.cpp */; };
		F7358494198988EF0026E1B6 /* MMotorGhostDB.cpp in Sources */ = {isa = PBXBuildFile; fileRef = F7358492198988EF0026E1B6 /* MMotorGhostDB.cpp */; };
		F735849A198990E60026E1B6 /* ChemController.cpp in Sources */ = {isa = PBXBuildFile; fileRef = F7358498198990E60026E1B6 /* ChemController.cpp */; };
		F737B37F160961B1001722DD /* ReactionBase.cpp in Sources */ = {isa = PBXBuildFile; fileRef = F737B37D160961B1001722DD /* ReactionBase.cpp */; };
		F737B380160961B1001722DD /* ReactionBase.cpp in Sources */ = {isa = PBXBuildFile; fileRef = F737B37D160961B1001722DD /* ReactionBase.cpp */; };
		F737B381160961B1001722DD /* ReactionBase.h in Headers */ = {isa = PBXBuildFile; fileRef = F737B37E160961B1001722DD /* ReactionBase.h */; };
		F7382CD0156BE2F00022F97B /* RSpecies.cpp in Sources */ = {isa = PBXBuildFile; fileRef = F7382CCF156BE2F00022F97B /* RSpecies.cpp */; };
		F7382CD1156BE2F00022F97B /* RSpecies.cpp in Sources */ = {isa = PBXBuildFile; fileRef = F7382CCF156BE2F00022F97B /* RSpecies.cpp */; };
		F76148D115F79CE800587017 /* CompartmentContainer.cpp in Sources */ = {isa = PBXBuildFile; fileRef = F76148CF15F79CE800587017 /* CompartmentContainer.cpp */; };
		F76148D215F79CE800587017 /* CompartmentContainer.cpp in Sources */ = {isa = PBXBuildFile; fileRef = F76148CF15F79CE800587017 /* CompartmentContainer.cpp */; };
		F76148D315F79CE800587017 /* CompartmentContainer.h in Headers */ = {isa = PBXBuildFile; fileRef = F76148D015F79CE800587017 /* CompartmentContainer.h */; };
		F763ED231548FFED0069DA61 /* Compartment.cpp in Sources */ = {isa = PBXBuildFile; fileRef = F763ED141548FFED0069DA61 /* Compartment.cpp */; };
		F763ED271548FFED0069DA61 /* Reaction.cpp in Sources */ = {isa = PBXBuildFile; fileRef = F763ED1B1548FFED0069DA61 /* Reaction.cpp */; };
		F763ED291548FFED0069DA61 /* Species.cpp in Sources */ = {isa = PBXBuildFile; fileRef = F763ED1F1548FFED0069DA61 /* Species.cpp */; };
		F771ADBF15655DBA0010B123 /* ChemNRMImpl.cpp in Sources */ = {isa = PBXBuildFile; fileRef = F775C6B915576A8D008A9C87 /* ChemNRMImpl.cpp */; };
		F771ADC015655DBA0010B123 /* ChemSim.cpp in Sources */ = {isa = PBXBuildFile; fileRef = F7A924DA155BECD000AB05FA /* ChemSim.cpp */; };
		F771ADC115655DBA0010B123 /* Compartment.cpp in Sources */ = {isa = PBXBuildFile; fileRef = F763ED141548FFED0069DA61 /* Compartment.cpp */; };
		F771ADC415655DBA0010B123 /* Reaction.cpp in Sources */ = {isa = PBXBuildFile; fileRef = F763ED1B1548FFED0069DA61 /* Reaction.cpp */; };
		F771ADC615655DBA0010B123 /* Species.cpp in Sources */ = {isa = PBXBuildFile; fileRef = F763ED1F1548FFED0069DA61 /* Species.cpp */; };
		F771ADC715655DBA0010B123 /* SystemOld.cpp in Sources */ = {isa = PBXBuildFile; fileRef = F763ED211548FFED0069DA61 /* SystemOld.cpp */; };
		F775C6BA15576A8D008A9C87 /* ChemNRMImpl.cpp in Sources */ = {isa = PBXBuildFile; fileRef = F775C6B915576A8D008A9C87 /* ChemNRMImpl.cpp */; };
		F784E48F196C3E28003C84A8 /* CCylinder.h in Headers */ = {isa = PBXBuildFile; fileRef = F784E48B196C3E28003C84A8 /* CCylinder.h */; };
		F7954C4C197D98BE00074A12 /* Cyto.cpp in Sources */ = {isa = PBXBuildFile; fileRef = F7954C4B197D98BE00074A12 /* Cyto.cpp */; };
		F7954C94197D99FC00074A12 /* MathFunctions.cpp in Sources */ = {isa = PBXBuildFile; fileRef = F7954C6D197D99FC00074A12 /* MathFunctions.cpp */; };
		F7954C95197D99FC00074A12 /* MBead.cpp in Sources */ = {isa = PBXBuildFile; fileRef = F7954C6F197D99FC00074A12 /* MBead.cpp */; };
		F7954C96197D99FC00074A12 /* MCGsolver.cpp in Sources */ = {isa = PBXBuildFile; fileRef = F7954C72197D99FC00074A12 /* MCGsolver.cpp */; };
		F7954C97197D99FC00074A12 /* MComponent.cpp in Sources */ = {isa = PBXBuildFile; fileRef = F7954C74197D99FC00074A12 /* MComponent.cpp */; };
		F7954C98197D99FC00074A12 /* MComposite.cpp in Sources */ = {isa = PBXBuildFile; fileRef = F7954C76197D99FC00074A12 /* MComposite.cpp */; };
		F7954C99197D99FC00074A12 /* MCylinder.cpp in Sources */ = {isa = PBXBuildFile; fileRef = F7954C78197D99FC00074A12 /* MCylinder.cpp */; };
		F7954C9A197D99FC00074A12 /* MExclVol.cpp in Sources */ = {isa = PBXBuildFile; fileRef = F7954C7B197D99FC00074A12 /* MExclVol.cpp */; };
		F7954C9B197D99FC00074A12 /* MFilament.cpp in Sources */ = {isa = PBXBuildFile; fileRef = F7954C7D197D99FC00074A12 /* MFilament.cpp */; };
		F7954C9C197D99FC00074A12 /* MFilamentBending.cpp in Sources */ = {isa = PBXBuildFile; fileRef = F7954C7F197D99FC00074A12 /* MFilamentBending.cpp */; };
		F7954C9D197D99FC00074A12 /* MFilamentStretching.cpp in Sources */ = {isa = PBXBuildFile; fileRef = F7954C81197D99FC00074A12 /* MFilamentStretching.cpp */; };
		F7954C9E197D99FC00074A12 /* MFilamentTwisting.cpp in Sources */ = {isa = PBXBuildFile; fileRef = F7954C82197D99FC00074A12 /* MFilamentTwisting.cpp */; };
		F7954C9F197D99FC00074A12 /* MLinker.cpp in Sources */ = {isa = PBXBuildFile; fileRef = F7954C83197D99FC00074A12 /* MLinker.cpp */; };
		F7954CA0197D99FC00074A12 /* MLinkerStretching.cpp in Sources */ = {isa = PBXBuildFile; fileRef = F7954C86197D99FC00074A12 /* MLinkerStretching.cpp */; };
		F7954CA1197D99FC00074A12 /* MMotorGhost.cpp in Sources */ = {isa = PBXBuildFile; fileRef = F7954C87197D99FC00074A12 /* MMotorGhost.cpp */; };
		F7954CA2197D99FC00074A12 /* MMotorGhostStretching.cpp in Sources */ = {isa = PBXBuildFile; fileRef = F7954C8A197D99FC00074A12 /* MMotorGhostStretching.cpp */; };
		F7954CA3197D99FC00074A12 /* MNetwork.cpp in Sources */ = {isa = PBXBuildFile; fileRef = F7954C8B197D99FC00074A12 /* MNetwork.cpp */; };
		F7954CA4197D99FC00074A12 /* MSystem.cpp in Sources */ = {isa = PBXBuildFile; fileRef = F7954C8D197D99FC00074A12 /* MSystem.cpp */; };
		F7954CA5197D99FC00074A12 /* MVolRepulsionEnergy.cpp in Sources */ = {isa = PBXBuildFile; fileRef = F7954C90197D99FC00074A12 /* MVolRepulsionEnergy.cpp */; };
		F7954CA6197D99FC00074A12 /* MVolRepulsionForce.cpp in Sources */ = {isa = PBXBuildFile; fileRef = F7954C91197D99FC00074A12 /* MVolRepulsionForce.cpp */; };
		F7954CA7197D99FC00074A12 /* MVolumInter.cpp in Sources */ = {isa = PBXBuildFile; fileRef = F7954C92197D99FC00074A12 /* MVolumInter.cpp */; };
		F7954CA8197D9CC000074A12 /* ChemGillespieImpl.cpp in Sources */ = {isa = PBXBuildFile; fileRef = F7013D8015D6C19D00A0428D /* ChemGillespieImpl.cpp */; };
		F7954CA9197D9CC000074A12 /* ChemNRMImpl.cpp in Sources */ = {isa = PBXBuildFile; fileRef = F775C6B915576A8D008A9C87 /* ChemNRMImpl.cpp */; };
		F7954CAA197D9CC000074A12 /* ChemSim.cpp in Sources */ = {isa = PBXBuildFile; fileRef = F7A924DA155BECD000AB05FA /* ChemSim.cpp */; };
		F7954CAB197D9CC000074A12 /* ChemSimpleGillespieImpl.cpp in Sources */ = {isa = PBXBuildFile; fileRef = F701749F15DD0C7C00AAA2AD /* ChemSimpleGillespieImpl.cpp */; };
		F7954CAC197D9CC000074A12 /* common.cpp in Sources */ = {isa = PBXBuildFile; fileRef = F71EAF1815B224210072EE4E /* common.cpp */; };
		F7954CAD197D9CC000074A12 /* Compartment.cpp in Sources */ = {isa = PBXBuildFile; fileRef = F763ED141548FFED0069DA61 /* Compartment.cpp */; };
		F7954CAE197D9CC000074A12 /* CompartmentContainer.cpp in Sources */ = {isa = PBXBuildFile; fileRef = F76148CF15F79CE800587017 /* CompartmentContainer.cpp */; };
		F7954CAF197D9CC000074A12 /* Component.cpp in Sources */ = {isa = PBXBuildFile; fileRef = F7346A891578206500326E09 /* Component.cpp */; };
		F7954CB0197D9CC000074A12 /* Composite.cpp in Sources */ = {isa = PBXBuildFile; fileRef = F7F3681D1575C743006727F7 /* Composite.cpp */; };
		F7954CB1197D9CC000074A12 /* Reaction.cpp in Sources */ = {isa = PBXBuildFile; fileRef = F763ED1B1548FFED0069DA61 /* Reaction.cpp */; };
		F7954CB2197D9CC000074A12 /* ReactionBase.cpp in Sources */ = {isa = PBXBuildFile; fileRef = F737B37D160961B1001722DD /* ReactionBase.cpp */; };
		F7954CB3197D9CC000074A12 /* RSpecies.cpp in Sources */ = {isa = PBXBuildFile; fileRef = F7382CCF156BE2F00022F97B /* RSpecies.cpp */; };
		F7954CB4197D9CC000074A12 /* Species.cpp in Sources */ = {isa = PBXBuildFile; fileRef = F763ED1F1548FFED0069DA61 /* Species.cpp */; };
		F7954CB8197D9CC000074A12 /* SystemOld.cpp in Sources */ = {isa = PBXBuildFile; fileRef = F763ED211548FFED0069DA61 /* SystemOld.cpp */; };
		F7954CB9197D9CC000074A12 /* MathFunctions.cpp in Sources */ = {isa = PBXBuildFile; fileRef = F7954C6D197D99FC00074A12 /* MathFunctions.cpp */; };
		F7954CBA197D9CC000074A12 /* MBead.cpp in Sources */ = {isa = PBXBuildFile; fileRef = F7954C6F197D99FC00074A12 /* MBead.cpp */; };
		F7954CBB197D9CC000074A12 /* MCGsolver.cpp in Sources */ = {isa = PBXBuildFile; fileRef = F7954C72197D99FC00074A12 /* MCGsolver.cpp */; };
		F7954CBC197D9CC000074A12 /* MComponent.cpp in Sources */ = {isa = PBXBuildFile; fileRef = F7954C74197D99FC00074A12 /* MComponent.cpp */; };
		F7954CBD197D9CC000074A12 /* MComposite.cpp in Sources */ = {isa = PBXBuildFile; fileRef = F7954C76197D99FC00074A12 /* MComposite.cpp */; };
		F7954CBE197D9CC000074A12 /* MCylinder.cpp in Sources */ = {isa = PBXBuildFile; fileRef = F7954C78197D99FC00074A12 /* MCylinder.cpp */; };
		F7954CBF197D9CC000074A12 /* MExclVol.cpp in Sources */ = {isa = PBXBuildFile; fileRef = F7954C7B197D99FC00074A12 /* MExclVol.cpp */; };
		F7954CC0197D9CC000074A12 /* MFilament.cpp in Sources */ = {isa = PBXBuildFile; fileRef = F7954C7D197D99FC00074A12 /* MFilament.cpp */; };
		F7954CC1197D9CC000074A12 /* MFilamentBending.cpp in Sources */ = {isa = PBXBuildFile; fileRef = F7954C7F197D99FC00074A12 /* MFilamentBending.cpp */; };
		F7954CC2197D9CC000074A12 /* MFilamentStretching.cpp in Sources */ = {isa = PBXBuildFile; fileRef = F7954C81197D99FC00074A12 /* MFilamentStretching.cpp */; };
		F7954CC3197D9CC000074A12 /* MFilamentTwisting.cpp in Sources */ = {isa = PBXBuildFile; fileRef = F7954C82197D99FC00074A12 /* MFilamentTwisting.cpp */; };
		F7954CC4197D9CC000074A12 /* MLinker.cpp in Sources */ = {isa = PBXBuildFile; fileRef = F7954C83197D99FC00074A12 /* MLinker.cpp */; };
		F7954CC5197D9CC000074A12 /* MLinkerStretching.cpp in Sources */ = {isa = PBXBuildFile; fileRef = F7954C86197D99FC00074A12 /* MLinkerStretching.cpp */; };
		F7954CC6197D9CC000074A12 /* MMotorGhost.cpp in Sources */ = {isa = PBXBuildFile; fileRef = F7954C87197D99FC00074A12 /* MMotorGhost.cpp */; };
		F7954CC7197D9CC000074A12 /* MMotorGhostStretching.cpp in Sources */ = {isa = PBXBuildFile; fileRef = F7954C8A197D99FC00074A12 /* MMotorGhostStretching.cpp */; };
		F7954CC8197D9CC000074A12 /* MNetwork.cpp in Sources */ = {isa = PBXBuildFile; fileRef = F7954C8B197D99FC00074A12 /* MNetwork.cpp */; };
		F7954CC9197D9CC000074A12 /* MSystem.cpp in Sources */ = {isa = PBXBuildFile; fileRef = F7954C8D197D99FC00074A12 /* MSystem.cpp */; };
		F7954CCA197D9CC000074A12 /* MVolRepulsionEnergy.cpp in Sources */ = {isa = PBXBuildFile; fileRef = F7954C90197D99FC00074A12 /* MVolRepulsionEnergy.cpp */; };
		F7954CCB197D9CC000074A12 /* MVolRepulsionForce.cpp in Sources */ = {isa = PBXBuildFile; fileRef = F7954C91197D99FC00074A12 /* MVolRepulsionForce.cpp */; };
		F7954CCC197D9CC000074A12 /* MVolumInter.cpp in Sources */ = {isa = PBXBuildFile; fileRef = F7954C92197D99FC00074A12 /* MVolumInter.cpp */; };
		F7954CCF197D9D2D00074A12 /* main.cpp in Sources */ = {isa = PBXBuildFile; fileRef = F7954CCD197D9D2D00074A12 /* main.cpp */; };
		F7981A6A194604F100A7E22C /* test_compartments.cpp in Sources */ = {isa = PBXBuildFile; fileRef = F7981A68194604F100A7E22C /* test_compartments.cpp */; };
		F7A77DA715ACAC5700076046 /* libcyto.dylib in Frameworks */ = {isa = PBXBuildFile; fileRef = F771ADBB15655CD70010B123 /* libcyto.dylib */; };
		F7A77DAF15ACACA300076046 /* example_composite.cpp in Sources */ = {isa = PBXBuildFile; fileRef = F7A77DAE15ACACA300076046 /* example_composite.cpp */; };
		F7A8EEAD193F8C4900A52210 /* test_gillespie_cross.cpp in Sources */ = {isa = PBXBuildFile; fileRef = F7D98ED615E2613200CCD25E /* test_gillespie_cross.cpp */; };
		F7A8EEAF193F91A600A52210 /* test_visitor.cpp in Sources */ = {isa = PBXBuildFile; fileRef = F703AFD0160CAEA5006C1AC6 /* test_visitor.cpp */; };
		F7A8EEB0193F91A600A52210 /* test_composite.cpp in Sources */ = {isa = PBXBuildFile; fileRef = F703AFCD160C8E7A006C1AC6 /* test_composite.cpp */; };
		F7A8EEB1193F91A600A52210 /* test_species.cpp in Sources */ = {isa = PBXBuildFile; fileRef = F71E973D1565A79A002BDF16 /* test_species.cpp */; };
		F7A8EEB2193F91A600A52210 /* test_reactions.cpp in Sources */ = {isa = PBXBuildFile; fileRef = F71E97411565B01A002BDF16 /* test_reactions.cpp */; };
		F7A8EEB3193F91A600A52210 /* test_gillespie.cpp in Sources */ = {isa = PBXBuildFile; fileRef = F7672B5915B1B278000D412B /* test_gillespie.cpp */; };
		F7A8EEB4193F91A600A52210 /* test_nrm.cpp in Sources */ = {isa = PBXBuildFile; fileRef = F7DB0B2215D81A55009A8650 /* test_nrm.cpp */; };
		F7A8EEB5193F91A600A52210 /* test_simple_gillespie.cpp in Sources */ = {isa = PBXBuildFile; fileRef = F77A456A15DF78A2007BB95D /* test_simple_gillespie.cpp */; };
		F7A924DB155BECD000AB05FA /* ChemSim.cpp in Sources */ = {isa = PBXBuildFile; fileRef = F7A924DA155BECD000AB05FA /* ChemSim.cpp */; };
		F7A94247198AB05400086614 /* Cylinder.cpp in Sources */ = {isa = PBXBuildFile; fileRef = F7A94245198AB05400086614 /* Cylinder.cpp */; };
		F7B99A7015EFBBE8004A245A /* SpeciesContainer.h in Headers */ = {isa = PBXBuildFile; fileRef = F7B99A6D15EFBBE7004A245A /* SpeciesContainer.h */; };
		F7C7A0FB15FFBA9700DF9838 /* libcyto.dylib in Frameworks */ = {isa = PBXBuildFile; fileRef = F771ADBB15655CD70010B123 /* libcyto.dylib */; };
		F7D75C3C19756EF600324C41 /* CMembrane.h in Headers */ = {isa = PBXBuildFile; fileRef = F7D75C3819756EF600324C41 /* CMembrane.h */; };
		F7E3DB5D1579A03C002EAF2C /* libcyto.dylib in Frameworks */ = {isa = PBXBuildFile; fileRef = F771ADBB15655CD70010B123 /* libcyto.dylib */; };
		F7E3DB641579A0F9002EAF2C /* example_kostya.cpp in Sources */ = {isa = PBXBuildFile; fileRef = F7E3DB5715799F85002EAF2C /* example_kostya.cpp */; };
		F7F3681E1575C743006727F7 /* Composite.cpp in Sources */ = {isa = PBXBuildFile; fileRef = F7F3681D1575C743006727F7 /* Composite.cpp */; };
		F7F3681F1575C743006727F7 /* Composite.cpp in Sources */ = {isa = PBXBuildFile; fileRef = F7F3681D1575C743006727F7 /* Composite.cpp */; };
/* End PBXBuildFile section */

/* Begin PBXCopyFilesBuildPhase section */
		F7123D7D15752161008F64D1 /* CopyFiles */ = {
			isa = PBXCopyFilesBuildPhase;
			buildActionMask = 2147483647;
			dstPath = /usr/share/man/man1/;
			dstSubfolderSpec = 0;
			files = (
			);
			runOnlyForDeploymentPostprocessing = 1;
		};
		F763ED041548FFC70069DA61 /* CopyFiles */ = {
			isa = PBXCopyFilesBuildPhase;
			buildActionMask = 2147483647;
			dstPath = /usr/share/man/man1/;
			dstSubfolderSpec = 0;
			files = (
			);
			runOnlyForDeploymentPostprocessing = 1;
		};
		F7954C47197D98BE00074A12 /* CopyFiles */ = {
			isa = PBXCopyFilesBuildPhase;
			buildActionMask = 2147483647;
			dstPath = /usr/share/man/man1/;
			dstSubfolderSpec = 0;
			files = (
			);
			runOnlyForDeploymentPostprocessing = 1;
		};
		F7954C61197D99BA00074A12 /* CopyFiles */ = {
			isa = PBXCopyFilesBuildPhase;
			buildActionMask = 2147483647;
			dstPath = /usr/share/man/man1/;
			dstSubfolderSpec = 0;
			files = (
			);
			runOnlyForDeploymentPostprocessing = 1;
		};
		F7A77DA815ACAC5700076046 /* CopyFiles */ = {
			isa = PBXCopyFilesBuildPhase;
			buildActionMask = 2147483647;
			dstPath = /usr/share/man/man1/;
			dstSubfolderSpec = 0;
			files = (
			);
			runOnlyForDeploymentPostprocessing = 1;
		};
		F7C7A0EF15FFBA3D00DF9838 /* CopyFiles */ = {
			isa = PBXCopyFilesBuildPhase;
			buildActionMask = 2147483647;
			dstPath = /usr/share/man/man1/;
			dstSubfolderSpec = 0;
			files = (
			);
			runOnlyForDeploymentPostprocessing = 1;
		};
		F7E3DB5E1579A03C002EAF2C /* CopyFiles */ = {
			isa = PBXCopyFilesBuildPhase;
			buildActionMask = 2147483647;
			dstPath = /usr/share/man/man1/;
			dstSubfolderSpec = 0;
			files = (
			);
			runOnlyForDeploymentPostprocessing = 1;
		};
/* End PBXCopyFilesBuildPhase section */

/* Begin PBXFileReference section */
		F7013D7E15D6C18800A0428D /* ChemGillespieImpl.h */ = {isa = PBXFileReference; lastKnownFileType = sourcecode.c.h; path = ChemGillespieImpl.h; sourceTree = "<group>"; };
		F7013D8015D6C19D00A0428D /* ChemGillespieImpl.cpp */ = {isa = PBXFileReference; fileEncoding = 4; lastKnownFileType = sourcecode.cpp.cpp; path = ChemGillespieImpl.cpp; sourceTree = "<group>"; };
		F701749D15DD0C5900AAA2AD /* ChemSimpleGillespieImpl.h */ = {isa = PBXFileReference; lastKnownFileType = sourcecode.c.h; path = ChemSimpleGillespieImpl.h; sourceTree = "<group>"; };
		F701749F15DD0C7C00AAA2AD /* ChemSimpleGillespieImpl.cpp */ = {isa = PBXFileReference; fileEncoding = 4; lastKnownFileType = sourcecode.cpp.cpp; path = ChemSimpleGillespieImpl.cpp; sourceTree = "<group>"; };
		F702A4581575237F00FF21FC /* Composite.h */ = {isa = PBXFileReference; lastKnownFileType = sourcecode.c.h; path = Composite.h; sourceTree = "<group>"; };
		F703AFCD160C8E7A006C1AC6 /* test_composite.cpp */ = {isa = PBXFileReference; fileEncoding = 4; lastKnownFileType = sourcecode.cpp.cpp; path = test_composite.cpp; sourceTree = "<group>"; };
		F703AFD0160CAEA5006C1AC6 /* test_visitor.cpp */ = {isa = PBXFileReference; fileEncoding = 4; lastKnownFileType = sourcecode.cpp.cpp; path = test_visitor.cpp; sourceTree = "<group>"; };
		F7123D701575211E008F64D1 /* example_misc.cpp */ = {isa = PBXFileReference; lastKnownFileType = sourcecode.cpp.cpp; path = example_misc.cpp; sourceTree = "<group>"; };
		F7123D8115752161008F64D1 /* example_misc */ = {isa = PBXFileReference; explicitFileType = "compiled.mach-o.executable"; includeInIndex = 0; path = example_misc; sourceTree = BUILT_PRODUCTS_DIR; };
		F71E973D1565A79A002BDF16 /* test_species.cpp */ = {isa = PBXFileReference; fileEncoding = 4; lastKnownFileType = sourcecode.cpp.cpp; path = test_species.cpp; sourceTree = "<group>"; };
		F71E97411565B01A002BDF16 /* test_reactions.cpp */ = {isa = PBXFileReference; fileEncoding = 4; lastKnownFileType = sourcecode.cpp.cpp; path = test_reactions.cpp; sourceTree = "<group>"; };
		F71EAF1815B224210072EE4E /* common.cpp */ = {isa = PBXFileReference; fileEncoding = 4; lastKnownFileType = sourcecode.cpp.cpp; path = common.cpp; sourceTree = "<group>"; };
		F72BB383196F14B800D0DBEF /* FilopodiaCSystem.cpp */ = {isa = PBXFileReference; fileEncoding = 4; lastKnownFileType = sourcecode.cpp.cpp; path = FilopodiaCSystem.cpp; sourceTree = "<group>"; };
		F72EC62F19782604007DA75F /* CFilamentElement.h */ = {isa = PBXFileReference; fileEncoding = 4; lastKnownFileType = sourcecode.c.h; path = CFilamentElement.h; sourceTree = "<group>"; };
		F7346A871578202600326E09 /* Component.h */ = {isa = PBXFileReference; lastKnownFileType = sourcecode.c.h; path = Component.h; sourceTree = "<group>"; };
		F7346A891578206500326E09 /* Component.cpp */ = {isa = PBXFileReference; fileEncoding = 4; lastKnownFileType = sourcecode.cpp.cpp; path = Component.cpp; sourceTree = "<group>"; };
		F73584701989435F0026E1B6 /* ChemInitializer.cpp */ = {isa = PBXFileReference; fileEncoding = 4; lastKnownFileType = sourcecode.cpp.cpp; path = ChemInitializer.cpp; sourceTree = "<group>"; };
		F73584711989435F0026E1B6 /* ChemInitializer.h */ = {isa = PBXFileReference; fileEncoding = 4; lastKnownFileType = sourcecode.c.h; path = ChemInitializer.h; sourceTree = "<group>"; };
		F735847719894BB40026E1B6 /* ChemInitializerImpl.h */ = {isa = PBXFileReference; fileEncoding = 4; lastKnownFileType = sourcecode.c.h; path = ChemInitializerImpl.h; sourceTree = "<group>"; };
		F7358480198967230026E1B6 /* SimpleInitializerImpl.cpp */ = {isa = PBXFileReference; fileEncoding = 4; lastKnownFileType = sourcecode.cpp.cpp; path = SimpleInitializerImpl.cpp; sourceTree = "<group>"; };
		F7358481198967230026E1B6 /* SimpleInitializerImpl.h */ = {isa = PBXFileReference; fileEncoding = 4; lastKnownFileType = sourcecode.c.h; path = SimpleInitializerImpl.h; sourceTree = "<group>"; };
		F7358486198980DC0026E1B6 /* MBeadDB.cpp */ = {isa = PBXFileReference; fileEncoding = 4; lastKnownFileType = sourcecode.cpp.cpp; path = MBeadDB.cpp; sourceTree = "<group>"; };
		F7358489198982AB0026E1B6 /* MCylinderDB.cpp */ = {isa = PBXFileReference; fileEncoding = 4; lastKnownFileType = sourcecode.cpp.cpp; path = MCylinderDB.cpp; sourceTree = "<group>"; };
		F735848C198986580026E1B6 /* MFilamentDB.cpp */ = {isa = PBXFileReference; fileEncoding = 4; lastKnownFileType = sourcecode.cpp.cpp; path = MFilamentDB.cpp; sourceTree = "<group>"; };
		F735848F198987C60026E1B6 /* MLinkerDB.cpp */ = {isa = PBXFileReference; fileEncoding = 4; lastKnownFileType = sourcecode.cpp.cpp; path = MLinkerDB.cpp; sourceTree = "<group>"; };
		F7358492198988EF0026E1B6 /* MMotorGhostDB.cpp */ = {isa = PBXFileReference; fileEncoding = 4; lastKnownFileType = sourcecode.cpp.cpp; path = MMotorGhostDB.cpp; sourceTree = "<group>"; };
		F7358498198990E60026E1B6 /* ChemController.cpp */ = {isa = PBXFileReference; fileEncoding = 4; lastKnownFileType = sourcecode.cpp.cpp; path = ChemController.cpp; sourceTree = "<group>"; };
		F7358499198990E60026E1B6 /* ChemController.h */ = {isa = PBXFileReference; fileEncoding = 4; lastKnownFileType = sourcecode.c.h; path = ChemController.h; sourceTree = "<group>"; };
		F737B37D160961B1001722DD /* ReactionBase.cpp */ = {isa = PBXFileReference; fileEncoding = 4; lastKnownFileType = sourcecode.cpp.cpp; path = ReactionBase.cpp; sourceTree = "<group>"; };
		F737B37E160961B1001722DD /* ReactionBase.h */ = {isa = PBXFileReference; fileEncoding = 4; lastKnownFileType = sourcecode.c.h; path = ReactionBase.h; sourceTree = "<group>"; };
		F7382CCD156BE2DA0022F97B /* RSpecies.h */ = {isa = PBXFileReference; lastKnownFileType = sourcecode.c.h; path = RSpecies.h; sourceTree = "<group>"; };
		F7382CCF156BE2F00022F97B /* RSpecies.cpp */ = {isa = PBXFileReference; fileEncoding = 4; lastKnownFileType = sourcecode.cpp.cpp; path = RSpecies.cpp; sourceTree = "<group>"; };
		F76148CF15F79CE800587017 /* CompartmentContainer.cpp */ = {isa = PBXFileReference; fileEncoding = 4; lastKnownFileType = sourcecode.cpp.cpp; path = CompartmentContainer.cpp; sourceTree = "<group>"; };
		F76148D015F79CE800587017 /* CompartmentContainer.h */ = {isa = PBXFileReference; fileEncoding = 4; lastKnownFileType = sourcecode.c.h; path = CompartmentContainer.h; sourceTree = "<group>"; };
		F763ED061548FFC70069DA61 /* CytoSim */ = {isa = PBXFileReference; explicitFileType = "compiled.mach-o.executable"; includeInIndex = 0; path = CytoSim; sourceTree = BUILT_PRODUCTS_DIR; };
		F763ED131548FFED0069DA61 /* common.h */ = {isa = PBXFileReference; fileEncoding = 4; lastKnownFileType = sourcecode.c.h; path = common.h; sourceTree = "<group>"; };
		F763ED141548FFED0069DA61 /* Compartment.cpp */ = {isa = PBXFileReference; fileEncoding = 4; lastKnownFileType = sourcecode.cpp.cpp; path = Compartment.cpp; sourceTree = "<group>"; };
		F763ED151548FFED0069DA61 /* Compartment.h */ = {isa = PBXFileReference; fileEncoding = 4; lastKnownFileType = sourcecode.c.h; path = Compartment.h; sourceTree = "<group>"; };
		F763ED161548FFED0069DA61 /* CytoSim.cpp */ = {isa = PBXFileReference; fileEncoding = 4; lastKnownFileType = sourcecode.cpp.cpp; path = CytoSim.cpp; sourceTree = "<group>"; };
		F763ED181548FFED0069DA61 /* notes.txt */ = {isa = PBXFileReference; fileEncoding = 4; lastKnownFileType = text; path = notes.txt; sourceTree = "<group>"; };
		F763ED1B1548FFED0069DA61 /* Reaction.cpp */ = {isa = PBXFileReference; fileEncoding = 4; lastKnownFileType = sourcecode.cpp.cpp; path = Reaction.cpp; sourceTree = "<group>"; };
		F763ED1C1548FFED0069DA61 /* Reaction.h */ = {isa = PBXFileReference; fileEncoding = 4; lastKnownFileType = sourcecode.c.h; path = Reaction.h; sourceTree = "<group>"; };
		F763ED1F1548FFED0069DA61 /* Species.cpp */ = {isa = PBXFileReference; fileEncoding = 4; lastKnownFileType = sourcecode.cpp.cpp; path = Species.cpp; sourceTree = "<group>"; };
		F763ED201548FFED0069DA61 /* Species.h */ = {isa = PBXFileReference; fileEncoding = 4; lastKnownFileType = sourcecode.c.h; path = Species.h; sourceTree = "<group>"; };
		F763ED211548FFED0069DA61 /* SystemOld.cpp */ = {isa = PBXFileReference; fileEncoding = 4; lastKnownFileType = sourcecode.cpp.cpp; path = SystemOld.cpp; sourceTree = "<group>"; };
		F763ED221548FFED0069DA61 /* SystemOld.h */ = {isa = PBXFileReference; fileEncoding = 4; lastKnownFileType = sourcecode.c.h; path = SystemOld.h; sourceTree = "<group>"; };
		F7672B5915B1B278000D412B /* test_gillespie.cpp */ = {isa = PBXFileReference; fileEncoding = 4; lastKnownFileType = sourcecode.cpp.cpp; path = test_gillespie.cpp; sourceTree = "<group>"; };
		F7672B5C15B1B4F1000D412B /* ChemSimImpl.h */ = {isa = PBXFileReference; lastKnownFileType = sourcecode.c.h; path = ChemSimImpl.h; sourceTree = "<group>"; };
		F7672B5D15B1CE9A000D412B /* ChemRNode.h */ = {isa = PBXFileReference; lastKnownFileType = sourcecode.c.h; path = ChemRNode.h; sourceTree = "<group>"; };
		F771ADBB15655CD70010B123 /* libcyto.dylib */ = {isa = PBXFileReference; explicitFileType = "compiled.mach-o.dylib"; includeInIndex = 0; path = libcyto.dylib; sourceTree = BUILT_PRODUCTS_DIR; };
		F775C6B715576A66008A9C87 /* ChemNRMImpl.h */ = {isa = PBXFileReference; fileEncoding = 4; lastKnownFileType = sourcecode.c.h; path = ChemNRMImpl.h; sourceTree = "<group>"; };
		F775C6B915576A8D008A9C87 /* ChemNRMImpl.cpp */ = {isa = PBXFileReference; fileEncoding = 4; lastKnownFileType = sourcecode.cpp.cpp; path = ChemNRMImpl.cpp; sourceTree = "<group>"; };
		F77A456A15DF78A2007BB95D /* test_simple_gillespie.cpp */ = {isa = PBXFileReference; fileEncoding = 4; lastKnownFileType = sourcecode.cpp.cpp; path = test_simple_gillespie.cpp; sourceTree = "<group>"; };
		F784E48B196C3E28003C84A8 /* CCylinder.h */ = {isa = PBXFileReference; fileEncoding = 4; lastKnownFileType = sourcecode.c.h; path = CCylinder.h; sourceTree = "<group>"; };
		F7954C49197D98BE00074A12 /* Cyto */ = {isa = PBXFileReference; explicitFileType = "compiled.mach-o.executable"; includeInIndex = 0; path = Cyto; sourceTree = BUILT_PRODUCTS_DIR; };
		F7954C4B197D98BE00074A12 /* Cyto.cpp */ = {isa = PBXFileReference; lastKnownFileType = sourcecode.cpp.cpp; path = Cyto.cpp; sourceTree = "<group>"; };
		F7954C63197D99BA00074A12 /* CytoMech */ = {isa = PBXFileReference; explicitFileType = "compiled.mach-o.executable"; includeInIndex = 0; path = CytoMech; sourceTree = BUILT_PRODUCTS_DIR; };
		F7954C6D197D99FC00074A12 /* MathFunctions.cpp */ = {isa = PBXFileReference; fileEncoding = 4; lastKnownFileType = sourcecode.cpp.cpp; path = MathFunctions.cpp; sourceTree = "<group>"; };
		F7954C6E197D99FC00074A12 /* MathFunctions.h */ = {isa = PBXFileReference; fileEncoding = 4; lastKnownFileType = sourcecode.c.h; path = MathFunctions.h; sourceTree = "<group>"; };
		F7954C6F197D99FC00074A12 /* MBead.cpp */ = {isa = PBXFileReference; fileEncoding = 4; lastKnownFileType = sourcecode.cpp.cpp; path = MBead.cpp; sourceTree = "<group>"; };
		F7954C70197D99FC00074A12 /* MBead.h */ = {isa = PBXFileReference; fileEncoding = 4; lastKnownFileType = sourcecode.c.h; path = MBead.h; sourceTree = "<group>"; };
		F7954C71197D99FC00074A12 /* MBeadDB.h */ = {isa = PBXFileReference; fileEncoding = 4; lastKnownFileType = sourcecode.c.h; path = MBeadDB.h; sourceTree = "<group>"; };
		F7954C72197D99FC00074A12 /* MCGsolver.cpp */ = {isa = PBXFileReference; fileEncoding = 4; lastKnownFileType = sourcecode.cpp.cpp; path = MCGsolver.cpp; sourceTree = "<group>"; };
		F7954C73197D99FC00074A12 /* Mcommon.h */ = {isa = PBXFileReference; fileEncoding = 4; lastKnownFileType = sourcecode.c.h; path = Mcommon.h; sourceTree = "<group>"; };
		F7954C74197D99FC00074A12 /* MComponent.cpp */ = {isa = PBXFileReference; fileEncoding = 4; lastKnownFileType = sourcecode.cpp.cpp; path = MComponent.cpp; sourceTree = "<group>"; };
		F7954C75197D99FC00074A12 /* MComponent.h */ = {isa = PBXFileReference; fileEncoding = 4; lastKnownFileType = sourcecode.c.h; path = MComponent.h; sourceTree = "<group>"; };
		F7954C76197D99FC00074A12 /* MComposite.cpp */ = {isa = PBXFileReference; fileEncoding = 4; lastKnownFileType = sourcecode.cpp.cpp; path = MComposite.cpp; sourceTree = "<group>"; };
		F7954C77197D99FC00074A12 /* MComposite.h */ = {isa = PBXFileReference; fileEncoding = 4; lastKnownFileType = sourcecode.c.h; path = MComposite.h; sourceTree = "<group>"; };
		F7954C78197D99FC00074A12 /* MCylinder.cpp */ = {isa = PBXFileReference; fileEncoding = 4; lastKnownFileType = sourcecode.cpp.cpp; path = MCylinder.cpp; sourceTree = "<group>"; };
		F7954C79197D99FC00074A12 /* MCylinder.h */ = {isa = PBXFileReference; fileEncoding = 4; lastKnownFileType = sourcecode.c.h; path = MCylinder.h; sourceTree = "<group>"; };
		F7954C7A197D99FC00074A12 /* MCylinderDB.h */ = {isa = PBXFileReference; fileEncoding = 4; lastKnownFileType = sourcecode.c.h; path = MCylinderDB.h; sourceTree = "<group>"; };
		F7954C7B197D99FC00074A12 /* MExclVol.cpp */ = {isa = PBXFileReference; fileEncoding = 4; lastKnownFileType = sourcecode.cpp.cpp; path = MExclVol.cpp; sourceTree = "<group>"; };
		F7954C7C197D99FC00074A12 /* MExclVol.h */ = {isa = PBXFileReference; fileEncoding = 4; lastKnownFileType = sourcecode.c.h; path = MExclVol.h; sourceTree = "<group>"; };
		F7954C7D197D99FC00074A12 /* MFilament.cpp */ = {isa = PBXFileReference; fileEncoding = 4; lastKnownFileType = sourcecode.cpp.cpp; path = MFilament.cpp; sourceTree = "<group>"; };
		F7954C7E197D99FC00074A12 /* MFilament.h */ = {isa = PBXFileReference; fileEncoding = 4; lastKnownFileType = sourcecode.c.h; path = MFilament.h; sourceTree = "<group>"; };
		F7954C7F197D99FC00074A12 /* MFilamentBending.cpp */ = {isa = PBXFileReference; fileEncoding = 4; lastKnownFileType = sourcecode.cpp.cpp; path = MFilamentBending.cpp; sourceTree = "<group>"; };
		F7954C80197D99FC00074A12 /* MFilamentDB.h */ = {isa = PBXFileReference; fileEncoding = 4; lastKnownFileType = sourcecode.c.h; path = MFilamentDB.h; sourceTree = "<group>"; };
		F7954C81197D99FC00074A12 /* MFilamentStretching.cpp */ = {isa = PBXFileReference; fileEncoding = 4; lastKnownFileType = sourcecode.cpp.cpp; path = MFilamentStretching.cpp; sourceTree = "<group>"; };
		F7954C82197D99FC00074A12 /* MFilamentTwisting.cpp */ = {isa = PBXFileReference; fileEncoding = 4; lastKnownFileType = sourcecode.cpp.cpp; path = MFilamentTwisting.cpp; sourceTree = "<group>"; };
		F7954C83197D99FC00074A12 /* MLinker.cpp */ = {isa = PBXFileReference; fileEncoding = 4; lastKnownFileType = sourcecode.cpp.cpp; path = MLinker.cpp; sourceTree = "<group>"; };
		F7954C84197D99FC00074A12 /* MLinker.h */ = {isa = PBXFileReference; fileEncoding = 4; lastKnownFileType = sourcecode.c.h; path = MLinker.h; sourceTree = "<group>"; };
		F7954C85197D99FC00074A12 /* MLinkerDB.h */ = {isa = PBXFileReference; fileEncoding = 4; lastKnownFileType = sourcecode.c.h; path = MLinkerDB.h; sourceTree = "<group>"; };
		F7954C86197D99FC00074A12 /* MLinkerStretching.cpp */ = {isa = PBXFileReference; fileEncoding = 4; lastKnownFileType = sourcecode.cpp.cpp; path = MLinkerStretching.cpp; sourceTree = "<group>"; };
		F7954C87197D99FC00074A12 /* MMotorGhost.cpp */ = {isa = PBXFileReference; fileEncoding = 4; lastKnownFileType = sourcecode.cpp.cpp; path = MMotorGhost.cpp; sourceTree = "<group>"; };
		F7954C88197D99FC00074A12 /* MMotorGhost.h */ = {isa = PBXFileReference; fileEncoding = 4; lastKnownFileType = sourcecode.c.h; path = MMotorGhost.h; sourceTree = "<group>"; };
		F7954C89197D99FC00074A12 /* MMotorGhostDB.h */ = {isa = PBXFileReference; fileEncoding = 4; lastKnownFileType = sourcecode.c.h; path = MMotorGhostDB.h; sourceTree = "<group>"; };
		F7954C8A197D99FC00074A12 /* MMotorGhostStretching.cpp */ = {isa = PBXFileReference; fileEncoding = 4; lastKnownFileType = sourcecode.cpp.cpp; path = MMotorGhostStretching.cpp; sourceTree = "<group>"; };
		F7954C8B197D99FC00074A12 /* MNetwork.cpp */ = {isa = PBXFileReference; fileEncoding = 4; lastKnownFileType = sourcecode.cpp.cpp; path = MNetwork.cpp; sourceTree = "<group>"; };
		F7954C8C197D99FC00074A12 /* MNetwork.h */ = {isa = PBXFileReference; fileEncoding = 4; lastKnownFileType = sourcecode.c.h; path = MNetwork.h; sourceTree = "<group>"; };
		F7954C8D197D99FC00074A12 /* MSystem.cpp */ = {isa = PBXFileReference; fileEncoding = 4; lastKnownFileType = sourcecode.cpp.cpp; path = MSystem.cpp; sourceTree = "<group>"; };
		F7954C8E197D99FC00074A12 /* MSystem.h */ = {isa = PBXFileReference; fileEncoding = 4; lastKnownFileType = sourcecode.c.h; path = MSystem.h; sourceTree = "<group>"; };
		F7954C8F197D99FC00074A12 /* MVolRepulsion.h */ = {isa = PBXFileReference; fileEncoding = 4; lastKnownFileType = sourcecode.c.h; path = MVolRepulsion.h; sourceTree = "<group>"; };
		F7954C90197D99FC00074A12 /* MVolRepulsionEnergy.cpp */ = {isa = PBXFileReference; fileEncoding = 4; lastKnownFileType = sourcecode.cpp.cpp; path = MVolRepulsionEnergy.cpp; sourceTree = "<group>"; };
		F7954C91197D99FC00074A12 /* MVolRepulsionForce.cpp */ = {isa = PBXFileReference; fileEncoding = 4; lastKnownFileType = sourcecode.cpp.cpp; path = MVolRepulsionForce.cpp; sourceTree = "<group>"; };
		F7954C92197D99FC00074A12 /* MVolumInter.cpp */ = {isa = PBXFileReference; fileEncoding = 4; lastKnownFileType = sourcecode.cpp.cpp; path = MVolumInter.cpp; sourceTree = "<group>"; };
		F7954C93197D99FC00074A12 /* MVolumInter.h */ = {isa = PBXFileReference; fileEncoding = 4; lastKnownFileType = sourcecode.c.h; path = MVolumInter.h; sourceTree = "<group>"; };
		F7954CCD197D9D2D00074A12 /* main.cpp */ = {isa = PBXFileReference; fileEncoding = 4; lastKnownFileType = sourcecode.cpp.cpp; path = main.cpp; sourceTree = "<group>"; };
		F7981A68194604F100A7E22C /* test_compartments.cpp */ = {isa = PBXFileReference; fileEncoding = 4; lastKnownFileType = sourcecode.cpp.cpp; path = test_compartments.cpp; sourceTree = "<group>"; };
		F7A1DC0D157AD36A004C738D /* Visitor.h */ = {isa = PBXFileReference; lastKnownFileType = sourcecode.c.h; path = Visitor.h; sourceTree = "<group>"; };
		F7A202D7194271C7005A9B5C /* gtest.framework */ = {isa = PBXFileReference; lastKnownFileType = wrapper.framework; name = gtest.framework; path = ../googletest/gtest.framework; sourceTree = "<group>"; };
		F7A77DAC15ACAC5700076046 /* example_composite */ = {isa = PBXFileReference; explicitFileType = "compiled.mach-o.executable"; includeInIndex = 0; path = example_composite; sourceTree = BUILT_PRODUCTS_DIR; };
		F7A77DAE15ACACA300076046 /* example_composite.cpp */ = {isa = PBXFileReference; fileEncoding = 4; lastKnownFileType = sourcecode.cpp.cpp; path = example_composite.cpp; sourceTree = "<group>"; };
		F7A924DA155BECD000AB05FA /* ChemSim.cpp */ = {isa = PBXFileReference; fileEncoding = 4; lastKnownFileType = sourcecode.cpp.cpp; path = ChemSim.cpp; sourceTree = "<group>"; };
		F7A94245198AB05400086614 /* Cylinder.cpp */ = {isa = PBXFileReference; fileEncoding = 4; lastKnownFileType = sourcecode.cpp.cpp; name = Cylinder.cpp; path = Cyto/Cylinder.cpp; sourceTree = SOURCE_ROOT; };
		F7A94246198AB05400086614 /* Cylinder.h */ = {isa = PBXFileReference; fileEncoding = 4; lastKnownFileType = sourcecode.c.h; name = Cylinder.h; path = Cyto/Cylinder.h; sourceTree = SOURCE_ROOT; };
		F7AA4EFD1554B38B0069F7A1 /* utility.h */ = {isa = PBXFileReference; fileEncoding = 4; lastKnownFileType = sourcecode.c.h; path = utility.h; sourceTree = "<group>"; };
		F7B99A6D15EFBBE7004A245A /* SpeciesContainer.h */ = {isa = PBXFileReference; fileEncoding = 4; lastKnownFileType = sourcecode.c.h; path = SpeciesContainer.h; sourceTree = "<group>"; };
		F7BC9F59158E551400D75EA8 /* ToDo */ = {isa = PBXFileReference; lastKnownFileType = text; name = ToDo; path = ../ToDo; sourceTree = "<group>"; };
		F7BCA5B615F17EC800D690E4 /* ReactionContainer.h */ = {isa = PBXFileReference; lastKnownFileType = sourcecode.c.h; path = ReactionContainer.h; sourceTree = "<group>"; };
		F7BDDE83155231CE0053817E /* ChemSim.h */ = {isa = PBXFileReference; fileEncoding = 4; lastKnownFileType = sourcecode.c.h; path = ChemSim.h; sourceTree = "<group>"; };
		F7C7A0F315FFBA3D00DF9838 /* CytoSim-TestSuite */ = {isa = PBXFileReference; explicitFileType = "compiled.mach-o.executable"; includeInIndex = 0; path = "CytoSim-TestSuite"; sourceTree = BUILT_PRODUCTS_DIR; };
		F7D75C3719756EF600324C41 /* CMembrane.cpp */ = {isa = PBXFileReference; fileEncoding = 4; lastKnownFileType = sourcecode.cpp.cpp; path = CMembrane.cpp; sourceTree = "<group>"; };
		F7D75C3819756EF600324C41 /* CMembrane.h */ = {isa = PBXFileReference; fileEncoding = 4; lastKnownFileType = sourcecode.c.h; path = CMembrane.h; sourceTree = "<group>"; };
		F7D98ED615E2613200CCD25E /* test_gillespie_cross.cpp */ = {isa = PBXFileReference; fileEncoding = 4; lastKnownFileType = sourcecode.cpp.cpp; path = test_gillespie_cross.cpp; sourceTree = "<group>"; };
		F7DB0B2215D81A55009A8650 /* test_nrm.cpp */ = {isa = PBXFileReference; fileEncoding = 4; lastKnownFileType = sourcecode.cpp.cpp; path = test_nrm.cpp; sourceTree = "<group>"; };
		F7E3DB5715799F85002EAF2C /* example_kostya.cpp */ = {isa = PBXFileReference; lastKnownFileType = sourcecode.cpp.cpp; path = example_kostya.cpp; sourceTree = "<group>"; };
		F7E3DB621579A03C002EAF2C /* example_kostya */ = {isa = PBXFileReference; explicitFileType = "compiled.mach-o.executable"; includeInIndex = 0; path = example_kostya; sourceTree = BUILT_PRODUCTS_DIR; };
		F7E432D015FEDD3200C8EA50 /* Signaling.h */ = {isa = PBXFileReference; lastKnownFileType = sourcecode.c.h; name = Signaling.h; path = CytoSim/Signaling.h; sourceTree = SOURCE_ROOT; };
		F7F3681D1575C743006727F7 /* Composite.cpp */ = {isa = PBXFileReference; fileEncoding = 4; lastKnownFileType = sourcecode.cpp.cpp; path = Composite.cpp; sourceTree = "<group>"; };
/* End PBXFileReference section */

/* Begin PBXFrameworksBuildPhase section */
		F7123D7C15752161008F64D1 /* Frameworks */ = {
			isa = PBXFrameworksBuildPhase;
			buildActionMask = 2147483647;
			files = (
				F7123D841575217B008F64D1 /* libcyto.dylib in Frameworks */,
			);
			runOnlyForDeploymentPostprocessing = 0;
		};
		F763ED031548FFC70069DA61 /* Frameworks */ = {
			isa = PBXFrameworksBuildPhase;
			buildActionMask = 2147483647;
			files = (
			);
			runOnlyForDeploymentPostprocessing = 0;
		};
		F771ADB815655CD70010B123 /* Frameworks */ = {
			isa = PBXFrameworksBuildPhase;
			buildActionMask = 2147483647;
			files = (
			);
			runOnlyForDeploymentPostprocessing = 0;
		};
		F7954C46197D98BE00074A12 /* Frameworks */ = {
			isa = PBXFrameworksBuildPhase;
			buildActionMask = 2147483647;
			files = (
			);
			runOnlyForDeploymentPostprocessing = 0;
		};
		F7954C60197D99BA00074A12 /* Frameworks */ = {
			isa = PBXFrameworksBuildPhase;
			buildActionMask = 2147483647;
			files = (
			);
			runOnlyForDeploymentPostprocessing = 0;
		};
		F7A77DA615ACAC5700076046 /* Frameworks */ = {
			isa = PBXFrameworksBuildPhase;
			buildActionMask = 2147483647;
			files = (
				F7A77DA715ACAC5700076046 /* libcyto.dylib in Frameworks */,
			);
			runOnlyForDeploymentPostprocessing = 0;
		};
		F7C7A0EE15FFBA3D00DF9838 /* Frameworks */ = {
			isa = PBXFrameworksBuildPhase;
			buildActionMask = 2147483647;
			files = (
				F7C7A0FB15FFBA9700DF9838 /* libcyto.dylib in Frameworks */,
			);
			runOnlyForDeploymentPostprocessing = 0;
		};
		F7E3DB5C1579A03C002EAF2C /* Frameworks */ = {
			isa = PBXFrameworksBuildPhase;
			buildActionMask = 2147483647;
			files = (
				F7E3DB5D1579A03C002EAF2C /* libcyto.dylib in Frameworks */,
			);
			runOnlyForDeploymentPostprocessing = 0;
		};
/* End PBXFrameworksBuildPhase section */

/* Begin PBXGroup section */
		F71E973C1565A783002BDF16 /* TESTS */ = {
			isa = PBXGroup;
			children = (
				F703AFD0160CAEA5006C1AC6 /* test_visitor.cpp */,
				F703AFCD160C8E7A006C1AC6 /* test_composite.cpp */,
				F71E973D1565A79A002BDF16 /* test_species.cpp */,
				F71E97411565B01A002BDF16 /* test_reactions.cpp */,
				F7672B5915B1B278000D412B /* test_gillespie.cpp */,
				F7DB0B2215D81A55009A8650 /* test_nrm.cpp */,
				F77A456A15DF78A2007BB95D /* test_simple_gillespie.cpp */,
				F7D98ED615E2613200CCD25E /* test_gillespie_cross.cpp */,
				F7981A68194604F100A7E22C /* test_compartments.cpp */,
			);
			path = TESTS;
			sourceTree = "<group>";
		};
		F763ECFB1548FFC70069DA61 = {
			isa = PBXGroup;
			children = (
				F7A202D7194271C7005A9B5C /* gtest.framework */,
				F763ED071548FFC70069DA61 /* Products */,
				F7954C4A197D98BE00074A12 /* Cyto */,
				F763ED091548FFC70069DA61 /* CytoSim */,
				F7954C6C197D99FC00074A12 /* CytoMech */,
			);
			sourceTree = "<group>";
		};
		F763ED071548FFC70069DA61 /* Products */ = {
			isa = PBXGroup;
			children = (
				F763ED061548FFC70069DA61 /* CytoSim */,
				F771ADBB15655CD70010B123 /* libcyto.dylib */,
				F7123D8115752161008F64D1 /* example_misc */,
				F7E3DB621579A03C002EAF2C /* example_kostya */,
				F7A77DAC15ACAC5700076046 /* example_composite */,
				F7C7A0F315FFBA3D00DF9838 /* CytoSim-TestSuite */,
				F7954C49197D98BE00074A12 /* Cyto */,
				F7954C63197D99BA00074A12 /* CytoMech */,
			);
			name = Products;
			sourceTree = "<group>";
		};
		F763ED091548FFC70069DA61 /* CytoSim */ = {
			isa = PBXGroup;
			children = (
				F7013D8015D6C19D00A0428D /* ChemGillespieImpl.cpp */,
				F7013D7E15D6C18800A0428D /* ChemGillespieImpl.h */,
				F775C6B915576A8D008A9C87 /* ChemNRMImpl.cpp */,
				F775C6B715576A66008A9C87 /* ChemNRMImpl.h */,
				F701749F15DD0C7C00AAA2AD /* ChemSimpleGillespieImpl.cpp */,
				F701749D15DD0C5900AAA2AD /* ChemSimpleGillespieImpl.h */,
				F7672B5D15B1CE9A000D412B /* ChemRNode.h */,
				F7A924DA155BECD000AB05FA /* ChemSim.cpp */,
				F7BDDE83155231CE0053817E /* ChemSim.h */,
				F7672B5C15B1B4F1000D412B /* ChemSimImpl.h */,
				F7358480198967230026E1B6 /* SimpleInitializerImpl.cpp */,
				F7358481198967230026E1B6 /* SimpleInitializerImpl.h */,
				F73584701989435F0026E1B6 /* ChemInitializer.cpp */,
				F73584711989435F0026E1B6 /* ChemInitializer.h */,
				F735847719894BB40026E1B6 /* ChemInitializerImpl.h */,
				F71EAF1815B224210072EE4E /* common.cpp */,
				F763ED131548FFED0069DA61 /* common.h */,
				F763ED141548FFED0069DA61 /* Compartment.cpp */,
				F763ED151548FFED0069DA61 /* Compartment.h */,
				F76148CF15F79CE800587017 /* CompartmentContainer.cpp */,
				F76148D015F79CE800587017 /* CompartmentContainer.h */,
				F7346A891578206500326E09 /* Component.cpp */,
				F7346A871578202600326E09 /* Component.h */,
				F7F3681D1575C743006727F7 /* Composite.cpp */,
				F702A4581575237F00FF21FC /* Composite.h */,
				F7A20C8F1566023100113920 /* EXAMPLES */,
				F763ED161548FFED0069DA61 /* CytoSim.cpp */,
				F763ED181548FFED0069DA61 /* notes.txt */,
				F763ED1B1548FFED0069DA61 /* Reaction.cpp */,
				F763ED1C1548FFED0069DA61 /* Reaction.h */,
				F737B37D160961B1001722DD /* ReactionBase.cpp */,
				F737B37E160961B1001722DD /* ReactionBase.h */,
				F7BCA5B615F17EC800D690E4 /* ReactionContainer.h */,
				F7382CCF156BE2F00022F97B /* RSpecies.cpp */,
				F7382CCD156BE2DA0022F97B /* RSpecies.h */,
				F763ED1F1548FFED0069DA61 /* Species.cpp */,
				F763ED201548FFED0069DA61 /* Species.h */,
				F7D75C3719756EF600324C41 /* CMembrane.cpp */,
				F7D75C3819756EF600324C41 /* CMembrane.h */,
				F784E48B196C3E28003C84A8 /* CCylinder.h */,
				F72EC62F19782604007DA75F /* CFilamentElement.h */,
				F72BB383196F14B800D0DBEF /* FilopodiaCSystem.cpp */,
				F7B99A6D15EFBBE7004A245A /* SpeciesContainer.h */,
				F7E432D015FEDD3200C8EA50 /* Signaling.h */,
				F763ED211548FFED0069DA61 /* SystemOld.cpp */,
				F763ED221548FFED0069DA61 /* SystemOld.h */,
				F71E973C1565A783002BDF16 /* TESTS */,
				F7BC9F59158E551400D75EA8 /* ToDo */,
				F7AA4EFD1554B38B0069F7A1 /* utility.h */,
				F7A1DC0D157AD36A004C738D /* Visitor.h */,
			);
			path = CytoSim;
			sourceTree = "<group>";
		};
		F7954C4A197D98BE00074A12 /* Cyto */ = {
			isa = PBXGroup;
			children = (
				F7A94245198AB05400086614 /* Cylinder.cpp */,
				F7A94246198AB05400086614 /* Cylinder.h */,
				F7358498198990E60026E1B6 /* ChemController.cpp */,
				F7358499198990E60026E1B6 /* ChemController.h */,
				F7954C4B197D98BE00074A12 /* Cyto.cpp */,
			);
			path = Cyto;
			sourceTree = "<group>";
		};
		F7954C6C197D99FC00074A12 /* CytoMech */ = {
			isa = PBXGroup;
			children = (
				F7954C6D197D99FC00074A12 /* MathFunctions.cpp */,
				F7954C6E197D99FC00074A12 /* MathFunctions.h */,
				F7954C6F197D99FC00074A12 /* MBead.cpp */,
				F7954C70197D99FC00074A12 /* MBead.h */,
				F7954C71197D99FC00074A12 /* MBeadDB.h */,
				F7358486198980DC0026E1B6 /* MBeadDB.cpp */,
				F7954C72197D99FC00074A12 /* MCGsolver.cpp */,
				F7954C73197D99FC00074A12 /* Mcommon.h */,
				F7954C74197D99FC00074A12 /* MComponent.cpp */,
				F7954C75197D99FC00074A12 /* MComponent.h */,
				F7954C76197D99FC00074A12 /* MComposite.cpp */,
				F7954C77197D99FC00074A12 /* MComposite.h */,
				F7954C78197D99FC00074A12 /* MCylinder.cpp */,
				F7954C79197D99FC00074A12 /* MCylinder.h */,
				F7954C7A197D99FC00074A12 /* MCylinderDB.h */,
				F7358489198982AB0026E1B6 /* MCylinderDB.cpp */,
				F7954C7B197D99FC00074A12 /* MExclVol.cpp */,
				F7954C7C197D99FC00074A12 /* MExclVol.h */,
				F7954C7D197D99FC00074A12 /* MFilament.cpp */,
				F7954C7E197D99FC00074A12 /* MFilament.h */,
				F7954C7F197D99FC00074A12 /* MFilamentBending.cpp */,
				F7954C80197D99FC00074A12 /* MFilamentDB.h */,
				F735848C198986580026E1B6 /* MFilamentDB.cpp */,
				F7954C81197D99FC00074A12 /* MFilamentStretching.cpp */,
				F7954C82197D99FC00074A12 /* MFilamentTwisting.cpp */,
				F7954C83197D99FC00074A12 /* MLinker.cpp */,
				F7954C84197D99FC00074A12 /* MLinker.h */,
				F7954C85197D99FC00074A12 /* MLinkerDB.h */,
				F735848F198987C60026E1B6 /* MLinkerDB.cpp */,
				F7954C86197D99FC00074A12 /* MLinkerStretching.cpp */,
				F7954C87197D99FC00074A12 /* MMotorGhost.cpp */,
				F7954C88197D99FC00074A12 /* MMotorGhost.h */,
				F7954C89197D99FC00074A12 /* MMotorGhostDB.h */,
				F7358492198988EF0026E1B6 /* MMotorGhostDB.cpp */,
				F7954C8A197D99FC00074A12 /* MMotorGhostStretching.cpp */,
				F7954C8B197D99FC00074A12 /* MNetwork.cpp */,
				F7954C8C197D99FC00074A12 /* MNetwork.h */,
				F7954C8D197D99FC00074A12 /* MSystem.cpp */,
				F7954C8E197D99FC00074A12 /* MSystem.h */,
				F7954C8F197D99FC00074A12 /* MVolRepulsion.h */,
				F7954C90197D99FC00074A12 /* MVolRepulsionEnergy.cpp */,
				F7954C91197D99FC00074A12 /* MVolRepulsionForce.cpp */,
				F7954C92197D99FC00074A12 /* MVolumInter.cpp */,
				F7954C93197D99FC00074A12 /* MVolumInter.h */,
				F7954CCD197D9D2D00074A12 /* main.cpp */,
			);
			path = CytoMech;
			sourceTree = "<group>";
		};
		F7A20C8F1566023100113920 /* EXAMPLES */ = {
			isa = PBXGroup;
			children = (
				F7123D701575211E008F64D1 /* example_misc.cpp */,
				F7E3DB5715799F85002EAF2C /* example_kostya.cpp */,
				F7A77DAE15ACACA300076046 /* example_composite.cpp */,
			);
			path = EXAMPLES;
			sourceTree = "<group>";
		};
/* End PBXGroup section */

/* Begin PBXHeadersBuildPhase section */
		F771ADB915655CD70010B123 /* Headers */ = {
			isa = PBXHeadersBuildPhase;
			buildActionMask = 2147483647;
			files = (
				F784E48F196C3E28003C84A8 /* CCylinder.h in Headers */,
				F7358485198967230026E1B6 /* SimpleInitializerImpl.h in Headers */,
				F7B99A7015EFBBE8004A245A /* SpeciesContainer.h in Headers */,
				F735847B19894BB40026E1B6 /* ChemInitializerImpl.h in Headers */,
				F72EC63319782604007DA75F /* CFilamentElement.h in Headers */,
				F76148D315F79CE800587017 /* CompartmentContainer.h in Headers */,
				F73584751989435F0026E1B6 /* ChemInitializer.h in Headers */,
				F7D75C3C19756EF600324C41 /* CMembrane.h in Headers */,
				F737B381160961B1001722DD /* ReactionBase.h in Headers */,
			);
			runOnlyForDeploymentPostprocessing = 0;
		};
/* End PBXHeadersBuildPhase section */

/* Begin PBXNativeTarget section */
		F7123D7215752161008F64D1 /* CytoSim-example_misc */ = {
			isa = PBXNativeTarget;
			buildConfigurationList = F7123D7E15752161008F64D1 /* Build configuration list for PBXNativeTarget "CytoSim-example_misc" */;
			buildPhases = (
				F7123D7315752161008F64D1 /* Sources */,
				F7123D7C15752161008F64D1 /* Frameworks */,
				F7123D7D15752161008F64D1 /* CopyFiles */,
			);
			buildRules = (
			);
			dependencies = (
			);
			name = "CytoSim-example_misc";
			productName = CytoSim;
			productReference = F7123D8115752161008F64D1 /* example_misc */;
			productType = "com.apple.product-type.tool";
		};
		F763ED051548FFC70069DA61 /* CytoSim */ = {
			isa = PBXNativeTarget;
			buildConfigurationList = F763ED101548FFC70069DA61 /* Build configuration list for PBXNativeTarget "CytoSim" */;
			buildPhases = (
				F763ED021548FFC70069DA61 /* Sources */,
				F763ED031548FFC70069DA61 /* Frameworks */,
				F763ED041548FFC70069DA61 /* CopyFiles */,
			);
			buildRules = (
			);
			dependencies = (
			);
			name = CytoSim;
			productName = CytoSim;
			productReference = F763ED061548FFC70069DA61 /* CytoSim */;
			productType = "com.apple.product-type.tool";
		};
		F771ADBA15655CD70010B123 /* cyto */ = {
			isa = PBXNativeTarget;
			buildConfigurationList = F771ADBC15655CD70010B123 /* Build configuration list for PBXNativeTarget "cyto" */;
			buildPhases = (
				F771ADB715655CD70010B123 /* Sources */,
				F771ADB815655CD70010B123 /* Frameworks */,
				F771ADB915655CD70010B123 /* Headers */,
			);
			buildRules = (
			);
			dependencies = (
			);
			name = cyto;
			productName = cyto;
			productReference = F771ADBB15655CD70010B123 /* libcyto.dylib */;
			productType = "com.apple.product-type.library.dynamic";
		};
		F7954C48197D98BE00074A12 /* Cyto */ = {
			isa = PBXNativeTarget;
			buildConfigurationList = F7954C4F197D98BE00074A12 /* Build configuration list for PBXNativeTarget "Cyto" */;
			buildPhases = (
				F7954C45197D98BE00074A12 /* Sources */,
				F7954C46197D98BE00074A12 /* Frameworks */,
				F7954C47197D98BE00074A12 /* CopyFiles */,
			);
			buildRules = (
			);
			dependencies = (
			);
			name = Cyto;
			productName = Cyto;
			productReference = F7954C49197D98BE00074A12 /* Cyto */;
			productType = "com.apple.product-type.tool";
		};
		F7954C62197D99BA00074A12 /* CytoMech */ = {
			isa = PBXNativeTarget;
			buildConfigurationList = F7954C69197D99BA00074A12 /* Build configuration list for PBXNativeTarget "CytoMech" */;
			buildPhases = (
				F7954C5F197D99BA00074A12 /* Sources */,
				F7954C60197D99BA00074A12 /* Frameworks */,
				F7954C61197D99BA00074A12 /* CopyFiles */,
			);
			buildRules = (
			);
			dependencies = (
			);
			name = CytoMech;
			productName = CytoMech;
			productReference = F7954C63197D99BA00074A12 /* CytoMech */;
			productType = "com.apple.product-type.tool";
		};
		F7A77DA315ACAC5700076046 /* CytoSim-example_composite */ = {
			isa = PBXNativeTarget;
			buildConfigurationList = F7A77DA915ACAC5700076046 /* Build configuration list for PBXNativeTarget "CytoSim-example_composite" */;
			buildPhases = (
				F7A77DA415ACAC5700076046 /* Sources */,
				F7A77DA615ACAC5700076046 /* Frameworks */,
				F7A77DA815ACAC5700076046 /* CopyFiles */,
			);
			buildRules = (
			);
			dependencies = (
			);
			name = "CytoSim-example_composite";
			productName = CytoSim;
			productReference = F7A77DAC15ACAC5700076046 /* example_composite */;
			productType = "com.apple.product-type.tool";
		};
		F7C7A0DD15FFBA3D00DF9838 /* CytoSim-TestSuite */ = {
			isa = PBXNativeTarget;
			buildConfigurationList = F7C7A0F015FFBA3D00DF9838 /* Build configuration list for PBXNativeTarget "CytoSim-TestSuite" */;
			buildPhases = (
				F7C7A0DE15FFBA3D00DF9838 /* Sources */,
				F7C7A0EE15FFBA3D00DF9838 /* Frameworks */,
				F7C7A0EF15FFBA3D00DF9838 /* CopyFiles */,
			);
			buildRules = (
			);
			dependencies = (
			);
			name = "CytoSim-TestSuite";
			productName = CytoSim;
			productReference = F7C7A0F315FFBA3D00DF9838 /* CytoSim-TestSuite */;
			productType = "com.apple.product-type.tool";
		};
		F7E3DB591579A03C002EAF2C /* CytoSim-example_kostya */ = {
			isa = PBXNativeTarget;
			buildConfigurationList = F7E3DB5F1579A03C002EAF2C /* Build configuration list for PBXNativeTarget "CytoSim-example_kostya" */;
			buildPhases = (
				F7E3DB5A1579A03C002EAF2C /* Sources */,
				F7E3DB5C1579A03C002EAF2C /* Frameworks */,
				F7E3DB5E1579A03C002EAF2C /* CopyFiles */,
			);
			buildRules = (
			);
			dependencies = (
			);
			name = "CytoSim-example_kostya";
			productName = CytoSim;
			productReference = F7E3DB621579A03C002EAF2C /* example_kostya */;
			productType = "com.apple.product-type.tool";
		};
/* End PBXNativeTarget section */

/* Begin PBXProject section */
		F763ECFD1548FFC70069DA61 /* Project object */ = {
			isa = PBXProject;
			attributes = {
				LastUpgradeCheck = 0510;
				ORGANIZATIONNAME = "University of Maryland";
			};
			buildConfigurationList = F763ED001548FFC70069DA61 /* Build configuration list for PBXProject "Cyto" */;
			compatibilityVersion = "Xcode 3.2";
			developmentRegion = English;
			hasScannedForEncodings = 0;
			knownRegions = (
				en,
			);
			mainGroup = F763ECFB1548FFC70069DA61;
			productRefGroup = F763ED071548FFC70069DA61 /* Products */;
			projectDirPath = "";
			projectRoot = "";
			targets = (
				F7954C48197D98BE00074A12 /* Cyto */,
				F763ED051548FFC70069DA61 /* CytoSim */,
				F7954C62197D99BA00074A12 /* CytoMech */,
				F771ADBA15655CD70010B123 /* cyto */,
				F7C7A0DD15FFBA3D00DF9838 /* CytoSim-TestSuite */,
				F7123D7215752161008F64D1 /* CytoSim-example_misc */,
				F7E3DB591579A03C002EAF2C /* CytoSim-example_kostya */,
				F7A77DA315ACAC5700076046 /* CytoSim-example_composite */,
			);
		};
/* End PBXProject section */

/* Begin PBXSourcesBuildPhase section */
		F7123D7315752161008F64D1 /* Sources */ = {
			isa = PBXSourcesBuildPhase;
			buildActionMask = 2147483647;
			files = (
				F7123D8315752172008F64D1 /* example_misc.cpp in Sources */,
			);
			runOnlyForDeploymentPostprocessing = 0;
		};
		F763ED021548FFC70069DA61 /* Sources */ = {
			isa = PBXSourcesBuildPhase;
			buildActionMask = 2147483647;
			files = (
				F7358483198967230026E1B6 /* SimpleInitializerImpl.cpp in Sources */,
				F73584731989435F0026E1B6 /* ChemInitializer.cpp in Sources */,
				F763ED231548FFED0069DA61 /* Compartment.cpp in Sources */,
				F763ED271548FFED0069DA61 /* Reaction.cpp in Sources */,
				F763ED291548FFED0069DA61 /* Species.cpp in Sources */,
				F775C6BA15576A8D008A9C87 /* ChemNRMImpl.cpp in Sources */,
				F7A924DB155BECD000AB05FA /* ChemSim.cpp in Sources */,
				F7382CD0156BE2F00022F97B /* RSpecies.cpp in Sources */,
				F7F3681E1575C743006727F7 /* Composite.cpp in Sources */,
				F7346A8A1578206500326E09 /* Component.cpp in Sources */,
				F71EAF1915B224210072EE4E /* common.cpp in Sources */,
				F7013D8115D6C19D00A0428D /* ChemGillespieImpl.cpp in Sources */,
				F70174A015DD0C7C00AAA2AD /* ChemSimpleGillespieImpl.cpp in Sources */,
				F76148D115F79CE800587017 /* CompartmentContainer.cpp in Sources */,
				F737B37F160961B1001722DD /* ReactionBase.cpp in Sources */,
			);
			runOnlyForDeploymentPostprocessing = 0;
		};
		F771ADB715655CD70010B123 /* Sources */ = {
			isa = PBXSourcesBuildPhase;
			buildActionMask = 2147483647;
			files = (
				F771ADBF15655DBA0010B123 /* ChemNRMImpl.cpp in Sources */,
				F771ADC015655DBA0010B123 /* ChemSim.cpp in Sources */,
				F771ADC115655DBA0010B123 /* Compartment.cpp in Sources */,
				F771ADC415655DBA0010B123 /* Reaction.cpp in Sources */,
				F771ADC615655DBA0010B123 /* Species.cpp in Sources */,
				F7358484198967230026E1B6 /* SimpleInitializerImpl.cpp in Sources */,
				F771ADC715655DBA0010B123 /* SystemOld.cpp in Sources */,
				F7382CD1156BE2F00022F97B /* RSpecies.cpp in Sources */,
				F7F3681F1575C743006727F7 /* Composite.cpp in Sources */,
				F7346A8B1578206500326E09 /* Component.cpp in Sources */,
				F73584741989435F0026E1B6 /* ChemInitializer.cpp in Sources */,
				F71EAF1A15B224210072EE4E /* common.cpp in Sources */,
				F7013D8215D6C19D00A0428D /* ChemGillespieImpl.cpp in Sources */,
				F70174A115DD0C7C00AAA2AD /* ChemSimpleGillespieImpl.cpp in Sources */,
				F76148D215F79CE800587017 /* CompartmentContainer.cpp in Sources */,
				F737B380160961B1001722DD /* ReactionBase.cpp in Sources */,
			);
			runOnlyForDeploymentPostprocessing = 0;
		};
		F7954C45197D98BE00074A12 /* Sources */ = {
			isa = PBXSourcesBuildPhase;
			buildActionMask = 2147483647;
			files = (
				F7358490198987C60026E1B6 /* MLinkerDB.cpp in Sources */,
				F7954CA8197D9CC000074A12 /* ChemGillespieImpl.cpp in Sources */,
				F7954CA9197D9CC000074A12 /* ChemNRMImpl.cpp in Sources */,
				F7A94247198AB05400086614 /* Cylinder.cpp in Sources */,
				F7954CAA197D9CC000074A12 /* ChemSim.cpp in Sources */,
				F7954CAB197D9CC000074A12 /* ChemSimpleGillespieImpl.cpp in Sources */,
				F7954CAC197D9CC000074A12 /* common.cpp in Sources */,
				F7358493198988EF0026E1B6 /* MMotorGhostDB.cpp in Sources */,
				F7954CAD197D9CC000074A12 /* Compartment.cpp in Sources */,
				F7954CAE197D9CC000074A12 /* CompartmentContainer.cpp in Sources */,
				F7954CAF197D9CC000074A12 /* Component.cpp in Sources */,
				F7358487198980DC0026E1B6 /* MBeadDB.cpp in Sources */,
				F7954CB0197D9CC000074A12 /* Composite.cpp in Sources */,
				F7954CB1197D9CC000074A12 /* Reaction.cpp in Sources */,
				F7954CB2197D9CC000074A12 /* ReactionBase.cpp in Sources */,
				F7954CB3197D9CC000074A12 /* RSpecies.cpp in Sources */,
				F7954CB4197D9CC000074A12 /* Species.cpp in Sources */,
				F735849A198990E60026E1B6 /* ChemController.cpp in Sources */,
				F7954CB8197D9CC000074A12 /* SystemOld.cpp in Sources */,
				F735848A198982AB0026E1B6 /* MCylinderDB.cpp in Sources */,
				F7954CB9197D9CC000074A12 /* MathFunctions.cpp in Sources */,
				F7954CBA197D9CC000074A12 /* MBead.cpp in Sources */,
				F7954CBB197D9CC000074A12 /* MCGsolver.cpp in Sources */,
				F7954CBC197D9CC000074A12 /* MComponent.cpp in Sources */,
				F7954CBD197D9CC000074A12 /* MComposite.cpp in Sources */,
				F7358482198967230026E1B6 /* SimpleInitializerImpl.cpp in Sources */,
				F7954CBE197D9CC000074A12 /* MCylinder.cpp in Sources */,
				F7954CBF197D9CC000074A12 /* MExclVol.cpp in Sources */,
				F7954CC0197D9CC000074A12 /* MFilament.cpp in Sources */,
				F7954CC1197D9CC000074A12 /* MFilamentBending.cpp in Sources */,
				F7954CC2197D9CC000074A12 /* MFilamentStretching.cpp in Sources */,
				F7954CC3197D9CC000074A12 /* MFilamentTwisting.cpp in Sources */,
				F73584721989435F0026E1B6 /* ChemInitializer.cpp in Sources */,
				F7954CC4197D9CC000074A12 /* MLinker.cpp in Sources */,
				F7954CC5197D9CC000074A12 /* MLinkerStretching.cpp in Sources */,
				F7954CC6197D9CC000074A12 /* MMotorGhost.cpp in Sources */,
				F7954CC7197D9CC000074A12 /* MMotorGhostStretching.cpp in Sources */,
				F7954CC8197D9CC000074A12 /* MNetwork.cpp in Sources */,
				F7954CC9197D9CC000074A12 /* MSystem.cpp in Sources */,
				F7954CCA197D9CC000074A12 /* MVolRepulsionEnergy.cpp in Sources */,
				F7954CCB197D9CC000074A12 /* MVolRepulsionForce.cpp in Sources */,
				F7954CCC197D9CC000074A12 /* MVolumInter.cpp in Sources */,
				F7954C4C197D98BE00074A12 /* Cyto.cpp in Sources */,
				F735848D198986580026E1B6 /* MFilamentDB.cpp in Sources */,
			);
			runOnlyForDeploymentPostprocessing = 0;
		};
		F7954C5F197D99BA00074A12 /* Sources */ = {
			isa = PBXSourcesBuildPhase;
			buildActionMask = 2147483647;
			files = (
				F7954CA3197D99FC00074A12 /* MNetwork.cpp in Sources */,
				F7358494198988EF0026E1B6 /* MMotorGhostDB.cpp in Sources */,
				F7358488198980DC0026E1B6 /* MBeadDB.cpp in Sources */,
				F7954C9B197D99FC00074A12 /* MFilament.cpp in Sources */,
				F7954CA0197D99FC00074A12 /* MLinkerStretching.cpp in Sources */,
				F7954C96197D99FC00074A12 /* MCGsolver.cpp in Sources */,
				F7954CA4197D99FC00074A12 /* MSystem.cpp in Sources */,
				F7954C9F197D99FC00074A12 /* MLinker.cpp in Sources */,
				F7954C99197D99FC00074A12 /* MCylinder.cpp in Sources */,
				F7954C9C197D99FC00074A12 /* MFilamentBending.cpp in Sources */,
				F7954CA1197D99FC00074A12 /* MMotorGhost.cpp in Sources */,
				F7954CA5197D99FC00074A12 /* MVolRepulsionEnergy.cpp in Sources */,
				F7954CA2197D99FC00074A12 /* MMotorGhostStretching.cpp in Sources */,
				F7954CCF197D9D2D00074A12 /* main.cpp in Sources */,
				F7954C94197D99FC00074A12 /* MathFunctions.cpp in Sources */,
				F7954CA7197D99FC00074A12 /* MVolumInter.cpp in Sources */,
				F7954C95197D99FC00074A12 /* MBead.cpp in Sources */,
				F7954C97197D99FC00074A12 /* MComponent.cpp in Sources */,
				F7954C9E197D99FC00074A12 /* MFilamentTwisting.cpp in Sources */,
				F7954C98197D99FC00074A12 /* MComposite.cpp in Sources */,
				F735848E198986580026E1B6 /* MFilamentDB.cpp in Sources */,
				F7954CA6197D99FC00074A12 /* MVolRepulsionForce.cpp in Sources */,
				F7358491198987C60026E1B6 /* MLinkerDB.cpp in Sources */,
				F7954C9D197D99FC00074A12 /* MFilamentStretching.cpp in Sources */,
				F7954C9A197D99FC00074A12 /* MExclVol.cpp in Sources */,
				F735848B198982AB0026E1B6 /* MCylinderDB.cpp in Sources */,
			);
			runOnlyForDeploymentPostprocessing = 0;
		};
		F7A77DA415ACAC5700076046 /* Sources */ = {
			isa = PBXSourcesBuildPhase;
			buildActionMask = 2147483647;
			files = (
				F7A77DAF15ACACA300076046 /* example_composite.cpp in Sources */,
			);
			runOnlyForDeploymentPostprocessing = 0;
		};
		F7C7A0DE15FFBA3D00DF9838 /* Sources */ = {
			isa = PBXSourcesBuildPhase;
			buildActionMask = 2147483647;
			files = (
				F7A8EEAF193F91A600A52210 /* test_visitor.cpp in Sources */,
				F7A8EEB0193F91A600A52210 /* test_composite.cpp in Sources */,
				F7A8EEB1193F91A600A52210 /* test_species.cpp in Sources */,
				F7A8EEB2193F91A600A52210 /* test_reactions.cpp in Sources */,
				F7A8EEB3193F91A600A52210 /* test_gillespie.cpp in Sources */,
				F7A8EEB4193F91A600A52210 /* test_nrm.cpp in Sources */,
				F7981A6A194604F100A7E22C /* test_compartments.cpp in Sources */,
				F7A8EEB5193F91A600A52210 /* test_simple_gillespie.cpp in Sources */,
				F7A8EEAD193F8C4900A52210 /* test_gillespie_cross.cpp in Sources */,
			);
			runOnlyForDeploymentPostprocessing = 0;
		};
		F7E3DB5A1579A03C002EAF2C /* Sources */ = {
			isa = PBXSourcesBuildPhase;
			buildActionMask = 2147483647;
			files = (
				F7E3DB641579A0F9002EAF2C /* example_kostya.cpp in Sources */,
			);
			runOnlyForDeploymentPostprocessing = 0;
		};
/* End PBXSourcesBuildPhase section */

/* Begin XCBuildConfiguration section */
		F7123D7F15752161008F64D1 /* Debug */ = {
			isa = XCBuildConfiguration;
			buildSettings = {
				GCC_VERSION = com.apple.compilers.llvm.gcc47;
				GCC_WARN_64_TO_32_BIT_CONVERSION = NO;
				GCC_WARN_SIGN_COMPARE = NO;
				HEADER_SEARCH_PATHS = /usr/local/include;
				LIBRARY_SEARCH_PATHS = /usr/local/lib;
				OTHER_CFLAGS = "-std=c++11";
				OTHER_LDFLAGS = "";
				PRODUCT_NAME = example_misc;
				USER_HEADER_SEARCH_PATHS = "~/Dropbox/Codes/CytoSim/CytoSim";
			};
			name = Debug;
		};
		F7123D8015752161008F64D1 /* Release */ = {
			isa = XCBuildConfiguration;
			buildSettings = {
				GCC_VERSION = com.apple.compilers.llvm.gcc47;
				GCC_WARN_64_TO_32_BIT_CONVERSION = NO;
				GCC_WARN_SIGN_COMPARE = NO;
				HEADER_SEARCH_PATHS = /usr/local/include;
				LIBRARY_SEARCH_PATHS = /usr/local/lib;
				OTHER_CFLAGS = "-std=c++11";
				OTHER_LDFLAGS = "";
				PRODUCT_NAME = example_misc;
				USER_HEADER_SEARCH_PATHS = "~/Dropbox/Codes/CytoSim/CytoSim";
			};
			name = Release;
		};
		F763ED0E1548FFC70069DA61 /* Debug */ = {
			isa = XCBuildConfiguration;
			buildSettings = {
				ALWAYS_SEARCH_USER_PATHS = NO;
				COPY_PHASE_STRIP = NO;
				GCC_C_LANGUAGE_STANDARD = gnu99;
				GCC_DYNAMIC_NO_PIC = NO;
				GCC_ENABLE_OBJC_EXCEPTIONS = YES;
				GCC_OPTIMIZATION_LEVEL = 0;
				GCC_PREPROCESSOR_DEFINITIONS = (
					"DEBUG=1",
					"$(inherited)",
				);
				GCC_SYMBOLS_PRIVATE_EXTERN = NO;
				GCC_VERSION = com.apple.compilers.llvm.gcc47;
				GCC_WARN_64_TO_32_BIT_CONVERSION = NO;
				GCC_WARN_ABOUT_RETURN_TYPE = YES;
				GCC_WARN_UNINITIALIZED_AUTOS = YES;
				GCC_WARN_UNUSED_VARIABLE = YES;
				MACOSX_DEPLOYMENT_TARGET = 10.9;
				ONLY_ACTIVE_ARCH = YES;
				SDKROOT = macosx;
			};
			name = Debug;
		};
		F763ED0F1548FFC70069DA61 /* Release */ = {
			isa = XCBuildConfiguration;
			buildSettings = {
				ALWAYS_SEARCH_USER_PATHS = NO;
				COPY_PHASE_STRIP = YES;
				DEBUG_INFORMATION_FORMAT = "dwarf-with-dsym";
				GCC_C_LANGUAGE_STANDARD = gnu99;
				GCC_ENABLE_OBJC_EXCEPTIONS = YES;
				GCC_VERSION = com.apple.compilers.llvm.gcc47;
				GCC_WARN_64_TO_32_BIT_CONVERSION = NO;
				GCC_WARN_ABOUT_RETURN_TYPE = YES;
				GCC_WARN_UNINITIALIZED_AUTOS = YES;
				GCC_WARN_UNUSED_VARIABLE = YES;
				MACOSX_DEPLOYMENT_TARGET = 10.9;
				SDKROOT = macosx;
			};
			name = Release;
		};
		F763ED111548FFC70069DA61 /* Debug */ = {
			isa = XCBuildConfiguration;
			buildSettings = {
				CLANG_CXX_LANGUAGE_STANDARD = "c++0x";
				CLANG_CXX_LIBRARY = "libc++";
				GCC_C_LANGUAGE_STANDARD = "compiler-default";
				GCC_VERSION = "";
				GCC_WARN_64_TO_32_BIT_CONVERSION = NO;
				GCC_WARN_SIGN_COMPARE = NO;
				HEADER_SEARCH_PATHS = /usr/local/include;
				LIBRARY_SEARCH_PATHS = /usr/local/lib;
				OTHER_CFLAGS = (
					"-std=c++11",
					"-stdlib=libc++",
				);
				OTHER_CPLUSPLUSFLAGS = "";
				OTHER_LDFLAGS = (
					"-lboost_system",
					"-lgsl",
				);
				PRODUCT_NAME = "$(TARGET_NAME)";
				USER_HEADER_SEARCH_PATHS = "";
			};
			name = Debug;
		};
		F763ED121548FFC70069DA61 /* Release */ = {
			isa = XCBuildConfiguration;
			buildSettings = {
				CLANG_CXX_LANGUAGE_STANDARD = "c++0x";
				CLANG_CXX_LIBRARY = "libc++";
				GCC_C_LANGUAGE_STANDARD = "compiler-default";
				GCC_OPTIMIZATION_LEVEL = 3;
				GCC_VERSION = "";
				GCC_WARN_64_TO_32_BIT_CONVERSION = NO;
				GCC_WARN_SIGN_COMPARE = NO;
				HEADER_SEARCH_PATHS = /usr/local/include;
				LIBRARY_SEARCH_PATHS = /usr/local/lib;
				OTHER_CFLAGS = (
					"-std=c++11",
					"-stdlib=libc++",
				);
				OTHER_CPLUSPLUSFLAGS = "";
				OTHER_LDFLAGS = (
					"-lboost_system",
					"-lgsl",
				);
				PRODUCT_NAME = "$(TARGET_NAME)";
				USER_HEADER_SEARCH_PATHS = "";
			};
			name = Release;
		};
		F771ADBD15655CD70010B123 /* Debug */ = {
			isa = XCBuildConfiguration;
			buildSettings = {
				CLANG_CXX_LANGUAGE_STANDARD = "c++0x";
				CLANG_CXX_LIBRARY = "libc++";
				EXECUTABLE_PREFIX = lib;
				GCC_VERSION = "";
				GCC_WARN_64_TO_32_BIT_CONVERSION = NO;
				HEADER_SEARCH_PATHS = /usr/local/include;
				LIBRARY_SEARCH_PATHS = /usr/local/lib;
				OTHER_CFLAGS = (
					"-std=c++11",
					"-lgsl",
				);
				OTHER_LDFLAGS = (
					"-lboost_system",
					"-lgsl",
				);
				PRODUCT_NAME = "$(TARGET_NAME)";
			};
			name = Debug;
		};
		F771ADBE15655CD70010B123 /* Release */ = {
			isa = XCBuildConfiguration;
			buildSettings = {
				CLANG_CXX_LANGUAGE_STANDARD = "c++0x";
				CLANG_CXX_LIBRARY = "libc++";
				EXECUTABLE_PREFIX = lib;
				GCC_VERSION = "";
				GCC_WARN_64_TO_32_BIT_CONVERSION = NO;
				HEADER_SEARCH_PATHS = /usr/local/include;
				LIBRARY_SEARCH_PATHS = /usr/local/lib;
				OTHER_CFLAGS = (
					"-std=c++11",
					"-lgsl",
				);
				OTHER_LDFLAGS = (
					"-lboost_system",
					"-lgsl",
				);
				PRODUCT_NAME = "$(TARGET_NAME)";
			};
			name = Release;
		};
		F7954C50197D98BE00074A12 /* Debug */ = {
			isa = XCBuildConfiguration;
			buildSettings = {
				CLANG_CXX_LANGUAGE_STANDARD = "c++0x";
				CLANG_CXX_LIBRARY = "libc++";
				CLANG_ENABLE_MODULES = YES;
				CLANG_ENABLE_OBJC_ARC = YES;
				CLANG_WARN_BOOL_CONVERSION = YES;
				CLANG_WARN_CONSTANT_CONVERSION = YES;
				CLANG_WARN_DIRECT_OBJC_ISA_USAGE = YES_ERROR;
				CLANG_WARN_EMPTY_BODY = YES;
				CLANG_WARN_ENUM_CONVERSION = YES;
				CLANG_WARN_INT_CONVERSION = YES;
				CLANG_WARN_OBJC_ROOT_CLASS = YES_ERROR;
				CLANG_WARN__DUPLICATE_METHOD_MATCH = YES;
				GCC_PREPROCESSOR_DEFINITIONS = (
					"DEBUG=1",
					"$(inherited)",
				);
				GCC_VERSION = "";
				GCC_WARN_64_TO_32_BIT_CONVERSION = NO;
				GCC_WARN_ABOUT_RETURN_TYPE = YES_ERROR;
				GCC_WARN_UNDECLARED_SELECTOR = YES;
				GCC_WARN_UNINITIALIZED_AUTOS = YES_AGGRESSIVE;
				GCC_WARN_UNUSED_FUNCTION = YES;
				HEADER_SEARCH_PATHS = (
					/usr/local/include,
					"$(inherited)",
				);
				LIBRARY_SEARCH_PATHS = /usr/local/lib;
				OTHER_CPLUSPLUSFLAGS = "$(OTHER_CFLAGS)";
				OTHER_LDFLAGS = (
					"-lgsl",
					"-lboost_system",
				);
				PRODUCT_NAME = "$(TARGET_NAME)";
			};
			name = Debug;
		};
		F7954C51197D98BE00074A12 /* Release */ = {
			isa = XCBuildConfiguration;
			buildSettings = {
				CLANG_CXX_LANGUAGE_STANDARD = "c++0x";
				CLANG_CXX_LIBRARY = "libc++";
				CLANG_ENABLE_MODULES = YES;
				CLANG_ENABLE_OBJC_ARC = YES;
				CLANG_WARN_BOOL_CONVERSION = YES;
				CLANG_WARN_CONSTANT_CONVERSION = YES;
				CLANG_WARN_DIRECT_OBJC_ISA_USAGE = YES_ERROR;
				CLANG_WARN_EMPTY_BODY = YES;
				CLANG_WARN_ENUM_CONVERSION = YES;
				CLANG_WARN_INT_CONVERSION = YES;
				CLANG_WARN_OBJC_ROOT_CLASS = YES_ERROR;
				CLANG_WARN__DUPLICATE_METHOD_MATCH = YES;
				ENABLE_NS_ASSERTIONS = NO;
				GCC_VERSION = "";
				GCC_WARN_64_TO_32_BIT_CONVERSION = NO;
				GCC_WARN_ABOUT_RETURN_TYPE = YES_ERROR;
				GCC_WARN_UNDECLARED_SELECTOR = YES;
				GCC_WARN_UNINITIALIZED_AUTOS = YES_AGGRESSIVE;
				GCC_WARN_UNUSED_FUNCTION = YES;
				HEADER_SEARCH_PATHS = (
					/usr/local/include,
					"$(inherited)",
				);
				LIBRARY_SEARCH_PATHS = /usr/local/lib;
				OTHER_CPLUSPLUSFLAGS = "$(OTHER_CFLAGS)";
				OTHER_LDFLAGS = (
					"-lgsl",
					"-lboost_system",
				);
				PRODUCT_NAME = "$(TARGET_NAME)";
			};
			name = Release;
		};
		F7954C6A197D99BA00074A12 /* Debug */ = {
			isa = XCBuildConfiguration;
			buildSettings = {
				CLANG_CXX_LANGUAGE_STANDARD = "gnu++0x";
				CLANG_CXX_LIBRARY = "libc++";
				CLANG_ENABLE_MODULES = YES;
				CLANG_ENABLE_OBJC_ARC = YES;
				CLANG_WARN_BOOL_CONVERSION = YES;
				CLANG_WARN_CONSTANT_CONVERSION = YES;
				CLANG_WARN_DIRECT_OBJC_ISA_USAGE = YES_ERROR;
				CLANG_WARN_EMPTY_BODY = YES;
				CLANG_WARN_ENUM_CONVERSION = YES;
				CLANG_WARN_INT_CONVERSION = YES;
				CLANG_WARN_OBJC_ROOT_CLASS = YES_ERROR;
				CLANG_WARN__DUPLICATE_METHOD_MATCH = YES;
				GCC_PREPROCESSOR_DEFINITIONS = (
					"DEBUG=1",
					"$(inherited)",
				);
				GCC_VERSION = "";
				GCC_WARN_64_TO_32_BIT_CONVERSION = YES;
				GCC_WARN_ABOUT_RETURN_TYPE = YES_ERROR;
				GCC_WARN_UNDECLARED_SELECTOR = YES;
				GCC_WARN_UNINITIALIZED_AUTOS = YES_AGGRESSIVE;
				GCC_WARN_UNUSED_FUNCTION = YES;
				PRODUCT_NAME = "$(TARGET_NAME)";
			};
			name = Debug;
		};
		F7954C6B197D99BA00074A12 /* Release */ = {
			isa = XCBuildConfiguration;
			buildSettings = {
				CLANG_CXX_LANGUAGE_STANDARD = "gnu++0x";
				CLANG_CXX_LIBRARY = "libc++";
				CLANG_ENABLE_MODULES = YES;
				CLANG_ENABLE_OBJC_ARC = YES;
				CLANG_WARN_BOOL_CONVERSION = YES;
				CLANG_WARN_CONSTANT_CONVERSION = YES;
				CLANG_WARN_DIRECT_OBJC_ISA_USAGE = YES_ERROR;
				CLANG_WARN_EMPTY_BODY = YES;
				CLANG_WARN_ENUM_CONVERSION = YES;
				CLANG_WARN_INT_CONVERSION = YES;
				CLANG_WARN_OBJC_ROOT_CLASS = YES_ERROR;
				CLANG_WARN__DUPLICATE_METHOD_MATCH = YES;
				ENABLE_NS_ASSERTIONS = NO;
				GCC_VERSION = "";
				GCC_WARN_64_TO_32_BIT_CONVERSION = YES;
				GCC_WARN_ABOUT_RETURN_TYPE = YES_ERROR;
				GCC_WARN_UNDECLARED_SELECTOR = YES;
				GCC_WARN_UNINITIALIZED_AUTOS = YES_AGGRESSIVE;
				GCC_WARN_UNUSED_FUNCTION = YES;
				PRODUCT_NAME = "$(TARGET_NAME)";
			};
			name = Release;
		};
		F7A77DAA15ACAC5700076046 /* Debug */ = {
			isa = XCBuildConfiguration;
			buildSettings = {
				GCC_VERSION = com.apple.compilers.llvm.gcc47;
				GCC_WARN_64_TO_32_BIT_CONVERSION = NO;
				GCC_WARN_SIGN_COMPARE = NO;
				HEADER_SEARCH_PATHS = /usr/local/include;
				LIBRARY_SEARCH_PATHS = /usr/local/lib;
				OTHER_CFLAGS = "-std=c++11";
				OTHER_LDFLAGS = "";
				PRODUCT_NAME = example_composite;
				USER_HEADER_SEARCH_PATHS = "~/Dropbox/Codes/CytoSim/CytoSim";
			};
			name = Debug;
		};
		F7A77DAB15ACAC5700076046 /* Release */ = {
			isa = XCBuildConfiguration;
			buildSettings = {
				GCC_VERSION = com.apple.compilers.llvm.gcc47;
				GCC_WARN_64_TO_32_BIT_CONVERSION = NO;
				GCC_WARN_SIGN_COMPARE = NO;
				HEADER_SEARCH_PATHS = /usr/local/include;
				LIBRARY_SEARCH_PATHS = /usr/local/lib;
				OTHER_CFLAGS = "-std=c++11";
				OTHER_LDFLAGS = "";
				PRODUCT_NAME = example_composite;
				USER_HEADER_SEARCH_PATHS = "~/Dropbox/Codes/CytoSim/CytoSim";
			};
			name = Release;
		};
		F7C7A0F115FFBA3D00DF9838 /* Debug */ = {
			isa = XCBuildConfiguration;
			buildSettings = {
				CLANG_CXX_LANGUAGE_STANDARD = "c++0x";
				CLANG_CXX_LIBRARY = "libc++";
				FRAMEWORK_SEARCH_PATHS = /Users/jameskomianos/Code/googletest;
				GCC_VERSION = "";
				GCC_WARN_64_TO_32_BIT_CONVERSION = NO;
				GCC_WARN_SIGN_COMPARE = NO;
				HEADER_SEARCH_PATHS = (
					/Users/jameskomianos/Code/googletest,
					/usr/local/include,
				);
				LIBRARY_SEARCH_PATHS = (
					/Users/jameskomianos/Code/googletest,
					"/usr/local/lib/**",
				);
				OTHER_CFLAGS = (
					"-std=c++11",
					"-lgsl",
				);
				OTHER_LDFLAGS = (
					"-lboost_system",
					"-lgtest",
					"-lgtest_main",
					"-lgsl",
				);
				PRODUCT_NAME = "CytoSim-TestSuite";
				USER_HEADER_SEARCH_PATHS = "";
			};
			name = Debug;
		};
		F7C7A0F215FFBA3D00DF9838 /* Release */ = {
			isa = XCBuildConfiguration;
			buildSettings = {
				CLANG_CXX_LANGUAGE_STANDARD = "c++0x";
				CLANG_CXX_LIBRARY = "libc++";
				FRAMEWORK_SEARCH_PATHS = /Users/jameskomianos/Code/googletest;
				GCC_OPTIMIZATION_LEVEL = 3;
				GCC_VERSION = "";
				GCC_WARN_64_TO_32_BIT_CONVERSION = NO;
				GCC_WARN_SIGN_COMPARE = NO;
				HEADER_SEARCH_PATHS = (
					/Users/jameskomianos/Code/googletest,
					/usr/local/include,
				);
				LIBRARY_SEARCH_PATHS = (
					/Users/jameskomianos/Code/googletest,
					"/usr/local/lib/**",
				);
				OTHER_CFLAGS = (
					"-std=c++11",
					"-lgsl",
				);
				OTHER_LDFLAGS = (
					"-lboost_system",
					"-lgtest",
					"-lgtest_main",
					"-lgsl",
				);
				PRODUCT_NAME = "CytoSim-TestSuite";
				USER_HEADER_SEARCH_PATHS = "";
			};
			name = Release;
		};
		F7E3DB601579A03C002EAF2C /* Debug */ = {
			isa = XCBuildConfiguration;
			buildSettings = {
				GCC_VERSION = com.apple.compilers.llvm.gcc47;
				GCC_WARN_64_TO_32_BIT_CONVERSION = NO;
				GCC_WARN_SIGN_COMPARE = NO;
				HEADER_SEARCH_PATHS = /usr/local/include;
				LIBRARY_SEARCH_PATHS = /usr/local/lib;
				OTHER_CFLAGS = "-std=c++11";
				OTHER_LDFLAGS = "";
				PRODUCT_NAME = example_kostya;
				USER_HEADER_SEARCH_PATHS = "~/Dropbox/Codes/CytoSim/CytoSim";
			};
			name = Debug;
		};
		F7E3DB611579A03C002EAF2C /* Release */ = {
			isa = XCBuildConfiguration;
			buildSettings = {
				GCC_VERSION = com.apple.compilers.llvm.gcc47;
				GCC_WARN_64_TO_32_BIT_CONVERSION = NO;
				GCC_WARN_SIGN_COMPARE = NO;
				HEADER_SEARCH_PATHS = /usr/local/include;
				LIBRARY_SEARCH_PATHS = /usr/local/lib;
				OTHER_CFLAGS = "-std=c++11";
				OTHER_LDFLAGS = "";
				PRODUCT_NAME = example_kostya;
				USER_HEADER_SEARCH_PATHS = "~/Dropbox/Codes/CytoSim/CytoSim";
			};
			name = Release;
		};
/* End XCBuildConfiguration section */

/* Begin XCConfigurationList section */
		F7123D7E15752161008F64D1 /* Build configuration list for PBXNativeTarget "CytoSim-example_misc" */ = {
			isa = XCConfigurationList;
			buildConfigurations = (
				F7123D7F15752161008F64D1 /* Debug */,
				F7123D8015752161008F64D1 /* Release */,
			);
			defaultConfigurationIsVisible = 0;
			defaultConfigurationName = Release;
		};
		F763ED001548FFC70069DA61 /* Build configuration list for PBXProject "Cyto" */ = {
			isa = XCConfigurationList;
			buildConfigurations = (
				F763ED0E1548FFC70069DA61 /* Debug */,
				F763ED0F1548FFC70069DA61 /* Release */,
			);
			defaultConfigurationIsVisible = 0;
			defaultConfigurationName = Release;
		};
		F763ED101548FFC70069DA61 /* Build configuration list for PBXNativeTarget "CytoSim" */ = {
			isa = XCConfigurationList;
			buildConfigurations = (
				F763ED111548FFC70069DA61 /* Debug */,
				F763ED121548FFC70069DA61 /* Release */,
			);
			defaultConfigurationIsVisible = 0;
			defaultConfigurationName = Release;
		};
		F771ADBC15655CD70010B123 /* Build configuration list for PBXNativeTarget "cyto" */ = {
			isa = XCConfigurationList;
			buildConfigurations = (
				F771ADBD15655CD70010B123 /* Debug */,
				F771ADBE15655CD70010B123 /* Release */,
			);
			defaultConfigurationIsVisible = 0;
			defaultConfigurationName = Release;
		};
		F7954C4F197D98BE00074A12 /* Build configuration list for PBXNativeTarget "Cyto" */ = {
			isa = XCConfigurationList;
			buildConfigurations = (
				F7954C50197D98BE00074A12 /* Debug */,
				F7954C51197D98BE00074A12 /* Release */,
			);
			defaultConfigurationIsVisible = 0;
			defaultConfigurationName = Release;
		};
		F7954C69197D99BA00074A12 /* Build configuration list for PBXNativeTarget "CytoMech" */ = {
			isa = XCConfigurationList;
			buildConfigurations = (
				F7954C6A197D99BA00074A12 /* Debug */,
				F7954C6B197D99BA00074A12 /* Release */,
			);
			defaultConfigurationIsVisible = 0;
			defaultConfigurationName = Release;
		};
		F7A77DA915ACAC5700076046 /* Build configuration list for PBXNativeTarget "CytoSim-example_composite" */ = {
			isa = XCConfigurationList;
			buildConfigurations = (
				F7A77DAA15ACAC5700076046 /* Debug */,
				F7A77DAB15ACAC5700076046 /* Release */,
			);
			defaultConfigurationIsVisible = 0;
			defaultConfigurationName = Release;
		};
		F7C7A0F015FFBA3D00DF9838 /* Build configuration list for PBXNativeTarget "CytoSim-TestSuite" */ = {
			isa = XCConfigurationList;
			buildConfigurations = (
				F7C7A0F115FFBA3D00DF9838 /* Debug */,
				F7C7A0F215FFBA3D00DF9838 /* Release */,
			);
			defaultConfigurationIsVisible = 0;
			defaultConfigurationName = Release;
		};
		F7E3DB5F1579A03C002EAF2C /* Build configuration list for PBXNativeTarget "CytoSim-example_kostya" */ = {
			isa = XCConfigurationList;
			buildConfigurations = (
				F7E3DB601579A03C002EAF2C /* Debug */,
				F7E3DB611579A03C002EAF2C /* Release */,
			);
			defaultConfigurationIsVisible = 0;
			defaultConfigurationName = Release;
		};
/* End XCConfigurationList section */
	};
	rootObject = F763ECFD1548FFC70069DA61 /* Project object */;
}
