// !$*UTF8*$!
{
	archiveVersion = 1;
	classes = {
	};
	objectVersion = 46;
	objects = {

/* Begin PBXFileReference section */
		C1BB4F171F2AABFF00981ED2 /* Makefile */ = {isa = PBXFileReference; lastKnownFileType = sourcecode.make; path = Makefile; sourceTree = "<group>"; };
		C1BB4F181F2AABFF00981ED2 /* test_boundaries.cpp */ = {isa = PBXFileReference; lastKnownFileType = sourcecode.cpp.cpp; path = test_boundaries.cpp; sourceTree = "<group>"; };
		C1BB4F191F2AABFF00981ED2 /* test_compartments.cpp */ = {isa = PBXFileReference; lastKnownFileType = sourcecode.cpp.cpp; path = test_compartments.cpp; sourceTree = "<group>"; };
		C1BB4F1A1F2AABFF00981ED2 /* test_composite.cpp */ = {isa = PBXFileReference; lastKnownFileType = sourcecode.cpp.cpp; path = test_composite.cpp; sourceTree = "<group>"; };
		C1BB4F1B1F2AABFF00981ED2 /* test_geometry.cpp */ = {isa = PBXFileReference; lastKnownFileType = sourcecode.cpp.cpp; path = test_geometry.cpp; sourceTree = "<group>"; };
		C1BB4F1C1F2AABFF00981ED2 /* test_gillespie.cpp */ = {isa = PBXFileReference; lastKnownFileType = sourcecode.cpp.cpp; path = test_gillespie.cpp; sourceTree = "<group>"; };
		C1BB4F1D1F2AABFF00981ED2 /* test_gillespie_cross.cpp */ = {isa = PBXFileReference; lastKnownFileType = sourcecode.cpp.cpp; path = test_gillespie_cross.cpp; sourceTree = "<group>"; };
		C1BB4F1E1F2AABFF00981ED2 /* test_nrm.cpp */ = {isa = PBXFileReference; lastKnownFileType = sourcecode.cpp.cpp; path = test_nrm.cpp; sourceTree = "<group>"; };
		C1BB4F1F1F2AABFF00981ED2 /* test_reactions.cpp */ = {isa = PBXFileReference; lastKnownFileType = sourcecode.cpp.cpp; path = test_reactions.cpp; sourceTree = "<group>"; };
		C1BB4F201F2AABFF00981ED2 /* test_simple_gillespie.cpp */ = {isa = PBXFileReference; lastKnownFileType = sourcecode.cpp.cpp; path = test_simple_gillespie.cpp; sourceTree = "<group>"; };
		C1BB4F211F2AABFF00981ED2 /* test_species.cpp */ = {isa = PBXFileReference; lastKnownFileType = sourcecode.cpp.cpp; path = test_species.cpp; sourceTree = "<group>"; };
		C1BB4F221F2AABFF00981ED2 /* TESTS 2.xcodeproj */ = {isa = PBXFileReference; lastKnownFileType = "wrapper.pb-project"; path = "TESTS 2.xcodeproj"; sourceTree = "<group>"; };
		C1BB4F251F2AABFF00981ED2 /* TESTS 3.xcodeproj */ = {isa = PBXFileReference; lastKnownFileType = "wrapper.pb-project"; path = "TESTS 3.xcodeproj"; sourceTree = "<group>"; };
		C1BB4F281F2AABFF00981ED2 /* TESTS 4.xcodeproj */ = {isa = PBXFileReference; lastKnownFileType = "wrapper.pb-project"; path = "TESTS 4.xcodeproj"; sourceTree = "<group>"; };
		C1BB4F2B1F2AABFF00981ED2 /* TESTS 5.xcodeproj */ = {isa = PBXFileReference; lastKnownFileType = "wrapper.pb-project"; path = "TESTS 5.xcodeproj"; sourceTree = "<group>"; };
		C1BB4F2E1F2AABFF00981ED2 /* TESTS 6.xcodeproj */ = {isa = PBXFileReference; lastKnownFileType = "wrapper.pb-project"; path = "TESTS 6.xcodeproj"; sourceTree = "<group>"; };
		C1BB4F311F2AABFF00981ED2 /* TESTS 7.xcodeproj */ = {isa = PBXFileReference; lastKnownFileType = "wrapper.pb-project"; path = "TESTS 7.xcodeproj"; sourceTree = "<group>"; };
		C1BB4F341F2AABFF00981ED2 /* TESTS.xcodeproj */ = {isa = PBXFileReference; lastKnownFileType = "wrapper.pb-project"; path = TESTS.xcodeproj; sourceTree = "<group>"; };
/* End PBXFileReference section */

/* Begin PBXGroup section */
		C1BB4F111F2AABFF00981ED2 = {
			isa = PBXGroup;
			children = (
				C1BB4F171F2AABFF00981ED2 /* Makefile */,
				C1BB4F181F2AABFF00981ED2 /* test_boundaries.cpp */,
				C1BB4F191F2AABFF00981ED2 /* test_compartments.cpp */,
				C1BB4F1A1F2AABFF00981ED2 /* test_composite.cpp */,
				C1BB4F1B1F2AABFF00981ED2 /* test_geometry.cpp */,
				C1BB4F1C1F2AABFF00981ED2 /* test_gillespie.cpp */,
				C1BB4F1D1F2AABFF00981ED2 /* test_gillespie_cross.cpp */,
				C1BB4F1E1F2AABFF00981ED2 /* test_nrm.cpp */,
				C1BB4F1F1F2AABFF00981ED2 /* test_reactions.cpp */,
				C1BB4F201F2AABFF00981ED2 /* test_simple_gillespie.cpp */,
				C1BB4F211F2AABFF00981ED2 /* test_species.cpp */,
				C1BB4F221F2AABFF00981ED2 /* TESTS 2.xcodeproj */,
				C1BB4F251F2AABFF00981ED2 /* TESTS 3.xcodeproj */,
				C1BB4F281F2AABFF00981ED2 /* TESTS 4.xcodeproj */,
				C1BB4F2B1F2AABFF00981ED2 /* TESTS 5.xcodeproj */,
				C1BB4F2E1F2AABFF00981ED2 /* TESTS 6.xcodeproj */,
				C1BB4F311F2AABFF00981ED2 /* TESTS 7.xcodeproj */,
				C1BB4F341F2AABFF00981ED2 /* TESTS.xcodeproj */,
			);
			sourceTree = "<group>";
		};
		C1BB4F231F2AABFF00981ED2 /* Products */ = {
			isa = PBXGroup;
			children = (
			);
			name = Products;
			sourceTree = "<group>";
		};
		C1BB4F261F2AABFF00981ED2 /* Products */ = {
			isa = PBXGroup;
			children = (
			);
			name = Products;
			sourceTree = "<group>";
		};
		C1BB4F291F2AABFF00981ED2 /* Products */ = {
			isa = PBXGroup;
			children = (
			);
			name = Products;
			sourceTree = "<group>";
		};
		C1BB4F2C1F2AABFF00981ED2 /* Products */ = {
			isa = PBXGroup;
			children = (
			);
			name = Products;
			sourceTree = "<group>";
		};
		C1BB4F2F1F2AABFF00981ED2 /* Products */ = {
			isa = PBXGroup;
			children = (
			);
			name = Products;
			sourceTree = "<group>";
		};
		C1BB4F321F2AABFF00981ED2 /* Products */ = {
			isa = PBXGroup;
			children = (
			);
			name = Products;
			sourceTree = "<group>";
		};
		C1BB4F351F2AABFF00981ED2 /* Products */ = {
			isa = PBXGroup;
			children = (
			);
			name = Products;
			sourceTree = "<group>";
		};
/* End PBXGroup section */

/* Begin PBXLegacyTarget section */
		C1BB4F161F2AABFF00981ED2 /* TESTS */ = {
			isa = PBXLegacyTarget;
			buildArgumentsString = "$(ACTION)";
			buildConfigurationList = C1BB4F531F2AABFF00981ED2 /* Build configuration list for PBXLegacyTarget "TESTS" */;
			buildPhases = (
			);
			buildToolPath = /bin/bash;
			buildWorkingDirectory = /Users/csfloyd/Desktop/MEDYANv3.1/src/TESTS;
			dependencies = (
			);
			name = TESTS;
			passBuildSettingsInEnvironment = 1;
			productName = TESTS;
		};
/* End PBXLegacyTarget section */

/* Begin PBXProject section */
		C1BB4F121F2AABFF00981ED2 /* Project object */ = {
			isa = PBXProject;
			attributes = {
			};
			buildConfigurationList = C1BB4F151F2AABFF00981ED2 /* Build configuration list for PBXProject "TESTS 8" */;
			compatibilityVersion = "Xcode 3.2";
			developmentRegion = English;
			hasScannedForEncodings = 0;
			knownRegions = (
				en,
			);
			mainGroup = C1BB4F111F2AABFF00981ED2;
			projectDirPath = "";
			projectReferences = (
				{
					ProductGroup = C1BB4F231F2AABFF00981ED2 /* Products */;
					ProjectRef = C1BB4F221F2AABFF00981ED2 /* TESTS 2.xcodeproj */;
				},
				{
					ProductGroup = C1BB4F261F2AABFF00981ED2 /* Products */;
					ProjectRef = C1BB4F251F2AABFF00981ED2 /* TESTS 3.xcodeproj */;
				},
				{
					ProductGroup = C1BB4F291F2AABFF00981ED2 /* Products */;
					ProjectRef = C1BB4F281F2AABFF00981ED2 /* TESTS 4.xcodeproj */;
				},
				{
					ProductGroup = C1BB4F2C1F2AABFF00981ED2 /* Products */;
					ProjectRef = C1BB4F2B1F2AABFF00981ED2 /* TESTS 5.xcodeproj */;
				},
				{
					ProductGroup = C1BB4F2F1F2AABFF00981ED2 /* Products */;
					ProjectRef = C1BB4F2E1F2AABFF00981ED2 /* TESTS 6.xcodeproj */;
				},
				{
					ProductGroup = C1BB4F321F2AABFF00981ED2 /* Products */;
					ProjectRef = C1BB4F311F2AABFF00981ED2 /* TESTS 7.xcodeproj */;
				},
				{
					ProductGroup = C1BB4F351F2AABFF00981ED2 /* Products */;
					ProjectRef = C1BB4F341F2AABFF00981ED2 /* TESTS.xcodeproj */;
				},
			);
			projectRoot = "";
			targets = (
				C1BB4F161F2AABFF00981ED2 /* TESTS */,
			);
		};
/* End PBXProject section */

/* Begin XCBuildConfiguration section */
		C1BB4F131F2AABFF00981ED2 /* Debug */ = {
			isa = XCBuildConfiguration;
			buildSettings = {
				ARCHS = "$(ARCHS_STANDARD_32_BIT)";
				COPY_PHASE_STRIP = NO;
				GCC_WARN_ABOUT_RETURN_TYPE = YES;
				GCC_WARN_UNUSED_VARIABLE = YES;
				ONLY_ACTIVE_ARCH = YES;
				SDKROOT = macosx10.6;
			};
			name = Debug;
		};
		C1BB4F141F2AABFF00981ED2 /* Release */ = {
			isa = XCBuildConfiguration;
			buildSettings = {
				ARCHS = "$(ARCHS_STANDARD_32_BIT)";
				COPY_PHASE_STRIP = YES;
				GCC_WARN_ABOUT_RETURN_TYPE = YES;
				GCC_WARN_UNUSED_VARIABLE = YES;
				SDKROOT = macosx10.6;
			};
			name = Release;
		};
		C1BB4F541F2AABFF00981ED2 /* Debug */ = {
			isa = XCBuildConfiguration;
			buildSettings = {
				COPY_PHASE_STRIP = NO;
				DEBUGGING_SYMBOLS = YES;
				GCC_DYNAMIC_NO_PIC = NO;
				GCC_ENABLE_FIX_AND_CONTINUE = YES;
				GCC_GENERATE_DEBUGGING_SYMBOLS = YES;
				GCC_OPTIMIZATION_LEVEL = 0;
				OTHER_CFLAGS = "";
				OTHER_LDFLAGS = "";
				PRODUCT_NAME = TESTS;
			};
			name = Debug;
		};
		C1BB4F551F2AABFF00981ED2 /* Release */ = {
			isa = XCBuildConfiguration;
			buildSettings = {
				COPY_PHASE_STRIP = YES;
				DEBUG_INFORMATION_FORMAT = "dwarf-with-dsym";
				GCC_ENABLE_FIX_AND_CONTINUE = NO;
				OTHER_CFLAGS = "";
				OTHER_LDFLAGS = "";
				PRODUCT_NAME = TESTS;
			};
			name = Release;
		};
/* End XCBuildConfiguration section */

/* Begin XCConfigurationList section */
		C1BB4F151F2AABFF00981ED2 /* Build configuration list for PBXProject "TESTS 8" */ = {
			isa = XCConfigurationList;
			buildConfigurations = (
				C1BB4F131F2AABFF00981ED2 /* Debug */,
				C1BB4F141F2AABFF00981ED2 /* Release */,
			);
			defaultConfigurationIsVisible = 0;
			defaultConfigurationName = Release;
		};
		C1BB4F531F2AABFF00981ED2 /* Build configuration list for PBXLegacyTarget "TESTS" */ = {
			isa = XCConfigurationList;
			buildConfigurations = (
				C1BB4F541F2AABFF00981ED2 /* Debug */,
				C1BB4F551F2AABFF00981ED2 /* Release */,
			);
			defaultConfigurationIsVisible = 0;
			defaultConfigurationName = Release;
		};
/* End XCConfigurationList section */
	};
	rootObject = C1BB4F121F2AABFF00981ED2 /* Project object */;
}
