<?xml version="1.0" encoding="UTF-8"?>
<CodeBlocks_project_file>
	<FileVersion major="1" minor="6"/>
	<Project>
		<Option title="simd_dist_moduleV2"/>
		<Option makefile_is_custom="1"/>
		<Option compiler="gcc"/>
		<Option virtualFolders="CMake Files\;"/>
		<Build>
			<Target title="all">
				<Option working_dir="/home/aravind/Research/dist_moduleV2"/>
				<Option type="4"/>
				<MakeCommands>
					<Build command="/usr/bin/make -f &quot;/home/aravind/Research/dist_moduleV2/Makefile&quot;  VERBOSE=1 all"/>
					<CompileFile command="/usr/bin/make -f &quot;/home/aravind/Research/dist_moduleV2/Makefile&quot;  VERBOSE=1 &quot;$file&quot;"/>
					<Clean command="/usr/bin/make -f &quot;/home/aravind/Research/dist_moduleV2/Makefile&quot;  VERBOSE=1 clean"/>
					<DistClean command="/usr/bin/make -f &quot;/home/aravind/Research/dist_moduleV2/Makefile&quot;  VERBOSE=1 clean"/>
				</MakeCommands>
			</Target>
			<Target title="rebuild_cache">
				<Option working_dir="/home/aravind/Research/dist_moduleV2"/>
				<Option type="4"/>
				<MakeCommands>
					<Build command="/usr/bin/make -f &quot;/home/aravind/Research/dist_moduleV2/Makefile&quot;  VERBOSE=1 rebuild_cache"/>
					<CompileFile command="/usr/bin/make -f &quot;/home/aravind/Research/dist_moduleV2/Makefile&quot;  VERBOSE=1 &quot;$file&quot;"/>
					<Clean command="/usr/bin/make -f &quot;/home/aravind/Research/dist_moduleV2/Makefile&quot;  VERBOSE=1 clean"/>
					<DistClean command="/usr/bin/make -f &quot;/home/aravind/Research/dist_moduleV2/Makefile&quot;  VERBOSE=1 clean"/>
				</MakeCommands>
			</Target>
			<Target title="edit_cache">
				<Option working_dir="/home/aravind/Research/dist_moduleV2"/>
				<Option type="4"/>
				<MakeCommands>
					<Build command="/usr/bin/make -f &quot;/home/aravind/Research/dist_moduleV2/Makefile&quot;  VERBOSE=1 edit_cache"/>
					<CompileFile command="/usr/bin/make -f &quot;/home/aravind/Research/dist_moduleV2/Makefile&quot;  VERBOSE=1 &quot;$file&quot;"/>
					<Clean command="/usr/bin/make -f &quot;/home/aravind/Research/dist_moduleV2/Makefile&quot;  VERBOSE=1 clean"/>
					<DistClean command="/usr/bin/make -f &quot;/home/aravind/Research/dist_moduleV2/Makefile&quot;  VERBOSE=1 clean"/>
				</MakeCommands>
			</Target>
			<Target title="simd_dist_moduleV2">
				<Option output="/home/aravind/Research/dist_moduleV2/simd_dist_moduleV2" prefix_auto="0" extension_auto="0"/>
				<Option working_dir="/home/aravind/Research/dist_moduleV2"/>
				<Option object_output="./"/>
				<Option type="1"/>
				<Option compiler="gcc"/>
				<Compiler>
					<Add directory="/home/aravind/Research/dist_moduleV2/umesimd"/>
				</Compiler>
				<MakeCommands>
					<Build command="/usr/bin/make -f &quot;/home/aravind/Research/dist_moduleV2/Makefile&quot;  VERBOSE=1 simd_dist_moduleV2"/>
					<CompileFile command="/usr/bin/make -f &quot;/home/aravind/Research/dist_moduleV2/Makefile&quot;  VERBOSE=1 &quot;$file&quot;"/>
					<Clean command="/usr/bin/make -f &quot;/home/aravind/Research/dist_moduleV2/Makefile&quot;  VERBOSE=1 clean"/>
					<DistClean command="/usr/bin/make -f &quot;/home/aravind/Research/dist_moduleV2/Makefile&quot;  VERBOSE=1 clean"/>
				</MakeCommands>
			</Target>
			<Target title="simd_dist_moduleV2/fast">
				<Option output="/home/aravind/Research/dist_moduleV2/simd_dist_moduleV2" prefix_auto="0" extension_auto="0"/>
				<Option working_dir="/home/aravind/Research/dist_moduleV2"/>
				<Option object_output="./"/>
				<Option type="1"/>
				<Option compiler="gcc"/>
				<Compiler>
					<Add directory="/home/aravind/Research/dist_moduleV2/umesimd"/>
				</Compiler>
				<MakeCommands>
					<Build command="/usr/bin/make -f &quot;/home/aravind/Research/dist_moduleV2/Makefile&quot;  VERBOSE=1 simd_dist_moduleV2/fast"/>
					<CompileFile command="/usr/bin/make -f &quot;/home/aravind/Research/dist_moduleV2/Makefile&quot;  VERBOSE=1 &quot;$file&quot;"/>
					<Clean command="/usr/bin/make -f &quot;/home/aravind/Research/dist_moduleV2/Makefile&quot;  VERBOSE=1 clean"/>
					<DistClean command="/usr/bin/make -f &quot;/home/aravind/Research/dist_moduleV2/Makefile&quot;  VERBOSE=1 clean"/>
				</MakeCommands>
			</Target>
		</Build>
		<Unit filename="/home/aravind/Research/dist_moduleV2/dist_avx.h">
			<Option target="simd_dist_moduleV2"/>
		</Unit>
		<Unit filename="/home/aravind/Research/dist_moduleV2/dist_avx_aux.h">
			<Option target="simd_dist_moduleV2"/>
		</Unit>
		<Unit filename="/home/aravind/Research/dist_moduleV2/dist_avx_par.cpp">
			<Option target="simd_dist_moduleV2"/>
		</Unit>
		<Unit filename="/home/aravind/Research/dist_moduleV2/dist_avx_par.h">
			<Option target="simd_dist_moduleV2"/>
		</Unit>
		<Unit filename="/home/aravind/Research/dist_moduleV2/dist_bench.cpp">
			<Option target="simd_dist_moduleV2"/>
		</Unit>
		<Unit filename="/home/aravind/Research/dist_moduleV2/dist_common.h">
			<Option target="simd_dist_moduleV2"/>
		</Unit>
		<Unit filename="/home/aravind/Research/dist_moduleV2/dist_coords.h">
			<Option target="simd_dist_moduleV2"/>
		</Unit>
		<Unit filename="/home/aravind/Research/dist_moduleV2/dist_driver.h">
			<Option target="simd_dist_moduleV2"/>
		</Unit>
		<Unit filename="/home/aravind/Research/dist_moduleV2/dist_example.cpp">
			<Option target="simd_dist_moduleV2"/>
		</Unit>
		<Unit filename="/home/aravind/Research/dist_moduleV2/dist_main.cpp">
			<Option target="simd_dist_moduleV2"/>
		</Unit>
		<Unit filename="/home/aravind/Research/dist_moduleV2/dist_mod_vars.cpp">
			<Option target="simd_dist_moduleV2"/>
		</Unit>
		<Unit filename="/home/aravind/Research/dist_moduleV2/dist_out.h">
			<Option target="simd_dist_moduleV2"/>
		</Unit>
		<Unit filename="/home/aravind/Research/dist_moduleV2/dist_serial.h">
			<Option target="simd_dist_moduleV2"/>
		</Unit>
		<Unit filename="/home/aravind/Research/dist_moduleV2/dist_simd.h">
			<Option target="simd_dist_moduleV2"/>
		</Unit>
		<Unit filename="/home/aravind/Research/dist_moduleV2/dist_simd_utils.h">
			<Option target="simd_dist_moduleV2"/>
		</Unit>
		<Unit filename="/home/aravind/Research/dist_moduleV2/dist_test.cpp">
			<Option target="simd_dist_moduleV2"/>
		</Unit>
		<Unit filename="/home/aravind/Research/dist_moduleV2/umesimd/UMESimd.h">
			<Option target="simd_dist_moduleV2"/>
		</Unit>
		<Unit filename="/home/aravind/Research/dist_moduleV2/CMakeLists.txt">
			<Option virtualFolder="CMake Files\"/>
		</Unit>
	</Project>
</CodeBlocks_project_file>
